{
  "originHash" : "f70a58d580477f33af4532fa0a923a349c2ca5d01ccb58c9d2cc2e559d585a62",
  "pins" : [
    {
      "identity" : "alerttoast",
      "kind" : "remoteSourceControl",
      "location" : "https://github.com/elai950/AlertToast",
      "state" : {
        "revision" : "b39252eacd159904afd7d718bba0afabb87f2f2f",
        "version" : "1.3.9"
      }
    },
    {
      "identity" : "toastwindow",
      "kind" : "remoteSourceControl",
      "location" : "https://github.com/michael94ellis/ToastWindow",
      "state" : {
        "revision" : "6ca2db6935e10b4c57ae3ea022128a577883cabb",
        "version" : "1.0.1"
      }
    }
  ],
  "version" : 3
}
