// !$*UTF8*$!
{
	archiveVersion = 1;
	classes = {
	};
	objectVersion = 55;
	objects = {

/* Begin PBXBuildFile section */
		2F1F8FA427D3AAEF00648234 /* EventListViewModel.swift in Sources */ = {isa = PBXBuildFile; fileRef = 2F1F8FA327D3AAEF00648234 /* EventListViewModel.swift */; };
		2F1F8FA527D3AAEF00648234 /* EventListViewModel.swift in Sources */ = {isa = PBXBuildFile; fileRef = 2F1F8FA327D3AAEF00648234 /* EventListViewModel.swift */; };
		2F1F8FA827D3D11000648234 /* AlertToast in Frameworks */ = {isa = PBXBuildFile; productRef = 2F1F8FA727D3D11000648234 /* AlertToast */; };
		2F21112D279908450041EE85 /* View-Extension.swift in Sources */ = {isa = PBXBuildFile; fileRef = 2F21112C279908450041EE85 /* View-Extension.swift */; };
		2F21112E279908450041EE85 /* View-Extension.swift in Sources */ = {isa = PBXBuildFile; fileRef = 2F21112C279908450041EE85 /* View-Extension.swift */; };
		2F2111302799B62D0041EE85 /* EventsAndRemindersMainList.swift in Sources */ = {isa = PBXBuildFile; fileRef = 2F21112F2799B62D0041EE85 /* EventsAndRemindersMainList.swift */; };
		2F2111312799B62D0041EE85 /* EventsAndRemindersMainList.swift in Sources */ = {isa = PBXBuildFile; fileRef = 2F21112F2799B62D0041EE85 /* EventsAndRemindersMainList.swift */; };
		2F211134279A4F4E0041EE85 /* AddRecurrenceRule.swift in Sources */ = {isa = PBXBuildFile; fileRef = 2F211133279A4F4E0041EE85 /* AddRecurrenceRule.swift */; };
		2F211135279A4F4E0041EE85 /* AddRecurrenceRule.swift in Sources */ = {isa = PBXBuildFile; fileRef = 2F211133279A4F4E0041EE85 /* AddRecurrenceRule.swift */; };
		2F2343FC27D454BC0064B635 /* CalendarView.swift in Sources */ = {isa = PBXBuildFile; fileRef = 2F2343FB27D454BC0064B635 /* CalendarView.swift */; };
		2F2343FD27D454BC0064B635 /* CalendarView.swift in Sources */ = {isa = PBXBuildFile; fileRef = 2F2343FB27D454BC0064B635 /* CalendarView.swift */; };
		2F24457F27D797C9005BF37D /* EKWeekday-Extension.swift in Sources */ = {isa = PBXBuildFile; fileRef = 2F24457E27D797C9005BF37D /* EKWeekday-Extension.swift */; };
		2F24458027D797C9005BF37D /* EKWeekday-Extension.swift in Sources */ = {isa = PBXBuildFile; fileRef = 2F24457E27D797C9005BF37D /* EKWeekday-Extension.swift */; };
		2F24458227D7F0EB005BF37D /* MultiDateSelectCalendar.swift in Sources */ = {isa = PBXBuildFile; fileRef = 2F24458127D7F0EB005BF37D /* MultiDateSelectCalendar.swift */; };
		2F24458327D7F0EB005BF37D /* MultiDateSelectCalendar.swift in Sources */ = {isa = PBXBuildFile; fileRef = 2F24458127D7F0EB005BF37D /* MultiDateSelectCalendar.swift */; };
		2F24458527D824DF005BF37D /* MultiPicker.swift in Sources */ = {isa = PBXBuildFile; fileRef = 2F24458427D824DF005BF37D /* MultiPicker.swift */; };
		2F24458627D824DF005BF37D /* MultiPicker.swift in Sources */ = {isa = PBXBuildFile; fileRef = 2F24458427D824DF005BF37D /* MultiPicker.swift */; };
		2F24458827D8BDD0005BF37D /* SwipeGesture.swift in Sources */ = {isa = PBXBuildFile; fileRef = 2F24458727D8BDD0005BF37D /* SwipeGesture.swift */; };
		2F24458927D8BDD0005BF37D /* SwipeGesture.swift in Sources */ = {isa = PBXBuildFile; fileRef = 2F24458727D8BDD0005BF37D /* SwipeGesture.swift */; };
		2F24458B27D8BE37005BF37D /* Calendar-Extension.swift in Sources */ = {isa = PBXBuildFile; fileRef = 2F24458A27D8BE37005BF37D /* Calendar-Extension.swift */; };
		2F24458C27D8BE37005BF37D /* Calendar-Extension.swift in Sources */ = {isa = PBXBuildFile; fileRef = 2F24458A27D8BE37005BF37D /* Calendar-Extension.swift */; };
		2F39B85D27823CF600FE72C3 /* Tests_iOS.swift in Sources */ = {isa = PBXBuildFile; fileRef = 2F39B85C27823CF600FE72C3 /* Tests_iOS.swift */; };
		2F39B85F27823CF700FE72C3 /* Tests_iOSLaunchTests.swift in Sources */ = {isa = PBXBuildFile; fileRef = 2F39B85E27823CF700FE72C3 /* Tests_iOSLaunchTests.swift */; };
		2F39B86927823CF700FE72C3 /* Tests_macOS.swift in Sources */ = {isa = PBXBuildFile; fileRef = 2F39B86827823CF700FE72C3 /* Tests_macOS.swift */; };
		2F39B86B27823CF700FE72C3 /* Tests_macOSLaunchTests.swift in Sources */ = {isa = PBXBuildFile; fileRef = 2F39B86A27823CF700FE72C3 /* Tests_macOSLaunchTests.swift */; };
		2F39B86C27823CF700FE72C3 /* TimeDraw.xcdatamodeld in Sources */ = {isa = PBXBuildFile; fileRef = 2F39B84127823CF600FE72C3 /* TimeDraw.xcdatamodeld */; };
		2F39B86D27823CF700FE72C3 /* TimeDraw.xcdatamodeld in Sources */ = {isa = PBXBuildFile; fileRef = 2F39B84127823CF600FE72C3 /* TimeDraw.xcdatamodeld */; };
		2F39B86E27823CF700FE72C3 /* TimeDrawApp.swift in Sources */ = {isa = PBXBuildFile; fileRef = 2F39B84327823CF600FE72C3 /* TimeDrawApp.swift */; };
		2F39B86F27823CF700FE72C3 /* TimeDrawApp.swift in Sources */ = {isa = PBXBuildFile; fileRef = 2F39B84327823CF600FE72C3 /* TimeDrawApp.swift */; };
		2F39B87027823CF700FE72C3 /* MainView.swift in Sources */ = {isa = PBXBuildFile; fileRef = 2F39B84427823CF600FE72C3 /* MainView.swift */; };
		2F39B87127823CF700FE72C3 /* MainView.swift in Sources */ = {isa = PBXBuildFile; fileRef = 2F39B84427823CF600FE72C3 /* MainView.swift */; };
		2F39B87227823CF700FE72C3 /* CoreDataManager.swift in Sources */ = {isa = PBXBuildFile; fileRef = 2F39B84527823CF600FE72C3 /* CoreDataManager.swift */; };
		2F39B87327823CF700FE72C3 /* CoreDataManager.swift in Sources */ = {isa = PBXBuildFile; fileRef = 2F39B84527823CF600FE72C3 /* CoreDataManager.swift */; };
		2F39B87427823CF700FE72C3 /* Assets.xcassets in Resources */ = {isa = PBXBuildFile; fileRef = 2F39B84627823CF600FE72C3 /* Assets.xcassets */; };
		2F39B87527823CF700FE72C3 /* Assets.xcassets in Resources */ = {isa = PBXBuildFile; fileRef = 2F39B84627823CF600FE72C3 /* Assets.xcassets */; };
		2F39B88627823E1400FE72C3 /* LaunchScreen.storyboard in Resources */ = {isa = PBXBuildFile; fileRef = 2F39B88527823E1400FE72C3 /* LaunchScreen.storyboard */; };
		2F39B88727823E1400FE72C3 /* LaunchScreen.storyboard in Resources */ = {isa = PBXBuildFile; fileRef = 2F39B88527823E1400FE72C3 /* LaunchScreen.storyboard */; };
		2F39B889278241B500FE72C3 /* Colors.swift in Sources */ = {isa = PBXBuildFile; fileRef = 2F39B888278241B500FE72C3 /* Colors.swift */; };
		2F39B88A278241B500FE72C3 /* Colors.swift in Sources */ = {isa = PBXBuildFile; fileRef = 2F39B888278241B500FE72C3 /* Colors.swift */; };
		2F42C59427848DF700F0BEB2 /* Date-Extension.swift in Sources */ = {isa = PBXBuildFile; fileRef = 2F42C59327848DF700F0BEB2 /* Date-Extension.swift */; };
		2F42C59527848DF700F0BEB2 /* Date-Extension.swift in Sources */ = {isa = PBXBuildFile; fileRef = 2F42C59327848DF700F0BEB2 /* Date-Extension.swift */; };
		2F42C5972784A87100F0BEB2 /* PopoverLink.swift in Sources */ = {isa = PBXBuildFile; fileRef = 2F42C5962784A87100F0BEB2 /* PopoverLink.swift */; };
		2F42C5982784A87100F0BEB2 /* PopoverLink.swift in Sources */ = {isa = PBXBuildFile; fileRef = 2F42C5962784A87100F0BEB2 /* PopoverLink.swift */; };
		2F42C59D2784E3DE00F0BEB2 /* EventKitManager.swift in Sources */ = {isa = PBXBuildFile; fileRef = 2F42C59C2784E3DE00F0BEB2 /* EventKitManager.swift */; };
		2F42C59E2784E3DE00F0BEB2 /* EventKitManager.swift in Sources */ = {isa = PBXBuildFile; fileRef = 2F42C59C2784E3DE00F0BEB2 /* EventKitManager.swift */; };
		2F42C5A32784E6E000F0BEB2 /* EKEventStore-Extension.swift in Sources */ = {isa = PBXBuildFile; fileRef = 2F42C5A22784E6E000F0BEB2 /* EKEventStore-Extension.swift */; };
		2F42C5A42784E6E000F0BEB2 /* EKEventStore-Extension.swift in Sources */ = {isa = PBXBuildFile; fileRef = 2F42C5A22784E6E000F0BEB2 /* EKEventStore-Extension.swift */; };
		2F42C5A62784E6FC00F0BEB2 /* EventError.swift in Sources */ = {isa = PBXBuildFile; fileRef = 2F42C5A52784E6FC00F0BEB2 /* EventError.swift */; };
		2F42C5A72784E6FC00F0BEB2 /* EventError.swift in Sources */ = {isa = PBXBuildFile; fileRef = 2F42C5A52784E6FC00F0BEB2 /* EventError.swift */; };
		2F542010279B4AE90046696B /* ModifyCalendarItemViewModel.swift in Sources */ = {isa = PBXBuildFile; fileRef = 2F54200F279B4AE90046696B /* ModifyCalendarItemViewModel.swift */; };
		2F542011279B4AE90046696B /* ModifyCalendarItemViewModel.swift in Sources */ = {isa = PBXBuildFile; fileRef = 2F54200F279B4AE90046696B /* ModifyCalendarItemViewModel.swift */; };
		2F65050027879FED00AF90F7 /* SwiftBarButtonItem.swift in Sources */ = {isa = PBXBuildFile; fileRef = 2F6504FF27879FED00AF90F7 /* SwiftBarButtonItem.swift */; };
		2F65050127879FED00AF90F7 /* SwiftBarButtonItem.swift in Sources */ = {isa = PBXBuildFile; fileRef = 2F6504FF27879FED00AF90F7 /* SwiftBarButtonItem.swift */; };
		2F6505032787A09900AF90F7 /* MainHeader.swift in Sources */ = {isa = PBXBuildFile; fileRef = 2F6505022787A09900AF90F7 /* MainHeader.swift */; };
		2F6505042787A09900AF90F7 /* MainHeader.swift in Sources */ = {isa = PBXBuildFile; fileRef = 2F6505022787A09900AF90F7 /* MainHeader.swift */; };
		2F6505062787DA3C00AF90F7 /* FloatingEventInput.swift in Sources */ = {isa = PBXBuildFile; fileRef = 2F6505052787DA3C00AF90F7 /* FloatingEventInput.swift */; };
		2F6505072787DA3C00AF90F7 /* FloatingEventInput.swift in Sources */ = {isa = PBXBuildFile; fileRef = 2F6505052787DA3C00AF90F7 /* FloatingEventInput.swift */; };
		2F6505092787F87A00AF90F7 /* SettingsView.swift in Sources */ = {isa = PBXBuildFile; fileRef = 2F6505082787F87A00AF90F7 /* SettingsView.swift */; };
		2F65050A2787F87A00AF90F7 /* SettingsView.swift in Sources */ = {isa = PBXBuildFile; fileRef = 2F6505082787F87A00AF90F7 /* SettingsView.swift */; };
		2F6505142791370D00AF90F7 /* Inter-SemiBold.ttf in Resources */ = {isa = PBXBuildFile; fileRef = 2F65050B2791370C00AF90F7 /* Inter-SemiBold.ttf */; };
		2F6505152791370D00AF90F7 /* Inter-SemiBold.ttf in Resources */ = {isa = PBXBuildFile; fileRef = 2F65050B2791370C00AF90F7 /* Inter-SemiBold.ttf */; };
		2F6505162791370D00AF90F7 /* Inter-Thin.ttf in Resources */ = {isa = PBXBuildFile; fileRef = 2F65050C2791370C00AF90F7 /* Inter-Thin.ttf */; };
		2F6505172791370D00AF90F7 /* Inter-Thin.ttf in Resources */ = {isa = PBXBuildFile; fileRef = 2F65050C2791370C00AF90F7 /* Inter-Thin.ttf */; };
		2F6505182791370D00AF90F7 /* Inter-Medium.ttf in Resources */ = {isa = PBXBuildFile; fileRef = 2F65050D2791370C00AF90F7 /* Inter-Medium.ttf */; };
		2F6505192791370D00AF90F7 /* Inter-Medium.ttf in Resources */ = {isa = PBXBuildFile; fileRef = 2F65050D2791370C00AF90F7 /* Inter-Medium.ttf */; };
		2F65051A2791370D00AF90F7 /* Inter-ExtraLight.ttf in Resources */ = {isa = PBXBuildFile; fileRef = 2F65050E2791370C00AF90F7 /* Inter-ExtraLight.ttf */; };
		2F65051B2791370D00AF90F7 /* Inter-ExtraLight.ttf in Resources */ = {isa = PBXBuildFile; fileRef = 2F65050E2791370C00AF90F7 /* Inter-ExtraLight.ttf */; };
		2F65051C2791370D00AF90F7 /* Inter-Regular.ttf in Resources */ = {isa = PBXBuildFile; fileRef = 2F65050F2791370C00AF90F7 /* Inter-Regular.ttf */; };
		2F65051D2791370D00AF90F7 /* Inter-Regular.ttf in Resources */ = {isa = PBXBuildFile; fileRef = 2F65050F2791370C00AF90F7 /* Inter-Regular.ttf */; };
		2F65051E2791370D00AF90F7 /* Inter-Light.ttf in Resources */ = {isa = PBXBuildFile; fileRef = 2F6505102791370C00AF90F7 /* Inter-Light.ttf */; };
		2F65051F2791370D00AF90F7 /* Inter-Light.ttf in Resources */ = {isa = PBXBuildFile; fileRef = 2F6505102791370C00AF90F7 /* Inter-Light.ttf */; };
		2F6505202791370D00AF90F7 /* Inter-ExtraBold.ttf in Resources */ = {isa = PBXBuildFile; fileRef = 2F6505112791370C00AF90F7 /* Inter-ExtraBold.ttf */; };
		2F6505212791370D00AF90F7 /* Inter-ExtraBold.ttf in Resources */ = {isa = PBXBuildFile; fileRef = 2F6505112791370C00AF90F7 /* Inter-ExtraBold.ttf */; };
		2F6505222791370D00AF90F7 /* Inter-Black.ttf in Resources */ = {isa = PBXBuildFile; fileRef = 2F6505122791370D00AF90F7 /* Inter-Black.ttf */; };
		2F6505232791370D00AF90F7 /* Inter-Black.ttf in Resources */ = {isa = PBXBuildFile; fileRef = 2F6505122791370D00AF90F7 /* Inter-Black.ttf */; };
		2F6505242791370D00AF90F7 /* Inter-Bold.ttf in Resources */ = {isa = PBXBuildFile; fileRef = 2F6505132791370D00AF90F7 /* Inter-Bold.ttf */; };
		2F6505252791370D00AF90F7 /* Inter-Bold.ttf in Resources */ = {isa = PBXBuildFile; fileRef = 2F6505132791370D00AF90F7 /* Inter-Bold.ttf */; };
		2F6505292791384500AF90F7 /* Inter-Font.swift in Sources */ = {isa = PBXBuildFile; fileRef = 2F6505282791384500AF90F7 /* Inter-Font.swift */; };
		2F65052A2791384500AF90F7 /* Inter-Font.swift in Sources */ = {isa = PBXBuildFile; fileRef = 2F6505282791384500AF90F7 /* Inter-Font.swift */; };
		2F81230C2797B59500458B1A /* AddEventDateTimePicker.swift in Sources */ = {isa = PBXBuildFile; fileRef = 2F81230B2797B59500458B1A /* AddEventDateTimePicker.swift */; };
		2F81230D2797B59500458B1A /* AddEventDateTimePicker.swift in Sources */ = {isa = PBXBuildFile; fileRef = 2F81230B2797B59500458B1A /* AddEventDateTimePicker.swift */; };
		2F81230F2798957C00458B1A /* DateTimePickerInputView.swift in Sources */ = {isa = PBXBuildFile; fileRef = 2F81230E2798957C00458B1A /* DateTimePickerInputView.swift */; };
		2F8123102798957C00458B1A /* DateTimePickerInputView.swift in Sources */ = {isa = PBXBuildFile; fileRef = 2F81230E2798957C00458B1A /* DateTimePickerInputView.swift */; };
		2F8AB2FD279BB4F000654FEF /* DateTimePickerTextField.swift in Sources */ = {isa = PBXBuildFile; fileRef = 2F8AB2FC279BB4F000654FEF /* DateTimePickerTextField.swift */; };
		2F8AB2FE279BB4F000654FEF /* DateTimePickerTextField.swift in Sources */ = {isa = PBXBuildFile; fileRef = 2F8AB2FC279BB4F000654FEF /* DateTimePickerTextField.swift */; };
		2F8AB303279D140E00654FEF /* PopoverButton.swift in Sources */ = {isa = PBXBuildFile; fileRef = 2F8AB302279D140E00654FEF /* PopoverButton.swift */; };
		2F8AB304279D140E00654FEF /* PopoverButton.swift in Sources */ = {isa = PBXBuildFile; fileRef = 2F8AB302279D140E00654FEF /* PopoverButton.swift */; };
		2F8AB30727A1025100654FEF /* UIPickerTextField.swift in Sources */ = {isa = PBXBuildFile; fileRef = 2F8AB30627A1025100654FEF /* UIPickerTextField.swift */; };
		2F8AB30827A1025100654FEF /* UIPickerTextField.swift in Sources */ = {isa = PBXBuildFile; fileRef = 2F8AB30627A1025100654FEF /* UIPickerTextField.swift */; };
		2F8AB30A27A1026500654FEF /* PickerField.swift in Sources */ = {isa = PBXBuildFile; fileRef = 2F8AB30927A1026500654FEF /* PickerField.swift */; };
		2F8AB30B27A1026500654FEF /* PickerField.swift in Sources */ = {isa = PBXBuildFile; fileRef = 2F8AB30927A1026500654FEF /* PickerField.swift */; };
		2F8AB30D27A220E400654FEF /* DateAndTimePickers.swift in Sources */ = {isa = PBXBuildFile; fileRef = 2F8AB30C27A220E400654FEF /* DateAndTimePickers.swift */; };
		2F8AB30E27A220E400654FEF /* DateAndTimePickers.swift in Sources */ = {isa = PBXBuildFile; fileRef = 2F8AB30C27A220E400654FEF /* DateAndTimePickers.swift */; };
		2F8AB31027A229DA00654FEF /* Utils.swift in Sources */ = {isa = PBXBuildFile; fileRef = 2F8AB30F27A229DA00654FEF /* Utils.swift */; };
		2F8AB31127A229DA00654FEF /* Utils.swift in Sources */ = {isa = PBXBuildFile; fileRef = 2F8AB30F27A229DA00654FEF /* Utils.swift */; };
		2FC6C7B52786434600D75568 /* MultiLineTextField.swift in Sources */ = {isa = PBXBuildFile; fileRef = 2FC6C7B42786434600D75568 /* MultiLineTextField.swift */; };
		2FC6C7B62786434600D75568 /* MultiLineTextField.swift in Sources */ = {isa = PBXBuildFile; fileRef = 2FC6C7B42786434600D75568 /* MultiLineTextField.swift */; };
		2FC6C7B82786A26900D75568 /* DailyGoalTextField.swift in Sources */ = {isa = PBXBuildFile; fileRef = 2FC6C7B72786A26900D75568 /* DailyGoalTextField.swift */; };
		2FC6C7B92786A26900D75568 /* DailyGoalTextField.swift in Sources */ = {isa = PBXBuildFile; fileRef = 2FC6C7B72786A26900D75568 /* DailyGoalTextField.swift */; };
/* End PBXBuildFile section */

/* Begin PBXContainerItemProxy section */
		2F39B85927823CF600FE72C3 /* PBXContainerItemProxy */ = {
			isa = PBXContainerItemProxy;
			containerPortal = 2F39B83C27823CF600FE72C3 /* Project object */;
			proxyType = 1;
			remoteGlobalIDString = 2F39B84A27823CF600FE72C3;
			remoteInfo = "TimeDraw (iOS)";
		};
		2F39B86527823CF700FE72C3 /* PBXContainerItemProxy */ = {
			isa = PBXContainerItemProxy;
			containerPortal = 2F39B83C27823CF600FE72C3 /* Project object */;
			proxyType = 1;
			remoteGlobalIDString = 2F39B85027823CF600FE72C3;
			remoteInfo = "TimeDraw (macOS)";
		};
/* End PBXContainerItemProxy section */

/* Begin PBXFileReference section */
		2F1F8FA327D3AAEF00648234 /* EventListViewModel.swift */ = {isa = PBXFileReference; lastKnownFileType = sourcecode.swift; path = EventListViewModel.swift; sourceTree = "<group>"; };
		2F21112C279908450041EE85 /* View-Extension.swift */ = {isa = PBXFileReference; lastKnownFileType = sourcecode.swift; path = "View-Extension.swift"; sourceTree = "<group>"; };
		2F21112F2799B62D0041EE85 /* EventsAndRemindersMainList.swift */ = {isa = PBXFileReference; lastKnownFileType = sourcecode.swift; path = EventsAndRemindersMainList.swift; sourceTree = "<group>"; };
		2F211133279A4F4E0041EE85 /* AddRecurrenceRule.swift */ = {isa = PBXFileReference; lastKnownFileType = sourcecode.swift; path = AddRecurrenceRule.swift; sourceTree = "<group>"; };
		2F2343FB27D454BC0064B635 /* CalendarView.swift */ = {isa = PBXFileReference; lastKnownFileType = sourcecode.swift; path = CalendarView.swift; sourceTree = "<group>"; };
		2F24457E27D797C9005BF37D /* EKWeekday-Extension.swift */ = {isa = PBXFileReference; lastKnownFileType = sourcecode.swift; path = "EKWeekday-Extension.swift"; sourceTree = "<group>"; };
		2F24458127D7F0EB005BF37D /* MultiDateSelectCalendar.swift */ = {isa = PBXFileReference; lastKnownFileType = sourcecode.swift; path = MultiDateSelectCalendar.swift; sourceTree = "<group>"; };
		2F24458427D824DF005BF37D /* MultiPicker.swift */ = {isa = PBXFileReference; lastKnownFileType = sourcecode.swift; path = MultiPicker.swift; sourceTree = "<group>"; };
		2F24458727D8BDD0005BF37D /* SwipeGesture.swift */ = {isa = PBXFileReference; lastKnownFileType = sourcecode.swift; path = SwipeGesture.swift; sourceTree = "<group>"; };
		2F24458A27D8BE37005BF37D /* Calendar-Extension.swift */ = {isa = PBXFileReference; fileEncoding = 4; lastKnownFileType = sourcecode.swift; path = "Calendar-Extension.swift"; sourceTree = "<group>"; };
		2F39B84227823CF600FE72C3 /* Shared.xcdatamodel */ = {isa = PBXFileReference; lastKnownFileType = wrapper.xcdatamodel; path = Shared.xcdatamodel; sourceTree = "<group>"; };
		2F39B84327823CF600FE72C3 /* TimeDrawApp.swift */ = {isa = PBXFileReference; lastKnownFileType = sourcecode.swift; path = TimeDrawApp.swift; sourceTree = "<group>"; };
		2F39B84427823CF600FE72C3 /* MainView.swift */ = {isa = PBXFileReference; lastKnownFileType = sourcecode.swift; path = MainView.swift; sourceTree = "<group>"; };
		2F39B84527823CF600FE72C3 /* CoreDataManager.swift */ = {isa = PBXFileReference; lastKnownFileType = sourcecode.swift; path = CoreDataManager.swift; sourceTree = "<group>"; };
		2F39B84627823CF600FE72C3 /* Assets.xcassets */ = {isa = PBXFileReference; lastKnownFileType = folder.assetcatalog; path = Assets.xcassets; sourceTree = "<group>"; };
		2F39B84B27823CF600FE72C3 /* TimeDraw.app */ = {isa = PBXFileReference; explicitFileType = wrapper.application; includeInIndex = 0; path = TimeDraw.app; sourceTree = BUILT_PRODUCTS_DIR; };
		2F39B85127823CF600FE72C3 /* TimeDraw.app */ = {isa = PBXFileReference; explicitFileType = wrapper.application; includeInIndex = 0; path = TimeDraw.app; sourceTree = BUILT_PRODUCTS_DIR; };
		2F39B85327823CF600FE72C3 /* macOS.entitlements */ = {isa = PBXFileReference; lastKnownFileType = text.plist.entitlements; path = macOS.entitlements; sourceTree = "<group>"; };
		2F39B85827823CF600FE72C3 /* Tests iOS.xctest */ = {isa = PBXFileReference; explicitFileType = wrapper.cfbundle; includeInIndex = 0; path = "Tests iOS.xctest"; sourceTree = BUILT_PRODUCTS_DIR; };
		2F39B85C27823CF600FE72C3 /* Tests_iOS.swift */ = {isa = PBXFileReference; lastKnownFileType = sourcecode.swift; path = Tests_iOS.swift; sourceTree = "<group>"; };
		2F39B85E27823CF700FE72C3 /* Tests_iOSLaunchTests.swift */ = {isa = PBXFileReference; lastKnownFileType = sourcecode.swift; path = Tests_iOSLaunchTests.swift; sourceTree = "<group>"; };
		2F39B86427823CF700FE72C3 /* Tests macOS.xctest */ = {isa = PBXFileReference; explicitFileType = wrapper.cfbundle; includeInIndex = 0; path = "Tests macOS.xctest"; sourceTree = BUILT_PRODUCTS_DIR; };
		2F39B86827823CF700FE72C3 /* Tests_macOS.swift */ = {isa = PBXFileReference; lastKnownFileType = sourcecode.swift; path = Tests_macOS.swift; sourceTree = "<group>"; };
		2F39B86A27823CF700FE72C3 /* Tests_macOSLaunchTests.swift */ = {isa = PBXFileReference; lastKnownFileType = sourcecode.swift; path = Tests_macOSLaunchTests.swift; sourceTree = "<group>"; };
		2F39B88427823DEC00FE72C3 /* TimeDraw (iOS).entitlements */ = {isa = PBXFileReference; lastKnownFileType = text.plist.entitlements; path = "TimeDraw (iOS).entitlements"; sourceTree = "<group>"; };
		2F39B88527823E1400FE72C3 /* LaunchScreen.storyboard */ = {isa = PBXFileReference; lastKnownFileType = file.storyboard; path = LaunchScreen.storyboard; sourceTree = "<group>"; };
		2F39B888278241B500FE72C3 /* Colors.swift */ = {isa = PBXFileReference; lastKnownFileType = sourcecode.swift; path = Colors.swift; sourceTree = "<group>"; };
		2F42C59327848DF700F0BEB2 /* Date-Extension.swift */ = {isa = PBXFileReference; lastKnownFileType = sourcecode.swift; path = "Date-Extension.swift"; sourceTree = "<group>"; };
		2F42C5962784A87100F0BEB2 /* PopoverLink.swift */ = {isa = PBXFileReference; lastKnownFileType = sourcecode.swift; path = PopoverLink.swift; sourceTree = "<group>"; };
		2F42C59C2784E3DE00F0BEB2 /* EventKitManager.swift */ = {isa = PBXFileReference; lastKnownFileType = sourcecode.swift; path = EventKitManager.swift; sourceTree = "<group>"; };
		2F42C5A22784E6E000F0BEB2 /* EKEventStore-Extension.swift */ = {isa = PBXFileReference; lastKnownFileType = sourcecode.swift; path = "EKEventStore-Extension.swift"; sourceTree = "<group>"; };
		2F42C5A52784E6FC00F0BEB2 /* EventError.swift */ = {isa = PBXFileReference; lastKnownFileType = sourcecode.swift; path = EventError.swift; sourceTree = "<group>"; };
		2F54200F279B4AE90046696B /* ModifyCalendarItemViewModel.swift */ = {isa = PBXFileReference; lastKnownFileType = sourcecode.swift; path = ModifyCalendarItemViewModel.swift; sourceTree = "<group>"; };
		2F6504FF27879FED00AF90F7 /* SwiftBarButtonItem.swift */ = {isa = PBXFileReference; lastKnownFileType = sourcecode.swift; path = SwiftBarButtonItem.swift; sourceTree = "<group>"; };
		2F6505022787A09900AF90F7 /* MainHeader.swift */ = {isa = PBXFileReference; lastKnownFileType = sourcecode.swift; path = MainHeader.swift; sourceTree = "<group>"; };
		2F6505052787DA3C00AF90F7 /* FloatingEventInput.swift */ = {isa = PBXFileReference; lastKnownFileType = sourcecode.swift; path = FloatingEventInput.swift; sourceTree = "<group>"; };
		2F6505082787F87A00AF90F7 /* SettingsView.swift */ = {isa = PBXFileReference; lastKnownFileType = sourcecode.swift; path = SettingsView.swift; sourceTree = "<group>"; };
		2F65050B2791370C00AF90F7 /* Inter-SemiBold.ttf */ = {isa = PBXFileReference; lastKnownFileType = file; path = "Inter-SemiBold.ttf"; sourceTree = "<group>"; };
		2F65050C2791370C00AF90F7 /* Inter-Thin.ttf */ = {isa = PBXFileReference; lastKnownFileType = file; path = "Inter-Thin.ttf"; sourceTree = "<group>"; };
		2F65050D2791370C00AF90F7 /* Inter-Medium.ttf */ = {isa = PBXFileReference; lastKnownFileType = file; path = "Inter-Medium.ttf"; sourceTree = "<group>"; };
		2F65050E2791370C00AF90F7 /* Inter-ExtraLight.ttf */ = {isa = PBXFileReference; lastKnownFileType = file; path = "Inter-ExtraLight.ttf"; sourceTree = "<group>"; };
		2F65050F2791370C00AF90F7 /* Inter-Regular.ttf */ = {isa = PBXFileReference; lastKnownFileType = file; path = "Inter-Regular.ttf"; sourceTree = "<group>"; };
		2F6505102791370C00AF90F7 /* Inter-Light.ttf */ = {isa = PBXFileReference; lastKnownFileType = file; path = "Inter-Light.ttf"; sourceTree = "<group>"; };
		2F6505112791370C00AF90F7 /* Inter-ExtraBold.ttf */ = {isa = PBXFileReference; lastKnownFileType = file; path = "Inter-ExtraBold.ttf"; sourceTree = "<group>"; };
		2F6505122791370D00AF90F7 /* Inter-Black.ttf */ = {isa = PBXFileReference; lastKnownFileType = file; path = "Inter-Black.ttf"; sourceTree = "<group>"; };
		2F6505132791370D00AF90F7 /* Inter-Bold.ttf */ = {isa = PBXFileReference; lastKnownFileType = file; path = "Inter-Bold.ttf"; sourceTree = "<group>"; };
		2F6505272791373800AF90F7 /* TimeDraw--iOS--Info.plist */ = {isa = PBXFileReference; lastKnownFileType = text.plist.xml; path = "TimeDraw--iOS--Info.plist"; sourceTree = "<group>"; };
		2F6505282791384500AF90F7 /* Inter-Font.swift */ = {isa = PBXFileReference; lastKnownFileType = sourcecode.swift; path = "Inter-Font.swift"; sourceTree = "<group>"; };
		2F81230B2797B59500458B1A /* AddEventDateTimePicker.swift */ = {isa = PBXFileReference; lastKnownFileType = sourcecode.swift; path = AddEventDateTimePicker.swift; sourceTree = "<group>"; };
		2F81230E2798957C00458B1A /* DateTimePickerInputView.swift */ = {isa = PBXFileReference; lastKnownFileType = sourcecode.swift; path = DateTimePickerInputView.swift; sourceTree = "<group>"; };
		2F8AB2FC279BB4F000654FEF /* DateTimePickerTextField.swift */ = {isa = PBXFileReference; lastKnownFileType = sourcecode.swift; path = DateTimePickerTextField.swift; sourceTree = "<group>"; };
		2F8AB302279D140E00654FEF /* PopoverButton.swift */ = {isa = PBXFileReference; lastKnownFileType = sourcecode.swift; path = PopoverButton.swift; sourceTree = "<group>"; };
		2F8AB30627A1025100654FEF /* UIPickerTextField.swift */ = {isa = PBXFileReference; lastKnownFileType = sourcecode.swift; path = UIPickerTextField.swift; sourceTree = "<group>"; };
		2F8AB30927A1026500654FEF /* PickerField.swift */ = {isa = PBXFileReference; lastKnownFileType = sourcecode.swift; path = PickerField.swift; sourceTree = "<group>"; };
		2F8AB30C27A220E400654FEF /* DateAndTimePickers.swift */ = {isa = PBXFileReference; lastKnownFileType = sourcecode.swift; path = DateAndTimePickers.swift; sourceTree = "<group>"; };
		2F8AB30F27A229DA00654FEF /* Utils.swift */ = {isa = PBXFileReference; lastKnownFileType = sourcecode.swift; path = Utils.swift; sourceTree = "<group>"; };
		2FC6C7B42786434600D75568 /* MultiLineTextField.swift */ = {isa = PBXFileReference; lastKnownFileType = sourcecode.swift; path = MultiLineTextField.swift; sourceTree = "<group>"; };
		2FC6C7B72786A26900D75568 /* DailyGoalTextField.swift */ = {isa = PBXFileReference; lastKnownFileType = sourcecode.swift; path = DailyGoalTextField.swift; sourceTree = "<group>"; };
/* End PBXFileReference section */

/* Begin PBXFrameworksBuildPhase section */
		2F39B84827823CF600FE72C3 /* Frameworks */ = {
			isa = PBXFrameworksBuildPhase;
			buildActionMask = 2147483647;
			files = (
				2F1F8FA827D3D11000648234 /* AlertToast in Frameworks */,
			);
			runOnlyForDeploymentPostprocessing = 0;
		};
		2F39B84E27823CF600FE72C3 /* Frameworks */ = {
			isa = PBXFrameworksBuildPhase;
			buildActionMask = 2147483647;
			files = (
			);
			runOnlyForDeploymentPostprocessing = 0;
		};
		2F39B85527823CF600FE72C3 /* Frameworks */ = {
			isa = PBXFrameworksBuildPhase;
			buildActionMask = 2147483647;
			files = (
			);
			runOnlyForDeploymentPostprocessing = 0;
		};
		2F39B86127823CF700FE72C3 /* Frameworks */ = {
			isa = PBXFrameworksBuildPhase;
			buildActionMask = 2147483647;
			files = (
			);
			runOnlyForDeploymentPostprocessing = 0;
		};
/* End PBXFrameworksBuildPhase section */

/* Begin PBXGroup section */
		2F2111322799EE370041EE85 /* FloatingInput */ = {
			isa = PBXGroup;
			children = (
				2F54200F279B4AE90046696B /* ModifyCalendarItemViewModel.swift */,
				2F6505052787DA3C00AF90F7 /* FloatingEventInput.swift */,
				2F81230B2797B59500458B1A /* AddEventDateTimePicker.swift */,
				2F211133279A4F4E0041EE85 /* AddRecurrenceRule.swift */,
				2F24458427D824DF005BF37D /* MultiPicker.swift */,
				2F24458127D7F0EB005BF37D /* MultiDateSelectCalendar.swift */,
				2F8AB30C27A220E400654FEF /* DateAndTimePickers.swift */,
				2F81230E2798957C00458B1A /* DateTimePickerInputView.swift */,
				2F8AB2FC279BB4F000654FEF /* DateTimePickerTextField.swift */,
				2F8AB30927A1026500654FEF /* PickerField.swift */,
				2F8AB30627A1025100654FEF /* UIPickerTextField.swift */,
			);
			path = FloatingInput;
			sourceTree = "<group>";
		};
		2F39B83B27823CF600FE72C3 = {
			isa = PBXGroup;
			children = (
				2F39B88527823E1400FE72C3 /* LaunchScreen.storyboard */,
				2F39B84027823CF600FE72C3 /* Shared */,
				5F654E2C27D3722F00D6F53C /* iOS */,
				2F39B85227823CF600FE72C3 /* macOS */,
				2F39B85B27823CF600FE72C3 /* Tests iOS */,
				2F39B86727823CF700FE72C3 /* Tests macOS */,
				2F39B84C27823CF600FE72C3 /* Products */,
			);
			sourceTree = "<group>";
		};
		2F39B84027823CF600FE72C3 /* Shared */ = {
			isa = PBXGroup;
			children = (
				2F39B84327823CF600FE72C3 /* TimeDrawApp.swift */,
				2F39B84427823CF600FE72C3 /* MainView.swift */,
				2F6505022787A09900AF90F7 /* MainHeader.swift */,
				2F2343FB27D454BC0064B635 /* CalendarView.swift */,
				2F8AB31227A25D9F00654FEF /* SettingsMenu */,
				2F8AB305279EDFD600654FEF /* EventAndRemindersListsAndViews */,
				2F2111322799EE370041EE85 /* FloatingInput */,
				2F6504FE27879B8900AF90F7 /* DailyGoal */,
				2F42C5A82784E70C00F0BEB2 /* EventKit */,
				2F42C5AD2784E74000F0BEB2 /* Model */,
				2F42C5A92784E71500F0BEB2 /* Utils */,
				2F39B84627823CF600FE72C3 /* Assets.xcassets */,
				2F6505262791371400AF90F7 /* Fonts */,
			);
			path = Shared;
			sourceTree = "<group>";
		};
		2F39B84C27823CF600FE72C3 /* Products */ = {
			isa = PBXGroup;
			children = (
				2F39B84B27823CF600FE72C3 /* TimeDraw.app */,
				2F39B85127823CF600FE72C3 /* TimeDraw.app */,
				2F39B85827823CF600FE72C3 /* Tests iOS.xctest */,
				2F39B86427823CF700FE72C3 /* Tests macOS.xctest */,
			);
			name = Products;
			sourceTree = "<group>";
		};
		2F39B85227823CF600FE72C3 /* macOS */ = {
			isa = PBXGroup;
			children = (
				2F39B85327823CF600FE72C3 /* macOS.entitlements */,
			);
			path = macOS;
			sourceTree = "<group>";
		};
		2F39B85B27823CF600FE72C3 /* Tests iOS */ = {
			isa = PBXGroup;
			children = (
				2F39B85C27823CF600FE72C3 /* Tests_iOS.swift */,
				2F39B85E27823CF700FE72C3 /* Tests_iOSLaunchTests.swift */,
			);
			path = "Tests iOS";
			sourceTree = "<group>";
		};
		2F39B86727823CF700FE72C3 /* Tests macOS */ = {
			isa = PBXGroup;
			children = (
				2F39B86827823CF700FE72C3 /* Tests_macOS.swift */,
				2F39B86A27823CF700FE72C3 /* Tests_macOSLaunchTests.swift */,
			);
			path = "Tests macOS";
			sourceTree = "<group>";
		};
		2F42C5A82784E70C00F0BEB2 /* EventKit */ = {
			isa = PBXGroup;
			children = (
				2F24458A27D8BE37005BF37D /* Calendar-Extension.swift */,
				2F42C59C2784E3DE00F0BEB2 /* EventKitManager.swift */,
				2F42C5A52784E6FC00F0BEB2 /* EventError.swift */,
				2F42C5A22784E6E000F0BEB2 /* EKEventStore-Extension.swift */,
			);
			path = EventKit;
			sourceTree = "<group>";
		};
		2F42C5A92784E71500F0BEB2 /* Utils */ = {
			isa = PBXGroup;
			children = (
				2F24458727D8BDD0005BF37D /* SwipeGesture.swift */,
				2F39B888278241B500FE72C3 /* Colors.swift */,
				2F6504FF27879FED00AF90F7 /* SwiftBarButtonItem.swift */,
				2F8AB302279D140E00654FEF /* PopoverButton.swift */,
				2F24457E27D797C9005BF37D /* EKWeekday-Extension.swift */,
				2F42C59327848DF700F0BEB2 /* Date-Extension.swift */,
				2F8AB30F27A229DA00654FEF /* Utils.swift */,
				2F21112C279908450041EE85 /* View-Extension.swift */,
			);
			path = Utils;
			sourceTree = "<group>";
		};
		2F42C5AD2784E74000F0BEB2 /* Model */ = {
			isa = PBXGroup;
			children = (
				2F39B84127823CF600FE72C3 /* TimeDraw.xcdatamodeld */,
				2F39B84527823CF600FE72C3 /* CoreDataManager.swift */,
			);
			path = Model;
			sourceTree = "<group>";
		};
		2F6504FE27879B8900AF90F7 /* DailyGoal */ = {
			isa = PBXGroup;
			children = (
				2FC6C7B42786434600D75568 /* MultiLineTextField.swift */,
				2FC6C7B72786A26900D75568 /* DailyGoalTextField.swift */,
			);
			path = DailyGoal;
			sourceTree = "<group>";
		};
		2F6505262791371400AF90F7 /* Fonts */ = {
			isa = PBXGroup;
			children = (
				2F6505282791384500AF90F7 /* Inter-Font.swift */,
				2F6505122791370D00AF90F7 /* Inter-Black.ttf */,
				2F6505132791370D00AF90F7 /* Inter-Bold.ttf */,
				2F6505112791370C00AF90F7 /* Inter-ExtraBold.ttf */,
				2F65050F2791370C00AF90F7 /* Inter-Regular.ttf */,
				2F65050B2791370C00AF90F7 /* Inter-SemiBold.ttf */,
				2F65050C2791370C00AF90F7 /* Inter-Thin.ttf */,
				2F65050E2791370C00AF90F7 /* Inter-ExtraLight.ttf */,
				2F6505102791370C00AF90F7 /* Inter-Light.ttf */,
				2F65050D2791370C00AF90F7 /* Inter-Medium.ttf */,
			);
			path = Fonts;
			sourceTree = "<group>";
		};
		2F8AB305279EDFD600654FEF /* EventAndRemindersListsAndViews */ = {
			isa = PBXGroup;
			children = (
				2F21112F2799B62D0041EE85 /* EventsAndRemindersMainList.swift */,
				2F1F8FA327D3AAEF00648234 /* EventListViewModel.swift */,
			);
			path = EventAndRemindersListsAndViews;
			sourceTree = "<group>";
		};
		2F8AB31227A25D9F00654FEF /* SettingsMenu */ = {
			isa = PBXGroup;
			children = (
				2F6505082787F87A00AF90F7 /* SettingsView.swift */,
				2F42C5962784A87100F0BEB2 /* PopoverLink.swift */,
			);
			path = SettingsMenu;
			sourceTree = "<group>";
		};
		5F654E2C27D3722F00D6F53C /* iOS */ = {
			isa = PBXGroup;
			children = (
				2F6505272791373800AF90F7 /* TimeDraw--iOS--Info.plist */,
				2F39B88427823DEC00FE72C3 /* TimeDraw (iOS).entitlements */,
			);
			path = iOS;
			sourceTree = "<group>";
		};
/* End PBXGroup section */

/* Begin PBXNativeTarget section */
		2F39B84A27823CF600FE72C3 /* TimeDraw (iOS) */ = {
			isa = PBXNativeTarget;
			buildConfigurationList = 2F39B87827823CF700FE72C3 /* Build configuration list for PBXNativeTarget "TimeDraw (iOS)" */;
			buildPhases = (
				2F39B84727823CF600FE72C3 /* Sources */,
				2F39B84827823CF600FE72C3 /* Frameworks */,
				2F39B84927823CF600FE72C3 /* Resources */,
			);
			buildRules = (
			);
			dependencies = (
			);
			name = "TimeDraw (iOS)";
			packageProductDependencies = (
				2F1F8FA727D3D11000648234 /* AlertToast */,
			);
			productName = "TimeDraw (iOS)";
			productReference = 2F39B84B27823CF600FE72C3 /* TimeDraw.app */;
			productType = "com.apple.product-type.application";
		};
		2F39B85027823CF600FE72C3 /* TimeDraw (macOS) */ = {
			isa = PBXNativeTarget;
			buildConfigurationList = 2F39B87B27823CF700FE72C3 /* Build configuration list for PBXNativeTarget "TimeDraw (macOS)" */;
			buildPhases = (
				2F39B84D27823CF600FE72C3 /* Sources */,
				2F39B84E27823CF600FE72C3 /* Frameworks */,
				2F39B84F27823CF600FE72C3 /* Resources */,
			);
			buildRules = (
			);
			dependencies = (
			);
			name = "TimeDraw (macOS)";
			productName = "TimeDraw (macOS)";
			productReference = 2F39B85127823CF600FE72C3 /* TimeDraw.app */;
			productType = "com.apple.product-type.application";
		};
		2F39B85727823CF600FE72C3 /* Tests iOS */ = {
			isa = PBXNativeTarget;
			buildConfigurationList = 2F39B87E27823CF700FE72C3 /* Build configuration list for PBXNativeTarget "Tests iOS" */;
			buildPhases = (
				2F39B85427823CF600FE72C3 /* Sources */,
				2F39B85527823CF600FE72C3 /* Frameworks */,
				2F39B85627823CF600FE72C3 /* Resources */,
			);
			buildRules = (
			);
			dependencies = (
				2F39B85A27823CF600FE72C3 /* PBXTargetDependency */,
			);
			name = "Tests iOS";
			productName = "Tests iOS";
			productReference = 2F39B85827823CF600FE72C3 /* Tests iOS.xctest */;
			productType = "com.apple.product-type.bundle.ui-testing";
		};
		2F39B86327823CF700FE72C3 /* Tests macOS */ = {
			isa = PBXNativeTarget;
			buildConfigurationList = 2F39B88127823CF700FE72C3 /* Build configuration list for PBXNativeTarget "Tests macOS" */;
			buildPhases = (
				2F39B86027823CF700FE72C3 /* Sources */,
				2F39B86127823CF700FE72C3 /* Frameworks */,
				2F39B86227823CF700FE72C3 /* Resources */,
			);
			buildRules = (
			);
			dependencies = (
				2F39B86627823CF700FE72C3 /* PBXTargetDependency */,
			);
			name = "Tests macOS";
			productName = "Tests macOS";
			productReference = 2F39B86427823CF700FE72C3 /* Tests macOS.xctest */;
			productType = "com.apple.product-type.bundle.ui-testing";
		};
/* End PBXNativeTarget section */

/* Begin PBXProject section */
		2F39B83C27823CF600FE72C3 /* Project object */ = {
			isa = PBXProject;
			attributes = {
				BuildIndependentTargetsInParallel = 1;
				LastSwiftUpdateCheck = 1320;
				LastUpgradeCheck = 1320;
				TargetAttributes = {
					2F39B84A27823CF600FE72C3 = {
						CreatedOnToolsVersion = 13.2;
					};
					2F39B85027823CF600FE72C3 = {
						CreatedOnToolsVersion = 13.2;
					};
					2F39B85727823CF600FE72C3 = {
						CreatedOnToolsVersion = 13.2;
						TestTargetID = 2F39B84A27823CF600FE72C3;
					};
					2F39B86327823CF700FE72C3 = {
						CreatedOnToolsVersion = 13.2;
						TestTargetID = 2F39B85027823CF600FE72C3;
					};
				};
			};
			buildConfigurationList = 2F39B83F27823CF600FE72C3 /* Build configuration list for PBXProject "TimeDraw" */;
			compatibilityVersion = "Xcode 13.0";
			developmentRegion = en;
			hasScannedForEncodings = 0;
			knownRegions = (
				en,
				Base,
			);
			mainGroup = 2F39B83B27823CF600FE72C3;
			packageReferences = (
				2F1F8FA627D3D11000648234 /* XCRemoteSwiftPackageReference "AlertToast" */,
			);
			productRefGroup = 2F39B84C27823CF600FE72C3 /* Products */;
			projectDirPath = "";
			projectRoot = "";
			targets = (
				2F39B84A27823CF600FE72C3 /* TimeDraw (iOS) */,
				2F39B85027823CF600FE72C3 /* TimeDraw (macOS) */,
				2F39B85727823CF600FE72C3 /* Tests iOS */,
				2F39B86327823CF700FE72C3 /* Tests macOS */,
			);
		};
/* End PBXProject section */

/* Begin PBXResourcesBuildPhase section */
		2F39B84927823CF600FE72C3 /* Resources */ = {
			isa = PBXResourcesBuildPhase;
			buildActionMask = 2147483647;
			files = (
				2F6505162791370D00AF90F7 /* Inter-Thin.ttf in Resources */,
				2F65051A2791370D00AF90F7 /* Inter-ExtraLight.ttf in Resources */,
				2F6505242791370D00AF90F7 /* Inter-Bold.ttf in Resources */,
				2F6505202791370D00AF90F7 /* Inter-ExtraBold.ttf in Resources */,
				2F65051E2791370D00AF90F7 /* Inter-Light.ttf in Resources */,
				2F6505142791370D00AF90F7 /* Inter-SemiBold.ttf in Resources */,
				2F39B87427823CF700FE72C3 /* Assets.xcassets in Resources */,
				2F6505182791370D00AF90F7 /* Inter-Medium.ttf in Resources */,
				2F6505222791370D00AF90F7 /* Inter-Black.ttf in Resources */,
				2F39B88627823E1400FE72C3 /* LaunchScreen.storyboard in Resources */,
				2F65051C2791370D00AF90F7 /* Inter-Regular.ttf in Resources */,
			);
			runOnlyForDeploymentPostprocessing = 0;
		};
		2F39B84F27823CF600FE72C3 /* Resources */ = {
			isa = PBXResourcesBuildPhase;
			buildActionMask = 2147483647;
			files = (
				2F6505172791370D00AF90F7 /* Inter-Thin.ttf in Resources */,
				2F65051B2791370D00AF90F7 /* Inter-ExtraLight.ttf in Resources */,
				2F6505252791370D00AF90F7 /* Inter-Bold.ttf in Resources */,
				2F6505212791370D00AF90F7 /* Inter-ExtraBold.ttf in Resources */,
				2F65051F2791370D00AF90F7 /* Inter-Light.ttf in Resources */,
				2F6505152791370D00AF90F7 /* Inter-SemiBold.ttf in Resources */,
				2F39B87527823CF700FE72C3 /* Assets.xcassets in Resources */,
				2F6505192791370D00AF90F7 /* Inter-Medium.ttf in Resources */,
				2F6505232791370D00AF90F7 /* Inter-Black.ttf in Resources */,
				2F39B88727823E1400FE72C3 /* LaunchScreen.storyboard in Resources */,
				2F65051D2791370D00AF90F7 /* Inter-Regular.ttf in Resources */,
			);
			runOnlyForDeploymentPostprocessing = 0;
		};
		2F39B85627823CF600FE72C3 /* Resources */ = {
			isa = PBXResourcesBuildPhase;
			buildActionMask = 2147483647;
			files = (
			);
			runOnlyForDeploymentPostprocessing = 0;
		};
		2F39B86227823CF700FE72C3 /* Resources */ = {
			isa = PBXResourcesBuildPhase;
			buildActionMask = 2147483647;
			files = (
			);
			runOnlyForDeploymentPostprocessing = 0;
		};
/* End PBXResourcesBuildPhase section */

/* Begin PBXSourcesBuildPhase section */
		2F39B84727823CF600FE72C3 /* Sources */ = {
			isa = PBXSourcesBuildPhase;
			buildActionMask = 2147483647;
			files = (
				2F8AB30D27A220E400654FEF /* DateAndTimePickers.swift in Sources */,
				2F81230C2797B59500458B1A /* AddEventDateTimePicker.swift in Sources */,
				2F39B86E27823CF700FE72C3 /* TimeDrawApp.swift in Sources */,
				2FC6C7B52786434600D75568 /* MultiLineTextField.swift in Sources */,
				2F542010279B4AE90046696B /* ModifyCalendarItemViewModel.swift in Sources */,
				2FC6C7B82786A26900D75568 /* DailyGoalTextField.swift in Sources */,
				2F8AB303279D140E00654FEF /* PopoverButton.swift in Sources */,
				2F8AB30A27A1026500654FEF /* PickerField.swift in Sources */,
				2F21112D279908450041EE85 /* View-Extension.swift in Sources */,
				2F24458227D7F0EB005BF37D /* MultiDateSelectCalendar.swift in Sources */,
				2F8AB2FD279BB4F000654FEF /* DateTimePickerTextField.swift in Sources */,
				2F39B889278241B500FE72C3 /* Colors.swift in Sources */,
				2F8AB30727A1025100654FEF /* UIPickerTextField.swift in Sources */,
				2F6505292791384500AF90F7 /* Inter-Font.swift in Sources */,
				2F6505092787F87A00AF90F7 /* SettingsView.swift in Sources */,
				2F39B87227823CF700FE72C3 /* CoreDataManager.swift in Sources */,
				2F24458827D8BDD0005BF37D /* SwipeGesture.swift in Sources */,
				2F2111302799B62D0041EE85 /* EventsAndRemindersMainList.swift in Sources */,
				2F6505062787DA3C00AF90F7 /* FloatingEventInput.swift in Sources */,
				2F42C59D2784E3DE00F0BEB2 /* EventKitManager.swift in Sources */,
				2F2343FC27D454BC0064B635 /* CalendarView.swift in Sources */,
				2F211134279A4F4E0041EE85 /* AddRecurrenceRule.swift in Sources */,
				2F39B86C27823CF700FE72C3 /* TimeDraw.xcdatamodeld in Sources */,
				2F42C5A32784E6E000F0BEB2 /* EKEventStore-Extension.swift in Sources */,
				2F8AB31027A229DA00654FEF /* Utils.swift in Sources */,
				2F65050027879FED00AF90F7 /* SwiftBarButtonItem.swift in Sources */,
				2F81230F2798957C00458B1A /* DateTimePickerInputView.swift in Sources */,
				2F42C5A62784E6FC00F0BEB2 /* EventError.swift in Sources */,
				2F39B87027823CF700FE72C3 /* MainView.swift in Sources */,
				2F24457F27D797C9005BF37D /* EKWeekday-Extension.swift in Sources */,
				2F24458B27D8BE37005BF37D /* Calendar-Extension.swift in Sources */,
				2F6505032787A09900AF90F7 /* MainHeader.swift in Sources */,
				2F1F8FA427D3AAEF00648234 /* EventListViewModel.swift in Sources */,
				2F42C5972784A87100F0BEB2 /* PopoverLink.swift in Sources */,
				2F24458527D824DF005BF37D /* MultiPicker.swift in Sources */,
				2F42C59427848DF700F0BEB2 /* Date-Extension.swift in Sources */,
			);
			runOnlyForDeploymentPostprocessing = 0;
		};
		2F39B84D27823CF600FE72C3 /* Sources */ = {
			isa = PBXSourcesBuildPhase;
			buildActionMask = 2147483647;
			files = (
				2F8AB30E27A220E400654FEF /* DateAndTimePickers.swift in Sources */,
				2F81230D2797B59500458B1A /* AddEventDateTimePicker.swift in Sources */,
				2F39B86F27823CF700FE72C3 /* TimeDrawApp.swift in Sources */,
				2FC6C7B62786434600D75568 /* MultiLineTextField.swift in Sources */,
				2F542011279B4AE90046696B /* ModifyCalendarItemViewModel.swift in Sources */,
				2FC6C7B92786A26900D75568 /* DailyGoalTextField.swift in Sources */,
				2F8AB304279D140E00654FEF /* PopoverButton.swift in Sources */,
				2F8AB30B27A1026500654FEF /* PickerField.swift in Sources */,
				2F21112E279908450041EE85 /* View-Extension.swift in Sources */,
				2F24458327D7F0EB005BF37D /* MultiDateSelectCalendar.swift in Sources */,
				2F8AB2FE279BB4F000654FEF /* DateTimePickerTextField.swift in Sources */,
				2F39B88A278241B500FE72C3 /* Colors.swift in Sources */,
				2F8AB30827A1025100654FEF /* UIPickerTextField.swift in Sources */,
				2F65052A2791384500AF90F7 /* Inter-Font.swift in Sources */,
				2F65050A2787F87A00AF90F7 /* SettingsView.swift in Sources */,
				2F39B87327823CF700FE72C3 /* CoreDataManager.swift in Sources */,
				2F24458927D8BDD0005BF37D /* SwipeGesture.swift in Sources */,
				2F2111312799B62D0041EE85 /* EventsAndRemindersMainList.swift in Sources */,
				2F6505072787DA3C00AF90F7 /* FloatingEventInput.swift in Sources */,
				2F42C59E2784E3DE00F0BEB2 /* EventKitManager.swift in Sources */,
				2F2343FD27D454BC0064B635 /* CalendarView.swift in Sources */,
				2F211135279A4F4E0041EE85 /* AddRecurrenceRule.swift in Sources */,
				2F39B86D27823CF700FE72C3 /* TimeDraw.xcdatamodeld in Sources */,
				2F42C5A42784E6E000F0BEB2 /* EKEventStore-Extension.swift in Sources */,
				2F8AB31127A229DA00654FEF /* Utils.swift in Sources */,
				2F65050127879FED00AF90F7 /* SwiftBarButtonItem.swift in Sources */,
				2F8123102798957C00458B1A /* DateTimePickerInputView.swift in Sources */,
				2F42C5A72784E6FC00F0BEB2 /* EventError.swift in Sources */,
				2F39B87127823CF700FE72C3 /* MainView.swift in Sources */,
				2F24458027D797C9005BF37D /* EKWeekday-Extension.swift in Sources */,
				2F24458C27D8BE37005BF37D /* Calendar-Extension.swift in Sources */,
				2F6505042787A09900AF90F7 /* MainHeader.swift in Sources */,
				2F1F8FA527D3AAEF00648234 /* EventListViewModel.swift in Sources */,
				2F42C5982784A87100F0BEB2 /* PopoverLink.swift in Sources */,
				2F24458627D824DF005BF37D /* MultiPicker.swift in Sources */,
				2F42C59527848DF700F0BEB2 /* Date-Extension.swift in Sources */,
			);
			runOnlyForDeploymentPostprocessing = 0;
		};
		2F39B85427823CF600FE72C3 /* Sources */ = {
			isa = PBXSourcesBuildPhase;
			buildActionMask = 2147483647;
			files = (
				2F39B85F27823CF700FE72C3 /* Tests_iOSLaunchTests.swift in Sources */,
				2F39B85D27823CF600FE72C3 /* Tests_iOS.swift in Sources */,
			);
			runOnlyForDeploymentPostprocessing = 0;
		};
		2F39B86027823CF700FE72C3 /* Sources */ = {
			isa = PBXSourcesBuildPhase;
			buildActionMask = 2147483647;
			files = (
				2F39B86B27823CF700FE72C3 /* Tests_macOSLaunchTests.swift in Sources */,
				2F39B86927823CF700FE72C3 /* Tests_macOS.swift in Sources */,
			);
			runOnlyForDeploymentPostprocessing = 0;
		};
/* End PBXSourcesBuildPhase section */

/* Begin PBXTargetDependency section */
		2F39B85A27823CF600FE72C3 /* PBXTargetDependency */ = {
			isa = PBXTargetDependency;
			target = 2F39B84A27823CF600FE72C3 /* TimeDraw (iOS) */;
			targetProxy = 2F39B85927823CF600FE72C3 /* PBXContainerItemProxy */;
		};
		2F39B86627823CF700FE72C3 /* PBXTargetDependency */ = {
			isa = PBXTargetDependency;
			target = 2F39B85027823CF600FE72C3 /* TimeDraw (macOS) */;
			targetProxy = 2F39B86527823CF700FE72C3 /* PBXContainerItemProxy */;
		};
/* End PBXTargetDependency section */

/* Begin XCBuildConfiguration section */
		2F39B87627823CF700FE72C3 /* Debug */ = {
			isa = XCBuildConfiguration;
			buildSettings = {
				ALWAYS_SEARCH_USER_PATHS = NO;
				CLANG_ANALYZER_NONNULL = YES;
				CLANG_ANALYZER_NUMBER_OBJECT_CONVERSION = YES_AGGRESSIVE;
				CLANG_CXX_LANGUAGE_STANDARD = "gnu++17";
				CLANG_CXX_LIBRARY = "libc++";
				CLANG_ENABLE_MODULES = YES;
				CLANG_ENABLE_OBJC_ARC = YES;
				CLANG_ENABLE_OBJC_WEAK = YES;
				CLANG_WARN_BLOCK_CAPTURE_AUTORELEASING = YES;
				CLANG_WARN_BOOL_CONVERSION = YES;
				CLANG_WARN_COMMA = YES;
				CLANG_WARN_CONSTANT_CONVERSION = YES;
				CLANG_WARN_DEPRECATED_OBJC_IMPLEMENTATIONS = YES;
				CLANG_WARN_DIRECT_OBJC_ISA_USAGE = YES_ERROR;
				CLANG_WARN_DOCUMENTATION_COMMENTS = YES;
				CLANG_WARN_EMPTY_BODY = YES;
				CLANG_WARN_ENUM_CONVERSION = YES;
				CLANG_WARN_INFINITE_RECURSION = YES;
				CLANG_WARN_INT_CONVERSION = YES;
				CLANG_WARN_NON_LITERAL_NULL_CONVERSION = YES;
				CLANG_WARN_OBJC_IMPLICIT_RETAIN_SELF = YES;
				CLANG_WARN_OBJC_LITERAL_CONVERSION = YES;
				CLANG_WARN_OBJC_ROOT_CLASS = YES_ERROR;
				CLANG_WARN_QUOTED_INCLUDE_IN_FRAMEWORK_HEADER = YES;
				CLANG_WARN_RANGE_LOOP_ANALYSIS = YES;
				CLANG_WARN_STRICT_PROTOTYPES = YES;
				CLANG_WARN_SUSPICIOUS_MOVE = YES;
				CLANG_WARN_UNGUARDED_AVAILABILITY = YES_AGGRESSIVE;
				CLANG_WARN_UNREACHABLE_CODE = YES;
				CLANG_WARN__DUPLICATE_METHOD_MATCH = YES;
				COPY_PHASE_STRIP = NO;
				DEBUG_INFORMATION_FORMAT = dwarf;
				ENABLE_STRICT_OBJC_MSGSEND = YES;
				ENABLE_TESTABILITY = YES;
				GCC_C_LANGUAGE_STANDARD = gnu11;
				GCC_DYNAMIC_NO_PIC = NO;
				GCC_NO_COMMON_BLOCKS = YES;
				GCC_OPTIMIZATION_LEVEL = 0;
				GCC_PREPROCESSOR_DEFINITIONS = (
					"DEBUG=1",
					"$(inherited)",
				);
				GCC_WARN_64_TO_32_BIT_CONVERSION = YES;
				GCC_WARN_ABOUT_RETURN_TYPE = YES_ERROR;
				GCC_WARN_UNDECLARED_SELECTOR = YES;
				GCC_WARN_UNINITIALIZED_AUTOS = YES_AGGRESSIVE;
				GCC_WARN_UNUSED_FUNCTION = YES;
				GCC_WARN_UNUSED_VARIABLE = YES;
				MTL_ENABLE_DEBUG_INFO = INCLUDE_SOURCE;
				MTL_FAST_MATH = YES;
				ONLY_ACTIVE_ARCH = YES;
				SWIFT_ACTIVE_COMPILATION_CONDITIONS = DEBUG;
				SWIFT_OPTIMIZATION_LEVEL = "-Onone";
			};
			name = Debug;
		};
		2F39B87727823CF700FE72C3 /* Release */ = {
			isa = XCBuildConfiguration;
			buildSettings = {
				ALWAYS_SEARCH_USER_PATHS = NO;
				CLANG_ANALYZER_NONNULL = YES;
				CLANG_ANALYZER_NUMBER_OBJECT_CONVERSION = YES_AGGRESSIVE;
				CLANG_CXX_LANGUAGE_STANDARD = "gnu++17";
				CLANG_CXX_LIBRARY = "libc++";
				CLANG_ENABLE_MODULES = YES;
				CLANG_ENABLE_OBJC_ARC = YES;
				CLANG_ENABLE_OBJC_WEAK = YES;
				CLANG_WARN_BLOCK_CAPTURE_AUTORELEASING = YES;
				CLANG_WARN_BOOL_CONVERSION = YES;
				CLANG_WARN_COMMA = YES;
				CLANG_WARN_CONSTANT_CONVERSION = YES;
				CLANG_WARN_DEPRECATED_OBJC_IMPLEMENTATIONS = YES;
				CLANG_WARN_DIRECT_OBJC_ISA_USAGE = YES_ERROR;
				CLANG_WARN_DOCUMENTATION_COMMENTS = YES;
				CLANG_WARN_EMPTY_BODY = YES;
				CLANG_WARN_ENUM_CONVERSION = YES;
				CLANG_WARN_INFINITE_RECURSION = YES;
				CLANG_WARN_INT_CONVERSION = YES;
				CLANG_WARN_NON_LITERAL_NULL_CONVERSION = YES;
				CLANG_WARN_OBJC_IMPLICIT_RETAIN_SELF = YES;
				CLANG_WARN_OBJC_LITERAL_CONVERSION = YES;
				CLANG_WARN_OBJC_ROOT_CLASS = YES_ERROR;
				CLANG_WARN_QUOTED_INCLUDE_IN_FRAMEWORK_HEADER = YES;
				CLANG_WARN_RANGE_LOOP_ANALYSIS = YES;
				CLANG_WARN_STRICT_PROTOTYPES = YES;
				CLANG_WARN_SUSPICIOUS_MOVE = YES;
				CLANG_WARN_UNGUARDED_AVAILABILITY = YES_AGGRESSIVE;
				CLANG_WARN_UNREACHABLE_CODE = YES;
				CLANG_WARN__DUPLICATE_METHOD_MATCH = YES;
				COPY_PHASE_STRIP = NO;
				DEBUG_INFORMATION_FORMAT = "dwarf-with-dsym";
				ENABLE_NS_ASSERTIONS = NO;
				ENABLE_STRICT_OBJC_MSGSEND = YES;
				GCC_C_LANGUAGE_STANDARD = gnu11;
				GCC_NO_COMMON_BLOCKS = YES;
				GCC_WARN_64_TO_32_BIT_CONVERSION = YES;
				GCC_WARN_ABOUT_RETURN_TYPE = YES_ERROR;
				GCC_WARN_UNDECLARED_SELECTOR = YES;
				GCC_WARN_UNINITIALIZED_AUTOS = YES_AGGRESSIVE;
				GCC_WARN_UNUSED_FUNCTION = YES;
				GCC_WARN_UNUSED_VARIABLE = YES;
				MTL_ENABLE_DEBUG_INFO = NO;
				MTL_FAST_MATH = YES;
				SWIFT_COMPILATION_MODE = wholemodule;
				SWIFT_OPTIMIZATION_LEVEL = "-O";
			};
			name = Release;
		};
		2F39B87927823CF700FE72C3 /* Debug */ = {
			isa = XCBuildConfiguration;
			buildSettings = {
				ASSETCATALOG_COMPILER_APPICON_NAME = AppIcon;
				ASSETCATALOG_COMPILER_GLOBAL_ACCENT_COLOR_NAME = AccentColor;
				CODE_SIGN_ENTITLEMENTS = "iOS/TimeDraw (iOS).entitlements";
				CODE_SIGN_STYLE = Automatic;
				CURRENT_PROJECT_VERSION = 13;
				DEVELOPMENT_TEAM = KLQC884752;
				ENABLE_PREVIEWS = YES;
				GENERATE_INFOPLIST_FILE = YES;
				INFOPLIST_FILE = "iOS/TimeDraw--iOS--Info.plist";
				INFOPLIST_KEY_CFBundleDisplayName = "Time Draw";
				INFOPLIST_KEY_LSApplicationCategoryType = "public.app-category.productivity";
				INFOPLIST_KEY_NSCalendarsUsageDescription = "Time Draw can create and display Calendar Events";
				INFOPLIST_KEY_NSRemindersUsageDescription = "Time Draw can create and display your Reminders";
				INFOPLIST_KEY_UIApplicationSupportsIndirectInputEvents = YES;
				INFOPLIST_KEY_UILaunchScreen_Generation = YES;
				INFOPLIST_KEY_UILaunchStoryboardName = LaunchScreen;
				INFOPLIST_KEY_UIMainStoryboardFile = LaunchScreen;
				INFOPLIST_KEY_UISupportedInterfaceOrientations_iPad = "UIInterfaceOrientationPortrait UIInterfaceOrientationPortraitUpsideDown UIInterfaceOrientationLandscapeLeft UIInterfaceOrientationLandscapeRight";
				INFOPLIST_KEY_UISupportedInterfaceOrientations_iPhone = "UIInterfaceOrientationPortrait UIInterfaceOrientationLandscapeLeft UIInterfaceOrientationLandscapeRight";
				IPHONEOS_DEPLOYMENT_TARGET = 15.2;
				LD_RUNPATH_SEARCH_PATHS = (
					"$(inherited)",
					"@executable_path/Frameworks",
				);
				MARKETING_VERSION = 0.3.0;
				PRODUCT_BUNDLE_IDENTIFIER = com.michaelrobertellis.TimeDraw;
				PRODUCT_NAME = TimeDraw;
				SDKROOT = iphoneos;
				SUPPORTS_MACCATALYST = YES;
				SWIFT_EMIT_LOC_STRINGS = YES;
				SWIFT_VERSION = 5.0;
				TARGETED_DEVICE_FAMILY = "1,2,6";
			};
			name = Debug;
		};
		2F39B87A27823CF700FE72C3 /* Release */ = {
			isa = XCBuildConfiguration;
			buildSettings = {
				ASSETCATALOG_COMPILER_APPICON_NAME = AppIcon;
				ASSETCATALOG_COMPILER_GLOBAL_ACCENT_COLOR_NAME = AccentColor;
				CODE_SIGN_ENTITLEMENTS = "iOS/TimeDraw (iOS).entitlements";
				CODE_SIGN_STYLE = Automatic;
				CURRENT_PROJECT_VERSION = 13;
				DEVELOPMENT_TEAM = KLQC884752;
				ENABLE_PREVIEWS = YES;
				GENERATE_INFOPLIST_FILE = YES;
				INFOPLIST_FILE = "iOS/TimeDraw--iOS--Info.plist";
				INFOPLIST_KEY_CFBundleDisplayName = "Time Draw";
				INFOPLIST_KEY_LSApplicationCategoryType = "public.app-category.productivity";
				INFOPLIST_KEY_NSCalendarsUsageDescription = "Time Draw can create and display Calendar Events";
				INFOPLIST_KEY_NSRemindersUsageDescription = "Time Draw can create and display your Reminders";
				INFOPLIST_KEY_UIApplicationSupportsIndirectInputEvents = YES;
				INFOPLIST_KEY_UILaunchScreen_Generation = YES;
				INFOPLIST_KEY_UILaunchStoryboardName = LaunchScreen;
				INFOPLIST_KEY_UIMainStoryboardFile = LaunchScreen;
				INFOPLIST_KEY_UISupportedInterfaceOrientations_iPad = "UIInterfaceOrientationPortrait UIInterfaceOrientationPortraitUpsideDown UIInterfaceOrientationLandscapeLeft UIInterfaceOrientationLandscapeRight";
				INFOPLIST_KEY_UISupportedInterfaceOrientations_iPhone = "UIInterfaceOrientationPortrait UIInterfaceOrientationLandscapeLeft UIInterfaceOrientationLandscapeRight";
				IPHONEOS_DEPLOYMENT_TARGET = 15.2;
				LD_RUNPATH_SEARCH_PATHS = (
					"$(inherited)",
					"@executable_path/Frameworks",
				);
				MARKETING_VERSION = 0.3.0;
				PRODUCT_BUNDLE_IDENTIFIER = com.michaelrobertellis.TimeDraw;
				PRODUCT_NAME = TimeDraw;
				SDKROOT = iphoneos;
				SUPPORTS_MACCATALYST = YES;
				SWIFT_EMIT_LOC_STRINGS = YES;
				SWIFT_VERSION = 5.0;
				TARGETED_DEVICE_FAMILY = "1,2,6";
				VALIDATE_PRODUCT = YES;
			};
			name = Release;
		};
		2F39B87C27823CF700FE72C3 /* Debug */ = {
			isa = XCBuildConfiguration;
			buildSettings = {
				ASSETCATALOG_COMPILER_APPICON_NAME = AppIcon;
				ASSETCATALOG_COMPILER_GLOBAL_ACCENT_COLOR_NAME = AccentColor;
				CODE_SIGN_ENTITLEMENTS = macOS/macOS.entitlements;
				CODE_SIGN_STYLE = Automatic;
				COMBINE_HIDPI_IMAGES = YES;
				CURRENT_PROJECT_VERSION = 1;
				DEVELOPMENT_TEAM = KLQC884752;
				ENABLE_HARDENED_RUNTIME = YES;
				ENABLE_PREVIEWS = YES;
				GENERATE_INFOPLIST_FILE = YES;
				INFOPLIST_KEY_NSHumanReadableCopyright = "";
				LD_RUNPATH_SEARCH_PATHS = (
					"$(inherited)",
					"@executable_path/../Frameworks",
				);
				MACOSX_DEPLOYMENT_TARGET = 12.0;
				MARKETING_VERSION = 1.0;
				PRODUCT_BUNDLE_IDENTIFIER = com.michaelrobertellis.TimeDraw;
				PRODUCT_NAME = TimeDraw;
				SDKROOT = macosx;
				SWIFT_EMIT_LOC_STRINGS = YES;
				SWIFT_VERSION = 5.0;
			};
			name = Debug;
		};
		2F39B87D27823CF700FE72C3 /* Release */ = {
			isa = XCBuildConfiguration;
			buildSettings = {
				ASSETCATALOG_COMPILER_APPICON_NAME = AppIcon;
				ASSETCATALOG_COMPILER_GLOBAL_ACCENT_COLOR_NAME = AccentColor;
				CODE_SIGN_ENTITLEMENTS = macOS/macOS.entitlements;
				CODE_SIGN_STYLE = Automatic;
				COMBINE_HIDPI_IMAGES = YES;
				CURRENT_PROJECT_VERSION = 1;
				DEVELOPMENT_TEAM = KLQC884752;
				ENABLE_HARDENED_RUNTIME = YES;
				ENABLE_PREVIEWS = YES;
				GENERATE_INFOPLIST_FILE = YES;
				INFOPLIST_KEY_NSHumanReadableCopyright = "";
				LD_RUNPATH_SEARCH_PATHS = (
					"$(inherited)",
					"@executable_path/../Frameworks",
				);
				MACOSX_DEPLOYMENT_TARGET = 12.0;
				MARKETING_VERSION = 1.0;
				PRODUCT_BUNDLE_IDENTIFIER = com.michaelrobertellis.TimeDraw;
				PRODUCT_NAME = TimeDraw;
				SDKROOT = macosx;
				SWIFT_EMIT_LOC_STRINGS = YES;
				SWIFT_VERSION = 5.0;
			};
			name = Release;
		};
		2F39B87F27823CF700FE72C3 /* Debug */ = {
			isa = XCBuildConfiguration;
			buildSettings = {
				ALWAYS_EMBED_SWIFT_STANDARD_LIBRARIES = YES;
				CODE_SIGN_STYLE = Automatic;
				CURRENT_PROJECT_VERSION = 1;
				DEVELOPMENT_TEAM = KLQC884752;
				GENERATE_INFOPLIST_FILE = YES;
				IPHONEOS_DEPLOYMENT_TARGET = 15.2;
				MARKETING_VERSION = 1.0;
				PRODUCT_BUNDLE_IDENTIFIER = "com.michaelrobertellis.Tests-iOS";
				PRODUCT_NAME = "$(TARGET_NAME)";
				SDKROOT = iphoneos;
				SWIFT_EMIT_LOC_STRINGS = NO;
				SWIFT_VERSION = 5.0;
				TARGETED_DEVICE_FAMILY = "1,2";
				TEST_TARGET_NAME = "TimeDraw (iOS)";
			};
			name = Debug;
		};
		2F39B88027823CF700FE72C3 /* Release */ = {
			isa = XCBuildConfiguration;
			buildSettings = {
				ALWAYS_EMBED_SWIFT_STANDARD_LIBRARIES = YES;
				CODE_SIGN_STYLE = Automatic;
				CURRENT_PROJECT_VERSION = 1;
				DEVELOPMENT_TEAM = KLQC884752;
				GENERATE_INFOPLIST_FILE = YES;
				IPHONEOS_DEPLOYMENT_TARGET = 15.2;
				MARKETING_VERSION = 1.0;
				PRODUCT_BUNDLE_IDENTIFIER = "com.michaelrobertellis.Tests-iOS";
				PRODUCT_NAME = "$(TARGET_NAME)";
				SDKROOT = iphoneos;
				SWIFT_EMIT_LOC_STRINGS = NO;
				SWIFT_VERSION = 5.0;
				TARGETED_DEVICE_FAMILY = "1,2";
				TEST_TARGET_NAME = "TimeDraw (iOS)";
				VALIDATE_PRODUCT = YES;
			};
			name = Release;
		};
		2F39B88227823CF700FE72C3 /* Debug */ = {
			isa = XCBuildConfiguration;
			buildSettings = {
				ALWAYS_EMBED_SWIFT_STANDARD_LIBRARIES = YES;
				CODE_SIGN_STYLE = Automatic;
				CURRENT_PROJECT_VERSION = 1;
				DEVELOPMENT_TEAM = KLQC884752;
				GENERATE_INFOPLIST_FILE = YES;
				MACOSX_DEPLOYMENT_TARGET = 12.0;
				MARKETING_VERSION = 1.0;
				PRODUCT_BUNDLE_IDENTIFIER = "com.michaelrobertellis.Tests-macOS";
				PRODUCT_NAME = "$(TARGET_NAME)";
				SDKROOT = macosx;
				SWIFT_EMIT_LOC_STRINGS = NO;
				SWIFT_VERSION = 5.0;
				TEST_TARGET_NAME = "TimeDraw (macOS)";
			};
			name = Debug;
		};
		2F39B88327823CF700FE72C3 /* Release */ = {
			isa = XCBuildConfiguration;
			buildSettings = {
				ALWAYS_EMBED_SWIFT_STANDARD_LIBRARIES = YES;
				CODE_SIGN_STYLE = Automatic;
				CURRENT_PROJECT_VERSION = 1;
				DEVELOPMENT_TEAM = KLQC884752;
				GENERATE_INFOPLIST_FILE = YES;
				MACOSX_DEPLOYMENT_TARGET = 12.0;
				MARKETING_VERSION = 1.0;
				PRODUCT_BUNDLE_IDENTIFIER = "com.michaelrobertellis.Tests-macOS";
				PRODUCT_NAME = "$(TARGET_NAME)";
				SDKROOT = macosx;
				SWIFT_EMIT_LOC_STRINGS = NO;
				SWIFT_VERSION = 5.0;
				TEST_TARGET_NAME = "TimeDraw (macOS)";
			};
			name = Release;
		};
/* End XCBuildConfiguration section */

/* Begin XCConfigurationList section */
		2F39B83F27823CF600FE72C3 /* Build configuration list for PBXProject "TimeDraw" */ = {
			isa = XCConfigurationList;
			buildConfigurations = (
				2F39B87627823CF700FE72C3 /* Debug */,
				2F39B87727823CF700FE72C3 /* Release */,
			);
			defaultConfigurationIsVisible = 0;
			defaultConfigurationName = Release;
		};
		2F39B87827823CF700FE72C3 /* Build configuration list for PBXNativeTarget "TimeDraw (iOS)" */ = {
			isa = XCConfigurationList;
			buildConfigurations = (
				2F39B87927823CF700FE72C3 /* Debug */,
				2F39B87A27823CF700FE72C3 /* Release */,
			);
			defaultConfigurationIsVisible = 0;
			defaultConfigurationName = Release;
		};
		2F39B87B27823CF700FE72C3 /* Build configuration list for PBXNativeTarget "TimeDraw (macOS)" */ = {
			isa = XCConfigurationList;
			buildConfigurations = (
				2F39B87C27823CF700FE72C3 /* Debug */,
				2F39B87D27823CF700FE72C3 /* Release */,
			);
			defaultConfigurationIsVisible = 0;
			defaultConfigurationName = Release;
		};
		2F39B87E27823CF700FE72C3 /* Build configuration list for PBXNativeTarget "Tests iOS" */ = {
			isa = XCConfigurationList;
			buildConfigurations = (
				2F39B87F27823CF700FE72C3 /* Debug */,
				2F39B88027823CF700FE72C3 /* Release */,
			);
			defaultConfigurationIsVisible = 0;
			defaultConfigurationName = Release;
		};
		2F39B88127823CF700FE72C3 /* Build configuration list for PBXNativeTarget "Tests macOS" */ = {
			isa = XCConfigurationList;
			buildConfigurations = (
				2F39B88227823CF700FE72C3 /* Debug */,
				2F39B88327823CF700FE72C3 /* Release */,
			);
			defaultConfigurationIsVisible = 0;
			defaultConfigurationName = Release;
		};
/* End XCConfigurationList section */

/* Begin XCRemoteSwiftPackageReference section */
		2F1F8FA627D3D11000648234 /* XCRemoteSwiftPackageReference "AlertToast" */ = {
			isa = XCRemoteSwiftPackageReference;
			repositoryURL = "https://github.com/elai950/AlertToast";
			requirement = {
				kind = upToNextMajorVersion;
				minimumVersion = 1.0.0;
			};
		};
/* End XCRemoteSwiftPackageReference section */

/* Begin XCSwiftPackageProductDependency section */
		2F1F8FA727D3D11000648234 /* AlertToast */ = {
			isa = XCSwiftPackageProductDependency;
			package = 2F1F8FA627D3D11000648234 /* XCRemoteSwiftPackageReference "AlertToast" */;
			productName = AlertToast;
		};
/* End XCSwiftPackageProductDependency section */

/* Begin XCVersionGroup section */
		2F39B84127823CF600FE72C3 /* TimeDraw.xcdatamodeld */ = {
			isa = XCVersionGroup;
			children = (
				2F39B84227823CF600FE72C3 /* Shared.xcdatamodel */,
			);
			currentVersion = 2F39B84227823CF600FE72C3 /* Shared.xcdatamodel */;
			path = TimeDraw.xcdatamodeld;
			sourceTree = "<group>";
			versionGroupType = wrapper.xcdatamodel;
		};
/* End XCVersionGroup section */
	};
	rootObject = 2F39B83C27823CF600FE72C3 /* Project object */;
}
