// !$*UTF8*$!
{
	archiveVersion = 1;
	classes = {
	};
	objectVersion = 70;
	objects = {

/* Begin PBXBuildFile section */
		09E8910BD1D9A3D4B9A49503 /* AppCore in Frameworks */ = {isa = PBXBuildFile; productRef = 83680245A18B6280D811789F /* AppCore */; };
		267A48E4608C044090CD5FA9 /* AppCore in Frameworks */ = {isa = PBXBuildFile; productRef = 5DB0786970D0B4E66CEF1B73 /* AppCore */; };
		29CDFC64C94ED105DF2E3415 /* EventInput in Frameworks */ = {isa = PBXBuildFile; productRef = 17626B7C1B102599B6459DB6 /* EventInput */; };
		2F2111302799B62D0041EE85 /* MainScrollableContent.swift in Sources */ = {isa = PBXBuildFile; fileRef = 2F21112F2799B62D0041EE85 /* MainScrollableContent.swift */; };
		2F2343FC27D454BC0064B635 /* CalendarView.swift in Sources */ = {isa = PBXBuildFile; fileRef = 2F2343FB27D454BC0064B635 /* CalendarView.swift */; };
		2F24458827D8BDD0005BF37D /* SwipeGesture.swift in Sources */ = {isa = PBXBuildFile; fileRef = 2F24458727D8BDD0005BF37D /* SwipeGesture.swift */; };
		2F26FE5E28CE56E900A9A0AE /* OnboardingExperience.swift in Sources */ = {isa = PBXBuildFile; fileRef = 2F26FE5D28CE56E900A9A0AE /* OnboardingExperience.swift */; };
		2F26FE6128CE7F4C00A9A0AE /* Assets.xcassets in Resources */ = {isa = PBXBuildFile; fileRef = 2F39B84627823CF600FE72C3 /* Assets.xcassets */; };
		2F26FE6328CE7F4F00A9A0AE /* Assets.xcassets in Resources */ = {isa = PBXBuildFile; fileRef = 2F39B84627823CF600FE72C3 /* Assets.xcassets */; };
		2F39B85D27823CF600FE72C3 /* Tests_iOS.swift in Sources */ = {isa = PBXBuildFile; fileRef = 2F39B85C27823CF600FE72C3 /* Tests_iOS.swift */; };
		2F39B85F27823CF700FE72C3 /* Tests_iOSLaunchTests.swift in Sources */ = {isa = PBXBuildFile; fileRef = 2F39B85E27823CF700FE72C3 /* Tests_iOSLaunchTests.swift */; };
		2F39B86E27823CF700FE72C3 /* TimeDrawApp.swift in Sources */ = {isa = PBXBuildFile; fileRef = 2F39B84327823CF600FE72C3 /* TimeDrawApp.swift */; };
		2F39B87027823CF700FE72C3 /* MainViewContainer.swift in Sources */ = {isa = PBXBuildFile; fileRef = 2F39B84427823CF600FE72C3 /* MainViewContainer.swift */; };
		2F39B87427823CF700FE72C3 /* Assets.xcassets in Resources */ = {isa = PBXBuildFile; fileRef = 2F39B84627823CF600FE72C3 /* Assets.xcassets */; };
		2F39B88627823E1400FE72C3 /* LaunchScreen.storyboard in Resources */ = {isa = PBXBuildFile; fileRef = 2F39B88527823E1400FE72C3 /* LaunchScreen.storyboard */; };
		2F471C412E27403D00D37709 /* Dependencies in Frameworks */ = {isa = PBXBuildFile; productRef = 2F471C402E27403D00D37709 /* Dependencies */; };
		2F471C432E27420D00D37709 /* Dependencies in Frameworks */ = {isa = PBXBuildFile; productRef = 2F471C422E27420D00D37709 /* Dependencies */; };
		2F471C452E35B95C00D37709 /* ReviewRequestManager.swift in Sources */ = {isa = PBXBuildFile; fileRef = 2F471C442E35B95C00D37709 /* ReviewRequestManager.swift */; };
		2F471C462E35B95C00D37709 /* ReviewRequestManager.swift in Sources */ = {isa = PBXBuildFile; fileRef = 2F471C442E35B95C00D37709 /* ReviewRequestManager.swift */; };
		2F5427EC28D753D700F08952 /* IntroView.swift in Sources */ = {isa = PBXBuildFile; fileRef = 2F5427EB28D753D600F08952 /* IntroView.swift */; };
		2F646BB1285038CF00D7445D /* README.md in Resources */ = {isa = PBXBuildFile; fileRef = 2F646BB0285038CF00D7445D /* README.md */; };
		2F6505032787A09900AF90F7 /* MainHeader.swift in Sources */ = {isa = PBXBuildFile; fileRef = 2F6505022787A09900AF90F7 /* MainHeader.swift */; };
		2F6505092787F87A00AF90F7 /* SettingsView.swift in Sources */ = {isa = PBXBuildFile; fileRef = 2F6505082787F87A00AF90F7 /* SettingsView.swift */; };
		2F7A0BC72E35C2EA00B69C71 /* ToastWindow in Frameworks */ = {isa = PBXBuildFile; productRef = 2F7A0BC62E35C2EA00B69C71 /* ToastWindow */; };
		2F7A0BD02E35C5F100B69C71 /* WidgetKit.framework in Frameworks */ = {isa = PBXBuildFile; fileRef = 2F7A0BCF2E35C5F100B69C71 /* WidgetKit.framework */; };
		2F7A0BD22E35C5F100B69C71 /* SwiftUI.framework in Frameworks */ = {isa = PBXBuildFile; fileRef = 2F7A0BD12E35C5F100B69C71 /* SwiftUI.framework */; };
		2F7A0BDD2E35C5F200B69C71 /* TimeDrawWidgetExtension.appex in Embed Foundation Extensions */ = {isa = PBXBuildFile; fileRef = 2F7A0BCE2E35C5F100B69C71 /* TimeDrawWidgetExtension.appex */; settings = {ATTRIBUTES = (RemoveHeadersOnCopy, ); }; };
		2F7A0BF72E35C84200B69C71 /* Double-Extension.swift in Sources */ = {isa = PBXBuildFile; fileRef = 2FD6BE472E2177ED00AA7C5A /* Double-Extension.swift */; };
		2F7A0BF92E35C84200B69C71 /* SwipeGesture.swift in Sources */ = {isa = PBXBuildFile; fileRef = 2F24458727D8BDD0005BF37D /* SwipeGesture.swift */; };
		2F7A0BFE2E35C8EF00B69C71 /* Dependencies in Frameworks */ = {isa = PBXBuildFile; productRef = 2F7A0BFD2E35C8EF00B69C71 /* Dependencies */; };
		2F7A0C002E35C90600B69C71 /* ToastWindow in Frameworks */ = {isa = PBXBuildFile; productRef = 2F7A0BFF2E35C90600B69C71 /* ToastWindow */; };
		2F7A0C0B2E3649C000B69C71 /* OpenCalendarItemKey.swift in Sources */ = {isa = PBXBuildFile; fileRef = 2F7A0C0A2E3649C000B69C71 /* OpenCalendarItemKey.swift */; };
		2F7A0C0C2E3649C000B69C71 /* OpenCalendarItemKey.swift in Sources */ = {isa = PBXBuildFile; fileRef = 2F7A0C0A2E3649C000B69C71 /* OpenCalendarItemKey.swift */; };
		2F7A0C0D2E3649C000B69C71 /* OpenCalendarItemKey.swift in Sources */ = {isa = PBXBuildFile; fileRef = 2F7A0C0A2E3649C000B69C71 /* OpenCalendarItemKey.swift */; };
		2F7A0C0F2E364BA200B69C71 /* ComplicationController.swift in Sources */ = {isa = PBXBuildFile; fileRef = 2F7A0C0E2E364BA200B69C71 /* ComplicationController.swift */; };
		2FAPP0032E36000200B69C71 /* CalendlyInlineWidgetView.swift in Sources */ = {isa = PBXBuildFile; fileRef = 2FAPP0022E36000200B69C71 /* CalendlyInlineWidgetView.swift */; };
		2FB41CD727DEDBB70067F250 /* SettingsControls.swift in Sources */ = {isa = PBXBuildFile; fileRef = 2FB41CD627DEDBB70067F250 /* SettingsControls.swift */; };
		2FB60E5527E48DFE004DA305 /* CalendarSelection.swift in Sources */ = {isa = PBXBuildFile; fileRef = 2FB60E5427E48DFE004DA305 /* CalendarSelection.swift */; };
		2FCLKGE92E38000500B69C71 /* ClockEventLayoutEngineTests.swift in Sources */ = {isa = PBXBuildFile; fileRef = 2FCLKGE82E38000500B69C71 /* ClockEventLayoutEngineTests.swift */; };
		2FD40789284FBB700022FC49 /* TimeDrawWatchApp.swift in Sources */ = {isa = PBXBuildFile; fileRef = 2FD40788284FBB700022FC49 /* TimeDrawWatchApp.swift */; };
		2FD4078D284FBB700022FC49 /* NotificationController.swift in Sources */ = {isa = PBXBuildFile; fileRef = 2FD4078C284FBB700022FC49 /* NotificationController.swift */; };
		2FD4078F284FBB700022FC49 /* NotificationView.swift in Sources */ = {isa = PBXBuildFile; fileRef = 2FD4078E284FBB700022FC49 /* NotificationView.swift */; };
		2FD40793284FBB700022FC49 /* Assets.xcassets in Resources */ = {isa = PBXBuildFile; fileRef = 2FD40792284FBB700022FC49 /* Assets.xcassets */; };
		2FD40796284FBB700022FC49 /* Preview Assets.xcassets in Resources */ = {isa = PBXBuildFile; fileRef = 2FD40795284FBB700022FC49 /* Preview Assets.xcassets */; };
		2FD407B1284FBB700022FC49 /* WatchFace App.app in Embed Watch Content */ = {isa = PBXBuildFile; fileRef = 2FD4077B284FBB6F0022FC49 /* WatchFace App.app */; settings = {ATTRIBUTES = (RemoveHeadersOnCopy, ); }; };
		2FD407C6284FBC6C0022FC49 /* SwipeGesture.swift in Sources */ = {isa = PBXBuildFile; fileRef = 2F24458727D8BDD0005BF37D /* SwipeGesture.swift */; };
		2FD6BE482E2177ED00AA7C5A /* Double-Extension.swift in Sources */ = {isa = PBXBuildFile; fileRef = 2FD6BE472E2177ED00AA7C5A /* Double-Extension.swift */; };
		2FD6BE492E2177ED00AA7C5A /* Double-Extension.swift in Sources */ = {isa = PBXBuildFile; fileRef = 2FD6BE472E2177ED00AA7C5A /* Double-Extension.swift */; };
		2FDEBUG022E37000100B69C71 /* DebugTestDataSeeder.swift in Sources */ = {isa = PBXBuildFile; fileRef = 2FDEBUG012E37000100B69C71 /* DebugTestDataSeeder.swift */; };
		2FONBP022E38000100B69C71 /* OnboardingPermissionPage.swift in Sources */ = {isa = PBXBuildFile; fileRef = 2FONBP012E38000100B69C71 /* OnboardingPermissionPage.swift */; };
		2FSET0022E37000100B69C71 /* Settings.bundle in Resources */ = {isa = PBXBuildFile; fileRef = 2FSET0012E37000100B69C71 /* Settings.bundle */; };
		8193FC9A300ED8AE0002D9C6 /* EventUIComponents in Frameworks */ = {isa = PBXBuildFile; productRef = 8193FC99300ED8AE0002D9C6 /* EventUIComponents */; };
		8193FC9E300EDB590002D9C6 /* DesignToken in Frameworks */ = {isa = PBXBuildFile; productRef = 8193FC9D300EDB590002D9C6 /* DesignToken */; };
		8193FCA0300F00010002D9C6 /* DesignToken in Frameworks */ = {isa = PBXBuildFile; productRef = 8193FCA1300F00010002D9C6 /* DesignToken */; };
		8193FCC0300EE1C60002D9C6 /* EventUIComponents in Frameworks */ = {isa = PBXBuildFile; productRef = 8193FCBF300EE1C60002D9C6 /* EventUIComponents */; };
		8193FCC4300EE5030002D9C6 /* DesignToken in Frameworks */ = {isa = PBXBuildFile; productRef = 8193FCC3300EE5030002D9C6 /* DesignToken */; };
		8193FCC6300EE5030002D9C6 /* EventUIComponents in Frameworks */ = {isa = PBXBuildFile; productRef = 8193FCC5300EE5030002D9C6 /* EventUIComponents */; };
		8193FCCA300EE7450002D9C6 /* ClockFace in Frameworks */ = {isa = PBXBuildFile; productRef = 8193FCC9300EE7450002D9C6 /* ClockFace */; };
		8193FCCC300EE74B0002D9C6 /* ClockFace in Frameworks */ = {isa = PBXBuildFile; productRef = 8193FCCB300EE74B0002D9C6 /* ClockFace */; };
		8193FCCE300EE7500002D9C6 /* ClockFace in Frameworks */ = {isa = PBXBuildFile; productRef = 8193FCCD300EE7500002D9C6 /* ClockFace */; };
		8193FCD8300EE8610002D9C6 /* TimeDrawClock.swift in Sources */ = {isa = PBXBuildFile; fileRef = 8193FCD7300EE8610002D9C6 /* TimeDrawClock.swift */; };
		8193FCD9300EE8610002D9C6 /* TimeDrawClock.swift in Sources */ = {isa = PBXBuildFile; fileRef = 8193FCD7300EE8610002D9C6 /* TimeDrawClock.swift */; };
		8193FCDF300EE90F0002D9C6 /* TimeDrawClock.swift in Sources */ = {isa = PBXBuildFile; fileRef = 8193FCD7300EE8610002D9C6 /* TimeDrawClock.swift */; };
		8193FD38300F7C770002D9C6 /* UIComponents in Frameworks */ = {isa = PBXBuildFile; productRef = 8193FD37300F7C770002D9C6 /* UIComponents */; };
		8193FD3A300F7C850002D9C6 /* UIComponents in Frameworks */ = {isa = PBXBuildFile; productRef = 8193FD39300F7C850002D9C6 /* UIComponents */; };
		8193FD3C300F7C8B0002D9C6 /* UIComponents in Frameworks */ = {isa = PBXBuildFile; productRef = 8193FD3B300F7C8B0002D9C6 /* UIComponents */; };
		81BF7D2C30104FF5004B06F8 /* DailyGoalTextfield in Frameworks */ = {isa = PBXBuildFile; productRef = 81BF7D2B30104FF5004B06F8 /* DailyGoalTextfield */; };
		8C6C72E5288EB92A4B3D2B83 /* EventInput in Frameworks */ = {isa = PBXBuildFile; productRef = 4DFD33F2E118DA0E62D253F4 /* EventInput */; };
		99ACA52A2F522DDF9A42202B /* AppCore in Frameworks */ = {isa = PBXBuildFile; productRef = EB7CDC1388C141FC7D11ABC9 /* AppCore */; };
		C093621478FA3EC5199B45FF /* AppCore in Frameworks */ = {isa = PBXBuildFile; productRef = 54DF95CDE3E5BD80D129BDFB /* AppCore */; };
/* End PBXBuildFile section */

/* Begin PBXContainerItemProxy section */
		2F39B85927823CF600FE72C3 /* PBXContainerItemProxy */ = {
			isa = PBXContainerItemProxy;
			containerPortal = 2F39B83C27823CF600FE72C3 /* Project object */;
			proxyType = 1;
			remoteGlobalIDString = 2F39B84A27823CF600FE72C3;
			remoteInfo = "TimeDraw (iOS)";
		};
		2F7A0BDB2E35C5F200B69C71 /* PBXContainerItemProxy */ = {
			isa = PBXContainerItemProxy;
			containerPortal = 2F39B83C27823CF600FE72C3 /* Project object */;
			proxyType = 1;
			remoteGlobalIDString = 2F7A0BCD2E35C5F100B69C71;
			remoteInfo = TimeDrawWidgetExtension;
		};
		2FD407AF284FBB700022FC49 /* PBXContainerItemProxy */ = {
			isa = PBXContainerItemProxy;
			containerPortal = 2F39B83C27823CF600FE72C3 /* Project object */;
			proxyType = 1;
			remoteGlobalIDString = 2FD4077A284FBB6F0022FC49;
			remoteInfo = WatchFace;
		};
/* End PBXContainerItemProxy section */

/* Begin PBXCopyFilesBuildPhase section */
		2F7A0BE22E35C5F200B69C71 /* Embed Foundation Extensions */ = {
			isa = PBXCopyFilesBuildPhase;
			buildActionMask = 2147483647;
			dstPath = "";
			dstSubfolderSpec = 13;
			files = (
				2F7A0BDD2E35C5F200B69C71 /* TimeDrawWidgetExtension.appex in Embed Foundation Extensions */,
			);
			name = "Embed Foundation Extensions";
			runOnlyForDeploymentPostprocessing = 0;
		};
		2FD407B2284FBB700022FC49 /* Embed Watch Content */ = {
			isa = PBXCopyFilesBuildPhase;
			buildActionMask = 2147483647;
			dstPath = "$(CONTENTS_FOLDER_PATH)/Watch";
			dstSubfolderSpec = 16;
			files = (
				2FD407B1284FBB700022FC49 /* WatchFace App.app in Embed Watch Content */,
			);
			name = "Embed Watch Content";
			runOnlyForDeploymentPostprocessing = 0;
		};
/* End PBXCopyFilesBuildPhase section */

/* Begin PBXFileReference section */
		2F21112F2799B62D0041EE85 /* MainScrollableContent.swift */ = {isa = PBXFileReference; lastKnownFileType = sourcecode.swift; path = MainScrollableContent.swift; sourceTree = "<group>"; };
		2F2343FB27D454BC0064B635 /* CalendarView.swift */ = {isa = PBXFileReference; lastKnownFileType = sourcecode.swift; path = CalendarView.swift; sourceTree = "<group>"; };
		2F24458727D8BDD0005BF37D /* SwipeGesture.swift */ = {isa = PBXFileReference; lastKnownFileType = sourcecode.swift; path = SwipeGesture.swift; sourceTree = "<group>"; };
		2F26FE5D28CE56E900A9A0AE /* OnboardingExperience.swift */ = {isa = PBXFileReference; fileEncoding = 4; lastKnownFileType = sourcecode.swift; path = OnboardingExperience.swift; sourceTree = "<group>"; };
		2F39B84327823CF600FE72C3 /* TimeDrawApp.swift */ = {isa = PBXFileReference; lastKnownFileType = sourcecode.swift; path = TimeDrawApp.swift; sourceTree = "<group>"; };
		2F39B84427823CF600FE72C3 /* MainViewContainer.swift */ = {isa = PBXFileReference; lastKnownFileType = sourcecode.swift; path = MainViewContainer.swift; sourceTree = "<group>"; };
		2F39B84627823CF600FE72C3 /* Assets.xcassets */ = {isa = PBXFileReference; lastKnownFileType = folder.assetcatalog; path = Assets.xcassets; sourceTree = "<group>"; };
		2F39B84B27823CF600FE72C3 /* TimeDraw.app */ = {isa = PBXFileReference; explicitFileType = wrapper.application; includeInIndex = 0; path = TimeDraw.app; sourceTree = BUILT_PRODUCTS_DIR; };
		2F39B85827823CF600FE72C3 /* Tests iOS.xctest */ = {isa = PBXFileReference; explicitFileType = wrapper.cfbundle; includeInIndex = 0; path = "Tests iOS.xctest"; sourceTree = BUILT_PRODUCTS_DIR; };
		2F39B85C27823CF600FE72C3 /* Tests_iOS.swift */ = {isa = PBXFileReference; lastKnownFileType = sourcecode.swift; path = Tests_iOS.swift; sourceTree = "<group>"; };
		2F39B85E27823CF700FE72C3 /* Tests_iOSLaunchTests.swift */ = {isa = PBXFileReference; lastKnownFileType = sourcecode.swift; path = Tests_iOSLaunchTests.swift; sourceTree = "<group>"; };
		2F39B88427823DEC00FE72C3 /* TimeDraw (iOS).entitlements */ = {isa = PBXFileReference; lastKnownFileType = text.plist.entitlements; path = "TimeDraw (iOS).entitlements"; sourceTree = "<group>"; };
		2F39B88527823E1400FE72C3 /* LaunchScreen.storyboard */ = {isa = PBXFileReference; lastKnownFileType = file.storyboard; path = LaunchScreen.storyboard; sourceTree = "<group>"; };
		2F471C442E35B95C00D37709 /* ReviewRequestManager.swift */ = {isa = PBXFileReference; lastKnownFileType = sourcecode.swift; path = ReviewRequestManager.swift; sourceTree = "<group>"; };
		2F5427EB28D753D600F08952 /* IntroView.swift */ = {isa = PBXFileReference; lastKnownFileType = sourcecode.swift; path = IntroView.swift; sourceTree = "<group>"; };
		2F646BB0285038CF00D7445D /* README.md */ = {isa = PBXFileReference; fileEncoding = 4; lastKnownFileType = net.daringfireball.markdown; path = README.md; sourceTree = "<group>"; };
		2F6505022787A09900AF90F7 /* MainHeader.swift */ = {isa = PBXFileReference; lastKnownFileType = sourcecode.swift; path = MainHeader.swift; sourceTree = "<group>"; };
		2F6505082787F87A00AF90F7 /* SettingsView.swift */ = {isa = PBXFileReference; lastKnownFileType = sourcecode.swift; path = SettingsView.swift; sourceTree = "<group>"; };
		2F6505272791373800AF90F7 /* TimeDraw--iOS--Info.plist */ = {isa = PBXFileReference; lastKnownFileType = text.plist.xml; path = "TimeDraw--iOS--Info.plist"; sourceTree = "<group>"; };
		2F7A0BCE2E35C5F100B69C71 /* TimeDrawWidgetExtension.appex */ = {isa = PBXFileReference; explicitFileType = "wrapper.app-extension"; includeInIndex = 0; path = TimeDrawWidgetExtension.appex; sourceTree = BUILT_PRODUCTS_DIR; };
		2F7A0BCF2E35C5F100B69C71 /* WidgetKit.framework */ = {isa = PBXFileReference; lastKnownFileType = wrapper.framework; name = WidgetKit.framework; path = System/Library/Frameworks/WidgetKit.framework; sourceTree = SDKROOT; };
		2F7A0BD12E35C5F100B69C71 /* SwiftUI.framework */ = {isa = PBXFileReference; lastKnownFileType = wrapper.framework; name = SwiftUI.framework; path = System/Library/Frameworks/SwiftUI.framework; sourceTree = SDKROOT; };
		2F7A0C0A2E3649C000B69C71 /* OpenCalendarItemKey.swift */ = {isa = PBXFileReference; lastKnownFileType = sourcecode.swift; path = OpenCalendarItemKey.swift; sourceTree = "<group>"; };
		2F7A0C0E2E364BA200B69C71 /* ComplicationController.swift */ = {isa = PBXFileReference; lastKnownFileType = sourcecode.swift; path = ComplicationController.swift; sourceTree = "<group>"; };
		2FAPP0022E36000200B69C71 /* CalendlyInlineWidgetView.swift */ = {isa = PBXFileReference; lastKnownFileType = sourcecode.swift; path = CalendlyInlineWidgetView.swift; sourceTree = "<group>"; };
		2FB41CD627DEDBB70067F250 /* SettingsControls.swift */ = {isa = PBXFileReference; lastKnownFileType = sourcecode.swift; path = SettingsControls.swift; sourceTree = "<group>"; };
		2FB60E5427E48DFE004DA305 /* CalendarSelection.swift */ = {isa = PBXFileReference; fileEncoding = 4; lastKnownFileType = sourcecode.swift; path = CalendarSelection.swift; sourceTree = "<group>"; };
		2FCLKGE82E38000500B69C71 /* ClockEventLayoutEngineTests.swift */ = {isa = PBXFileReference; lastKnownFileType = sourcecode.swift; path = ClockEventLayoutEngineTests.swift; sourceTree = "<group>"; };
		2FD4077B284FBB6F0022FC49 /* WatchFace App.app */ = {isa = PBXFileReference; explicitFileType = wrapper.application; includeInIndex = 0; path = "WatchFace App.app"; sourceTree = BUILT_PRODUCTS_DIR; };
		2FD40788284FBB700022FC49 /* TimeDrawWatchApp.swift */ = {isa = PBXFileReference; lastKnownFileType = sourcecode.swift; path = TimeDrawWatchApp.swift; sourceTree = "<group>"; };
		2FD4078C284FBB700022FC49 /* NotificationController.swift */ = {isa = PBXFileReference; lastKnownFileType = sourcecode.swift; path = NotificationController.swift; sourceTree = "<group>"; };
		2FD4078E284FBB700022FC49 /* NotificationView.swift */ = {isa = PBXFileReference; lastKnownFileType = sourcecode.swift; path = NotificationView.swift; sourceTree = "<group>"; };
		2FD40792284FBB700022FC49 /* Assets.xcassets */ = {isa = PBXFileReference; lastKnownFileType = folder.assetcatalog; path = Assets.xcassets; sourceTree = "<group>"; };
		2FD40795284FBB700022FC49 /* Preview Assets.xcassets */ = {isa = PBXFileReference; lastKnownFileType = folder.assetcatalog; path = "Preview Assets.xcassets"; sourceTree = "<group>"; };
		2FD40797284FBB700022FC49 /* Info.plist */ = {isa = PBXFileReference; lastKnownFileType = text.plist.xml; path = Info.plist; sourceTree = "<group>"; };
		2FD40798284FBB700022FC49 /* PushNotificationPayload.apns */ = {isa = PBXFileReference; lastKnownFileType = text; path = PushNotificationPayload.apns; sourceTree = "<group>"; };
		2FD4079D284FBB700022FC49 /* WatchFaceTests.xctest */ = {isa = PBXFileReference; explicitFileType = wrapper.cfbundle; includeInIndex = 0; path = WatchFaceTests.xctest; sourceTree = BUILT_PRODUCTS_DIR; };
		2FD6BE472E2177ED00AA7C5A /* Double-Extension.swift */ = {isa = PBXFileReference; lastKnownFileType = sourcecode.swift; path = "Double-Extension.swift"; sourceTree = "<group>"; };
		2FDEBUG012E37000100B69C71 /* DebugTestDataSeeder.swift */ = {isa = PBXFileReference; lastKnownFileType = sourcecode.swift; path = DebugTestDataSeeder.swift; sourceTree = "<group>"; };
		2FONBP012E38000100B69C71 /* OnboardingPermissionPage.swift */ = {isa = PBXFileReference; lastKnownFileType = sourcecode.swift; path = OnboardingPermissionPage.swift; sourceTree = "<group>"; };
		2FSET0012E37000100B69C71 /* Settings.bundle */ = {isa = PBXFileReference; lastKnownFileType = wrapper.cfbundle; path = Settings.bundle; sourceTree = "<group>"; };
		6F0FAB150415892D2EFB758D /* AppCore */ = {isa = PBXFileReference; includeInIndex = 1; lastKnownFileType = wrapper; path = AppCore; sourceTree = "<group>"; };
		816FDFBE301248C5002D82E3 /* EventInput */ = {isa = PBXFileReference; lastKnownFileType = wrapper; path = EventInput; sourceTree = "<group>"; };
		8193FC98300EBDA60002D9C6 /* EventUIComponents */ = {isa = PBXFileReference; lastKnownFileType = wrapper; path = EventUIComponents; sourceTree = "<group>"; };
		8193FC9C300EDA860002D9C6 /* DesignToken */ = {isa = PBXFileReference; lastKnownFileType = wrapper; path = DesignToken; sourceTree = "<group>"; };
		8193FCC1300EE4A50002D9C6 /* WatchFace-App-Info.plist */ = {isa = PBXFileReference; lastKnownFileType = text.plist.xml; path = "WatchFace-App-Info.plist"; sourceTree = "<group>"; };
		8193FCC8300EE6DD0002D9C6 /* ClockFace */ = {isa = PBXFileReference; lastKnownFileType = wrapper; path = ClockFace; sourceTree = "<group>"; };
		8193FCD7300EE8610002D9C6 /* TimeDrawClock.swift */ = {isa = PBXFileReference; lastKnownFileType = sourcecode.swift; path = TimeDrawClock.swift; sourceTree = "<group>"; };
		8193FD36300F7BEA0002D9C6 /* UIComponents */ = {isa = PBXFileReference; lastKnownFileType = wrapper; path = UIComponents; sourceTree = "<group>"; };
		8193FD41300F84A10002D9C6 /* .swiftlint.yml */ = {isa = PBXFileReference; lastKnownFileType = text.yaml; path = .swiftlint.yml; sourceTree = "<group>"; };
		81BF7D1130100BD1004B06F8 /* DailyGoalTextfield */ = {isa = PBXFileReference; lastKnownFileType = wrapper; path = DailyGoalTextfield; sourceTree = "<group>"; };
/* End PBXFileReference section */

/* Begin PBXFileSystemSynchronizedBuildFileExceptionSet section */
		2F7A0BDE2E35C5F200B69C71 /* PBXFileSystemSynchronizedBuildFileExceptionSet */ = {
			isa = PBXFileSystemSynchronizedBuildFileExceptionSet;
			membershipExceptions = (
				Info.plist,
			);
			target = 2F7A0BCD2E35C5F100B69C71 /* TimeDrawWidgetExtension */;
		};
/* End PBXFileSystemSynchronizedBuildFileExceptionSet section */

/* Begin PBXFileSystemSynchronizedRootGroup section */
		2F7A0BD32E35C5F100B69C71 /* TimeDrawWidget */ = {isa = PBXFileSystemSynchronizedRootGroup; exceptions = (2F7A0BDE2E35C5F200B69C71 /* PBXFileSystemSynchronizedBuildFileExceptionSet */, ); explicitFileTypes = {}; explicitFolders = (); path = TimeDrawWidget; sourceTree = "<group>"; };
/* End PBXFileSystemSynchronizedRootGroup section */

/* Begin PBXFrameworksBuildPhase section */
		2F39B84827823CF600FE72C3 /* Frameworks */ = {
			isa = PBXFrameworksBuildPhase;
			buildActionMask = 2147483647;
			files = (
				8193FD38300F7C770002D9C6 /* UIComponents in Frameworks */,
				2F7A0BC72E35C2EA00B69C71 /* ToastWindow in Frameworks */,
				2F471C412E27403D00D37709 /* Dependencies in Frameworks */,
				8193FCCA300EE7450002D9C6 /* ClockFace in Frameworks */,
				81BF7D2C30104FF5004B06F8 /* DailyGoalTextfield in Frameworks */,
				8193FC9E300EDB590002D9C6 /* DesignToken in Frameworks */,
				8193FC9A300ED8AE0002D9C6 /* EventUIComponents in Frameworks */,
				267A48E4608C044090CD5FA9 /* AppCore in Frameworks */,
				29CDFC64C94ED105DF2E3415 /* EventInput in Frameworks */,
			);
			runOnlyForDeploymentPostprocessing = 0;
		};
		2F39B85527823CF600FE72C3 /* Frameworks */ = {
			isa = PBXFrameworksBuildPhase;
			buildActionMask = 2147483647;
			files = (
				C093621478FA3EC5199B45FF /* AppCore in Frameworks */,
			);
			runOnlyForDeploymentPostprocessing = 0;
		};
		2F7A0BCB2E35C5F100B69C71 /* Frameworks */ = {
			isa = PBXFrameworksBuildPhase;
			buildActionMask = 2147483647;
			files = (
				8193FD3C300F7C8B0002D9C6 /* UIComponents in Frameworks */,
				2F7A0BFE2E35C8EF00B69C71 /* Dependencies in Frameworks */,
				2F7A0BD22E35C5F100B69C71 /* SwiftUI.framework in Frameworks */,
				2F7A0C002E35C90600B69C71 /* ToastWindow in Frameworks */,
				8193FCC4300EE5030002D9C6 /* DesignToken in Frameworks */,
				2F7A0BD02E35C5F100B69C71 /* WidgetKit.framework in Frameworks */,
				8193FCC6300EE5030002D9C6 /* EventUIComponents in Frameworks */,
				8193FCCE300EE7500002D9C6 /* ClockFace in Frameworks */,
				99ACA52A2F522DDF9A42202B /* AppCore in Frameworks */,
				8C6C72E5288EB92A4B3D2B83 /* EventInput in Frameworks */,
			);
			runOnlyForDeploymentPostprocessing = 0;
		};
		2FD40780284FBB700022FC49 /* Frameworks */ = {
			isa = PBXFrameworksBuildPhase;
			buildActionMask = 2147483647;
			files = (
				8193FCCC300EE74B0002D9C6 /* ClockFace in Frameworks */,
				2F471C432E27420D00D37709 /* Dependencies in Frameworks */,
				8193FCA0300F00010002D9C6 /* DesignToken in Frameworks */,
				8193FCC0300EE1C60002D9C6 /* EventUIComponents in Frameworks */,
				8193FD3A300F7C850002D9C6 /* UIComponents in Frameworks */,
				09E8910BD1D9A3D4B9A49503 /* AppCore in Frameworks */,
			);
			runOnlyForDeploymentPostprocessing = 0;
		};
		2FD4079A284FBB700022FC49 /* Frameworks */ = {
			isa = PBXFrameworksBuildPhase;
			buildActionMask = 2147483647;
			files = (
			);
			runOnlyForDeploymentPostprocessing = 0;
		};
/* End PBXFrameworksBuildPhase section */

/* Begin PBXGroup section */
		2F2111322799EE370041EE85 /* View Models */ = {
			isa = PBXGroup;
			children = (
				2F471C442E35B95C00D37709 /* ReviewRequestManager.swift */,
			);
			path = "View Models";
			sourceTree = "<group>";
		};
		2F26FE6028CE56F500A9A0AE /* OnboardingViews */ = {
			isa = PBXGroup;
			children = (
				2F26FE5D28CE56E900A9A0AE /* OnboardingExperience.swift */,
				2FONBP012E38000100B69C71 /* OnboardingPermissionPage.swift */,
				2F5427EB28D753D600F08952 /* IntroView.swift */,
			);
			path = OnboardingViews;
			sourceTree = "<group>";
		};
		2F39B83B27823CF600FE72C3 = {
			isa = PBXGroup;
			children = (
				2F646BB0285038CF00D7445D /* README.md */,
				8193FCC1300EE4A50002D9C6 /* WatchFace-App-Info.plist */,
				8193FD41300F84A10002D9C6 /* .swiftlint.yml */,
				2FSET0012E37000100B69C71 /* Settings.bundle */,
				2F39B88527823E1400FE72C3 /* LaunchScreen.storyboard */,
				2F39B84027823CF600FE72C3 /* Shared */,
				5F654E2C27D3722F00D6F53C /* iOS */,
				2F39B85B27823CF600FE72C3 /* Tests iOS */,
				2FD40787284FBB700022FC49 /* WatchFace Watch Extension */,
				2F7A0BD32E35C5F100B69C71 /* TimeDrawWidget */,
				2F39B84C27823CF600FE72C3 /* Products */,
				2FD407D9284FC1C50022FC49 /* Frameworks */,
			);
			sourceTree = "<group>";
		};
		2F39B84027823CF600FE72C3 /* Shared */ = {
			isa = PBXGroup;
			children = (
				6F0FAB150415892D2EFB758D /* AppCore */,
				8193FC9C300EDA860002D9C6 /* DesignToken */,
				8193FCC8300EE6DD0002D9C6 /* ClockFace */,
				8193FC98300EBDA60002D9C6 /* EventUIComponents */,
				8193FD36300F7BEA0002D9C6 /* UIComponents */,
				81BF7D1130100BD1004B06F8 /* DailyGoalTextfield */,
				816FDFBE301248C5002D82E3 /* EventInput */,
				2FB41CD227DE890E0067F250 /* Views */,
				2F2111322799EE370041EE85 /* View Models */,
				2F42C5A92784E71500F0BEB2 /* Utils */,
				2F39B84627823CF600FE72C3 /* Assets.xcassets */,
			);
			path = Shared;
			sourceTree = "<group>";
		};
		2F39B84C27823CF600FE72C3 /* Products */ = {
			isa = PBXGroup;
			children = (
				2F39B84B27823CF600FE72C3 /* TimeDraw.app */,
				2F39B85827823CF600FE72C3 /* Tests iOS.xctest */,
				2FD4077B284FBB6F0022FC49 /* WatchFace App.app */,
				2FD4079D284FBB700022FC49 /* WatchFaceTests.xctest */,
				2F7A0BCE2E35C5F100B69C71 /* TimeDrawWidgetExtension.appex */,
			);
			name = Products;
			sourceTree = "<group>";
		};
		2F39B85B27823CF600FE72C3 /* Tests iOS */ = {
			isa = PBXGroup;
			children = (
				2F39B85C27823CF600FE72C3 /* Tests_iOS.swift */,
				2F39B85E27823CF700FE72C3 /* Tests_iOSLaunchTests.swift */,
				2FCLKGE82E38000500B69C71 /* ClockEventLayoutEngineTests.swift */,
			);
			path = "Tests iOS";
			sourceTree = "<group>";
		};
		2F42C5A92784E71500F0BEB2 /* Utils */ = {
			isa = PBXGroup;
			children = (
				2F24458727D8BDD0005BF37D /* SwipeGesture.swift */,
				2F7A0C0A2E3649C000B69C71 /* OpenCalendarItemKey.swift */,
				2FD6BE472E2177ED00AA7C5A /* Double-Extension.swift */,
			);
			path = Utils;
			sourceTree = "<group>";
		};
		2F8AB31227A25D9F00654FEF /* Settings Menus */ = {
			isa = PBXGroup;
			children = (
				2F6505082787F87A00AF90F7 /* SettingsView.swift */,
				2FAPP0022E36000200B69C71 /* CalendlyInlineWidgetView.swift */,
				2FDEBUG012E37000100B69C71 /* DebugTestDataSeeder.swift */,
				2FB41CD627DEDBB70067F250 /* SettingsControls.swift */,
				2FB60E5427E48DFE004DA305 /* CalendarSelection.swift */,
			);
			path = "Settings Menus";
			sourceTree = "<group>";
		};
		2FB41CD227DE890E0067F250 /* Views */ = {
			isa = PBXGroup;
			children = (
				8193FCD7300EE8610002D9C6 /* TimeDrawClock.swift */,
			);
			path = Views;
			sourceTree = "<group>";
		};
		2FD40787284FBB700022FC49 /* WatchFace Watch Extension */ = {
			isa = PBXGroup;
			children = (
				2FD40788284FBB700022FC49 /* TimeDrawWatchApp.swift */,
				2FD4078C284FBB700022FC49 /* NotificationController.swift */,
				2F7A0C0E2E364BA200B69C71 /* ComplicationController.swift */,
				2FD4078E284FBB700022FC49 /* NotificationView.swift */,
				2FD40792284FBB700022FC49 /* Assets.xcassets */,
				2FD40797284FBB700022FC49 /* Info.plist */,
				2FD40798284FBB700022FC49 /* PushNotificationPayload.apns */,
				2FD40794284FBB700022FC49 /* Preview Content */,
			);
			path = "WatchFace Watch Extension";
			sourceTree = "<group>";
		};
		2FD40794284FBB700022FC49 /* Preview Content */ = {
			isa = PBXGroup;
			children = (
				2FD40795284FBB700022FC49 /* Preview Assets.xcassets */,
			);
			path = "Preview Content";
			sourceTree = "<group>";
		};
		2FD407D9284FC1C50022FC49 /* Frameworks */ = {
			isa = PBXGroup;
			children = (
				2F7A0BCF2E35C5F100B69C71 /* WidgetKit.framework */,
				2F7A0BD12E35C5F100B69C71 /* SwiftUI.framework */,
			);
			name = Frameworks;
			sourceTree = "<group>";
		};
		5F654E2C27D3722F00D6F53C /* iOS */ = {
			isa = PBXGroup;
			children = (
				2F6505272791373800AF90F7 /* TimeDraw--iOS--Info.plist */,
				2F39B88427823DEC00FE72C3 /* TimeDraw (iOS).entitlements */,
				2F39B84327823CF600FE72C3 /* TimeDrawApp.swift */,
				2F39B84427823CF600FE72C3 /* MainViewContainer.swift */,
				2F6505022787A09900AF90F7 /* MainHeader.swift */,
				2F21112F2799B62D0041EE85 /* MainScrollableContent.swift */,
				2F26FE6028CE56F500A9A0AE /* OnboardingViews */,
				2F2343FB27D454BC0064B635 /* CalendarView.swift */,
				2F8AB31227A25D9F00654FEF /* Settings Menus */,
			);
			path = iOS;
			sourceTree = "<group>";
		};
/* End PBXGroup section */

/* Begin PBXNativeTarget section */
		2F39B84A27823CF600FE72C3 /* TimeDraw (iOS) */ = {
			isa = PBXNativeTarget;
			buildConfigurationList = 2F39B87827823CF700FE72C3 /* Build configuration list for PBXNativeTarget "TimeDraw (iOS)" */;
			buildPhases = (
				8193FD3E300F7DAF0002D9C6 /* Swiftlint */,
				2F39B84727823CF600FE72C3 /* Sources */,
				2F39B84827823CF600FE72C3 /* Frameworks */,
				2F39B84927823CF600FE72C3 /* Resources */,
				2FD407B2284FBB700022FC49 /* Embed Watch Content */,
				2F7A0BE22E35C5F200B69C71 /* Embed Foundation Extensions */,
			);
			buildRules = (
			);
			dependencies = (
				8193FCBC300EE1570002D9C6 /* PBXTargetDependency */,
				8193FCBE300EE1570002D9C6 /* PBXTargetDependency */,
				2FD407B0284FBB700022FC49 /* PBXTargetDependency */,
				2F7A0BDC2E35C5F200B69C71 /* PBXTargetDependency */,
			);
			name = "TimeDraw (iOS)";
			packageProductDependencies = (
				2F471C402E27403D00D37709 /* Dependencies */,
				2F7A0BC62E35C2EA00B69C71 /* ToastWindow */,
				8193FC99300ED8AE0002D9C6 /* EventUIComponents */,
				8193FC9D300EDB590002D9C6 /* DesignToken */,
				8193FCC9300EE7450002D9C6 /* ClockFace */,
				8193FD37300F7C770002D9C6 /* UIComponents */,
				81BF7D2B30104FF5004B06F8 /* DailyGoalTextfield */,
				5DB0786970D0B4E66CEF1B73 /* AppCore */,
				17626B7C1B102599B6459DB6 /* EventInput */,
			);
			productName = "TimeDraw (iOS)";
			productReference = 2F39B84B27823CF600FE72C3 /* TimeDraw.app */;
			productType = "com.apple.product-type.application";
		};
		2F39B85727823CF600FE72C3 /* Tests iOS */ = {
			isa = PBXNativeTarget;
			buildConfigurationList = 2F39B87E27823CF700FE72C3 /* Build configuration list for PBXNativeTarget "Tests iOS" */;
			buildPhases = (
				2F39B85427823CF600FE72C3 /* Sources */,
				2F39B85527823CF600FE72C3 /* Frameworks */,
				2F39B85627823CF600FE72C3 /* Resources */,
			);
			buildRules = (
			);
			dependencies = (
				2F39B85A27823CF600FE72C3 /* PBXTargetDependency */,
			);
			name = "Tests iOS";
			packageProductDependencies = (
				54DF95CDE3E5BD80D129BDFB /* AppCore */,
			);
			productName = "Tests iOS";
			productReference = 2F39B85827823CF600FE72C3 /* Tests iOS.xctest */;
			productType = "com.apple.product-type.bundle.ui-testing";
		};
		2F7A0BCD2E35C5F100B69C71 /* TimeDrawWidgetExtension */ = {
			isa = PBXNativeTarget;
			buildConfigurationList = 2F7A0BDF2E35C5F200B69C71 /* Build configuration list for PBXNativeTarget "TimeDrawWidgetExtension" */;
			buildPhases = (
				2F7A0BCA2E35C5F100B69C71 /* Sources */,
				2F7A0BCB2E35C5F100B69C71 /* Frameworks */,
				2F7A0BCC2E35C5F100B69C71 /* Resources */,
			);
			buildRules = (
			);
			dependencies = (
			);
			fileSystemSynchronizedGroups = (
				2F7A0BD32E35C5F100B69C71 /* TimeDrawWidget */,
			);
			name = TimeDrawWidgetExtension;
			packageProductDependencies = (
				2F7A0BFD2E35C8EF00B69C71 /* Dependencies */,
				2F7A0BFF2E35C90600B69C71 /* ToastWindow */,
				8193FCC3300EE5030002D9C6 /* DesignToken */,
				8193FCC5300EE5030002D9C6 /* EventUIComponents */,
				8193FCCD300EE7500002D9C6 /* ClockFace */,
				8193FD3B300F7C8B0002D9C6 /* UIComponents */,
				EB7CDC1388C141FC7D11ABC9 /* AppCore */,
				4DFD33F2E118DA0E62D253F4 /* EventInput */,
			);
			productName = TimeDrawWidgetExtension;
			productReference = 2F7A0BCE2E35C5F100B69C71 /* TimeDrawWidgetExtension.appex */;
			productType = "com.apple.product-type.app-extension";
		};
		2FD4077A284FBB6F0022FC49 /* WatchFace App */ = {
			isa = PBXNativeTarget;
			buildConfigurationList = 2FD407BD284FBB700022FC49 /* Build configuration list for PBXNativeTarget "WatchFace App" */;
			buildPhases = (
				2FD40779284FBB6F0022FC49 /* Resources */,
				2FD4077F284FBB700022FC49 /* Sources */,
				2FD40780284FBB700022FC49 /* Frameworks */,
			);
			buildRules = (
			);
			dependencies = (
			);
			name = "WatchFace App";
			packageProductDependencies = (
				2F471C422E27420D00D37709 /* Dependencies */,
				8193FCA1300F00010002D9C6 /* DesignToken */,
				8193FCBF300EE1C60002D9C6 /* EventUIComponents */,
				8193FCCB300EE74B0002D9C6 /* ClockFace */,
				8193FD39300F7C850002D9C6 /* UIComponents */,
				83680245A18B6280D811789F /* AppCore */,
			);
			productName = WatchFace;
			productReference = 2FD4077B284FBB6F0022FC49 /* WatchFace App.app */;
			productType = "com.apple.product-type.application";
		};
		2FD4079C284FBB700022FC49 /* WatchFaceTests */ = {
			isa = PBXNativeTarget;
			buildConfigurationList = 2FD407BE284FBB700022FC49 /* Build configuration list for PBXNativeTarget "WatchFaceTests" */;
			buildPhases = (
				2FD40799284FBB700022FC49 /* Sources */,
				2FD4079A284FBB700022FC49 /* Frameworks */,
				2FD4079B284FBB700022FC49 /* Resources */,
			);
			buildRules = (
			);
			dependencies = (
			);
			name = WatchFaceTests;
			productName = WatchFaceTests;
			productReference = 2FD4079D284FBB700022FC49 /* WatchFaceTests.xctest */;
			productType = "com.apple.product-type.bundle.unit-test";
		};
/* End PBXNativeTarget section */

/* Begin PBXProject section */
		2F39B83C27823CF600FE72C3 /* Project object */ = {
			isa = PBXProject;
			attributes = {
				BuildIndependentTargetsInParallel = 1;
				LastSwiftUpdateCheck = 1640;
				LastUpgradeCheck = 2650;
				TargetAttributes = {
					2F39B84A27823CF600FE72C3 = {
						CreatedOnToolsVersion = 13.2;
					};
					2F39B85727823CF600FE72C3 = {
						CreatedOnToolsVersion = 13.2;
						TestTargetID = 2F39B84A27823CF600FE72C3;
					};
					2F7A0BCD2E35C5F100B69C71 = {
						CreatedOnToolsVersion = 16.4;
					};
					2FD4077A284FBB6F0022FC49 = {
						CreatedOnToolsVersion = 13.2;
					};
					2FD4079C284FBB700022FC49 = {
						CreatedOnToolsVersion = 13.2;
						TestTargetID = 2FD40782284FBB700022FC49;
					};
				};
			};
			buildConfigurationList = 2F39B83F27823CF600FE72C3 /* Build configuration list for PBXProject "TimeDraw" */;
			compatibilityVersion = "Xcode 13.0";
			developmentRegion = en;
			hasScannedForEncodings = 0;
			knownRegions = (
				en,
				Base,
			);
			mainGroup = 2F39B83B27823CF600FE72C3;
			packageReferences = (
				2FDFFFCC2E2298F800B9D266 /* XCRemoteSwiftPackageReference "ToastWindow" */,
				2F471C3F2E27403D00D37709 /* XCRemoteSwiftPackageReference "swift-dependencies" */,
			);
			productRefGroup = 2F39B84C27823CF600FE72C3 /* Products */;
			projectDirPath = "";
			projectRoot = "";
			targets = (
				2F39B84A27823CF600FE72C3 /* TimeDraw (iOS) */,
				2F39B85727823CF600FE72C3 /* Tests iOS */,
				2FD4077A284FBB6F0022FC49 /* WatchFace App */,
				2FD4079C284FBB700022FC49 /* WatchFaceTests */,
				2F7A0BCD2E35C5F100B69C71 /* TimeDrawWidgetExtension */,
			);
		};
/* End PBXProject section */

/* Begin PBXResourcesBuildPhase section */
		2F39B84927823CF600FE72C3 /* Resources */ = {
			isa = PBXResourcesBuildPhase;
			buildActionMask = 2147483647;
			files = (
				2FSET0022E37000100B69C71 /* Settings.bundle in Resources */,
				2F646BB1285038CF00D7445D /* README.md in Resources */,
				2F39B87427823CF700FE72C3 /* Assets.xcassets in Resources */,
				2F39B88627823E1400FE72C3 /* LaunchScreen.storyboard in Resources */,
			);
			runOnlyForDeploymentPostprocessing = 0;
		};
		2F39B85627823CF600FE72C3 /* Resources */ = {
			isa = PBXResourcesBuildPhase;
			buildActionMask = 2147483647;
			files = (
			);
			runOnlyForDeploymentPostprocessing = 0;
		};
		2F7A0BCC2E35C5F100B69C71 /* Resources */ = {
			isa = PBXResourcesBuildPhase;
			buildActionMask = 2147483647;
			files = (
			);
			runOnlyForDeploymentPostprocessing = 0;
		};
		2FD40779284FBB6F0022FC49 /* Resources */ = {
			isa = PBXResourcesBuildPhase;
			buildActionMask = 2147483647;
			files = (
				2F26FE6128CE7F4C00A9A0AE /* Assets.xcassets in Resources */,
				2FD40793284FBB700022FC49 /* Assets.xcassets in Resources */,
				2FD40796284FBB700022FC49 /* Preview Assets.xcassets in Resources */,
			);
			runOnlyForDeploymentPostprocessing = 0;
		};
		2FD4079B284FBB700022FC49 /* Resources */ = {
			isa = PBXResourcesBuildPhase;
			buildActionMask = 2147483647;
			files = (
				2F26FE6328CE7F4F00A9A0AE /* Assets.xcassets in Resources */,
			);
			runOnlyForDeploymentPostprocessing = 0;
		};
/* End PBXResourcesBuildPhase section */

/* Begin PBXShellScriptBuildPhase section */
		8193FD3E300F7DAF0002D9C6 /* Swiftlint */ = {
			isa = PBXShellScriptBuildPhase;
			buildActionMask = 2147483647;
			files = (
			);
			inputFileListPaths = (
			);
			inputPaths = (
			);
			name = Swiftlint;
			outputFileListPaths = (
			);
			outputPaths = (
			);
			runOnlyForDeploymentPostprocessing = 0;
			shellPath = /bin/sh;
			shellScript = "if [[ \"$(uname -m)\" == arm64 ]]\nthen\n    export PATH=\"/opt/homebrew/bin:$PATH\"\nfi\n\nif command -v swiftlint >/dev/null 2>&1\nthen\n    swiftlint\nelse\n    echo \"warning: `swiftlint` command not found - See https://github.com/realm/SwiftLint#installation for installation instructions.\"\nfi\n";
		};
/* End PBXShellScriptBuildPhase section */

/* Begin PBXSourcesBuildPhase section */
		2F39B84727823CF600FE72C3 /* Sources */ = {
			isa = PBXSourcesBuildPhase;
			buildActionMask = 2147483647;
			files = (
				2F39B86E27823CF700FE72C3 /* TimeDrawApp.swift in Sources */,
				2F7A0C0D2E3649C000B69C71 /* OpenCalendarItemKey.swift in Sources */,
				8193FCD9300EE8610002D9C6 /* TimeDrawClock.swift in Sources */,
				2F471C462E35B95C00D37709 /* ReviewRequestManager.swift in Sources */,
				2F5427EC28D753D700F08952 /* IntroView.swift in Sources */,
				2F6505092787F87A00AF90F7 /* SettingsView.swift in Sources */,
				2F24458827D8BDD0005BF37D /* SwipeGesture.swift in Sources */,
				2F2111302799B62D0041EE85 /* MainScrollableContent.swift in Sources */,
				2F2343FC27D454BC0064B635 /* CalendarView.swift in Sources */,
				2F26FE5E28CE56E900A9A0AE /* OnboardingExperience.swift in Sources */,
				2FONBP022E38000100B69C71 /* OnboardingPermissionPage.swift in Sources */,
				2FB60E5527E48DFE004DA305 /* CalendarSelection.swift in Sources */,
				2FAPP0032E36000200B69C71 /* CalendlyInlineWidgetView.swift in Sources */,
				2FDEBUG022E37000100B69C71 /* DebugTestDataSeeder.swift in Sources */,
				2F39B87027823CF700FE72C3 /* MainViewContainer.swift in Sources */,
				2F6505032787A09900AF90F7 /* MainHeader.swift in Sources */,
				2FB41CD727DEDBB70067F250 /* SettingsControls.swift in Sources */,
				2FD6BE482E2177ED00AA7C5A /* Double-Extension.swift in Sources */,
			);
			runOnlyForDeploymentPostprocessing = 0;
		};
		2F39B85427823CF600FE72C3 /* Sources */ = {
			isa = PBXSourcesBuildPhase;
			buildActionMask = 2147483647;
			files = (
				2F39B85F27823CF700FE72C3 /* Tests_iOSLaunchTests.swift in Sources */,
				2FCLKGE92E38000500B69C71 /* ClockEventLayoutEngineTests.swift in Sources */,
				2F39B85D27823CF600FE72C3 /* Tests_iOS.swift in Sources */,
			);
			runOnlyForDeploymentPostprocessing = 0;
		};
		2F7A0BCA2E35C5F100B69C71 /* Sources */ = {
			isa = PBXSourcesBuildPhase;
			buildActionMask = 2147483647;
			files = (
				2F7A0C0C2E3649C000B69C71 /* OpenCalendarItemKey.swift in Sources */,
				8193FCD8300EE8610002D9C6 /* TimeDrawClock.swift in Sources */,
				2F7A0BF72E35C84200B69C71 /* Double-Extension.swift in Sources */,
				2F7A0BF92E35C84200B69C71 /* SwipeGesture.swift in Sources */,
			);
			runOnlyForDeploymentPostprocessing = 0;
		};
		2FD4077F284FBB700022FC49 /* Sources */ = {
			isa = PBXSourcesBuildPhase;
			buildActionMask = 2147483647;
			files = (
				2F7A0C0B2E3649C000B69C71 /* OpenCalendarItemKey.swift in Sources */,
				2FD4078D284FBB700022FC49 /* NotificationController.swift in Sources */,
				2FD407C6284FBC6C0022FC49 /* SwipeGesture.swift in Sources */,
				2F471C452E35B95C00D37709 /* ReviewRequestManager.swift in Sources */,
				2F7A0C0F2E364BA200B69C71 /* ComplicationController.swift in Sources */,
				2FD6BE492E2177ED00AA7C5A /* Double-Extension.swift in Sources */,
				8193FCDF300EE90F0002D9C6 /* TimeDrawClock.swift in Sources */,
				2FD40789284FBB700022FC49 /* TimeDrawWatchApp.swift in Sources */,
				2FD4078F284FBB700022FC49 /* NotificationView.swift in Sources */,
			);
			runOnlyForDeploymentPostprocessing = 0;
		};
		2FD40799284FBB700022FC49 /* Sources */ = {
			isa = PBXSourcesBuildPhase;
			buildActionMask = 2147483647;
			files = (
			);
			runOnlyForDeploymentPostprocessing = 0;
		};
/* End PBXSourcesBuildPhase section */

/* Begin PBXTargetDependency section */
		2F39B85A27823CF600FE72C3 /* PBXTargetDependency */ = {
			isa = PBXTargetDependency;
			target = 2F39B84A27823CF600FE72C3 /* TimeDraw (iOS) */;
			targetProxy = 2F39B85927823CF600FE72C3 /* PBXContainerItemProxy */;
		};
		2F7A0BDC2E35C5F200B69C71 /* PBXTargetDependency */ = {
			isa = PBXTargetDependency;
			target = 2F7A0BCD2E35C5F100B69C71 /* TimeDrawWidgetExtension */;
			targetProxy = 2F7A0BDB2E35C5F200B69C71 /* PBXContainerItemProxy */;
		};
		2FD407B0284FBB700022FC49 /* PBXTargetDependency */ = {
			isa = PBXTargetDependency;
			target = 2FD4077A284FBB6F0022FC49 /* WatchFace App */;
			targetProxy = 2FD407AF284FBB700022FC49 /* PBXContainerItemProxy */;
		};
		8193FCBC300EE1570002D9C6 /* PBXTargetDependency */ = {
			isa = PBXTargetDependency;
			productRef = 8193FCBB300EE1570002D9C6 /* DesignToken */;
		};
		8193FCBE300EE1570002D9C6 /* PBXTargetDependency */ = {
			isa = PBXTargetDependency;
			productRef = 8193FCBD300EE1570002D9C6 /* EventUIComponents */;
		};
/* End PBXTargetDependency section */

/* Begin XCBuildConfiguration section */
		2F39B87627823CF700FE72C3 /* Debug */ = {
			isa = XCBuildConfiguration;
			buildSettings = {
				ALWAYS_SEARCH_USER_PATHS = NO;
				ASSETCATALOG_COMPILER_GENERATE_SWIFT_ASSET_SYMBOL_EXTENSIONS = YES;
				CLANG_ANALYZER_NONNULL = YES;
				CLANG_ANALYZER_NUMBER_OBJECT_CONVERSION = YES_AGGRESSIVE;
				CLANG_CXX_LANGUAGE_STANDARD = "gnu++17";
				CLANG_CXX_LIBRARY = "libc++";
				CLANG_ENABLE_MODULES = YES;
				CLANG_ENABLE_OBJC_ARC = YES;
				CLANG_ENABLE_OBJC_WEAK = YES;
				CLANG_WARN_BLOCK_CAPTURE_AUTORELEASING = YES;
				CLANG_WARN_BOOL_CONVERSION = YES;
				CLANG_WARN_COMMA = YES;
				CLANG_WARN_CONSTANT_CONVERSION = YES;
				CLANG_WARN_DEPRECATED_OBJC_IMPLEMENTATIONS = YES;
				CLANG_WARN_DIRECT_OBJC_ISA_USAGE = YES_ERROR;
				CLANG_WARN_DOCUMENTATION_COMMENTS = YES;
				CLANG_WARN_EMPTY_BODY = YES;
				CLANG_WARN_ENUM_CONVERSION = YES;
				CLANG_WARN_INFINITE_RECURSION = YES;
				CLANG_WARN_INT_CONVERSION = YES;
				CLANG_WARN_NON_LITERAL_NULL_CONVERSION = YES;
				CLANG_WARN_OBJC_IMPLICIT_RETAIN_SELF = YES;
				CLANG_WARN_OBJC_LITERAL_CONVERSION = YES;
				CLANG_WARN_OBJC_ROOT_CLASS = YES_ERROR;
				CLANG_WARN_QUOTED_INCLUDE_IN_FRAMEWORK_HEADER = YES;
				CLANG_WARN_RANGE_LOOP_ANALYSIS = YES;
				CLANG_WARN_STRICT_PROTOTYPES = YES;
				CLANG_WARN_SUSPICIOUS_MOVE = YES;
				CLANG_WARN_UNGUARDED_AVAILABILITY = YES_AGGRESSIVE;
				CLANG_WARN_UNREACHABLE_CODE = YES;
				CLANG_WARN__DUPLICATE_METHOD_MATCH = YES;
				COPY_PHASE_STRIP = NO;
				DEAD_CODE_STRIPPING = YES;
				DEBUG_INFORMATION_FORMAT = dwarf;
				DEVELOPMENT_TEAM = KLQC884752;
				ENABLE_STRICT_OBJC_MSGSEND = YES;
				ENABLE_TESTABILITY = YES;
				ENABLE_USER_SCRIPT_SANDBOXING = YES;
				GCC_C_LANGUAGE_STANDARD = gnu11;
				GCC_DYNAMIC_NO_PIC = NO;
				GCC_NO_COMMON_BLOCKS = YES;
				GCC_OPTIMIZATION_LEVEL = 0;
				GCC_PREPROCESSOR_DEFINITIONS = (
					"DEBUG=1",
					"$(inherited)",
				);
				GCC_WARN_64_TO_32_BIT_CONVERSION = YES;
				GCC_WARN_ABOUT_RETURN_TYPE = YES_ERROR;
				GCC_WARN_UNDECLARED_SELECTOR = YES;
				GCC_WARN_UNINITIALIZED_AUTOS = YES_AGGRESSIVE;
				GCC_WARN_UNUSED_FUNCTION = YES;
				GCC_WARN_UNUSED_VARIABLE = YES;
				IPHONEOS_DEPLOYMENT_TARGET = 17.0;
				MTL_ENABLE_DEBUG_INFO = INCLUDE_SOURCE;
				MTL_FAST_MATH = YES;
				ONLY_ACTIVE_ARCH = YES;
				STRING_CATALOG_GENERATE_SYMBOLS = YES;
				SWIFT_ACTIVE_COMPILATION_CONDITIONS = DEBUG;
				SWIFT_OPTIMIZATION_LEVEL = "-Onone";
			};
			name = Debug;
		};
		2F39B87727823CF700FE72C3 /* Release */ = {
			isa = XCBuildConfiguration;
			buildSettings = {
				ALWAYS_SEARCH_USER_PATHS = NO;
				ASSETCATALOG_COMPILER_GENERATE_SWIFT_ASSET_SYMBOL_EXTENSIONS = YES;
				CLANG_ANALYZER_NONNULL = YES;
				CLANG_ANALYZER_NUMBER_OBJECT_CONVERSION = YES_AGGRESSIVE;
				CLANG_CXX_LANGUAGE_STANDARD = "gnu++17";
				CLANG_CXX_LIBRARY = "libc++";
				CLANG_ENABLE_MODULES = YES;
				CLANG_ENABLE_OBJC_ARC = YES;
				CLANG_ENABLE_OBJC_WEAK = YES;
				CLANG_WARN_BLOCK_CAPTURE_AUTORELEASING = YES;
				CLANG_WARN_BOOL_CONVERSION = YES;
				CLANG_WARN_COMMA = YES;
				CLANG_WARN_CONSTANT_CONVERSION = YES;
				CLANG_WARN_DEPRECATED_OBJC_IMPLEMENTATIONS = YES;
				CLANG_WARN_DIRECT_OBJC_ISA_USAGE = YES_ERROR;
				CLANG_WARN_DOCUMENTATION_COMMENTS = YES;
				CLANG_WARN_EMPTY_BODY = YES;
				CLANG_WARN_ENUM_CONVERSION = YES;
				CLANG_WARN_INFINITE_RECURSION = YES;
				CLANG_WARN_INT_CONVERSION = YES;
				CLANG_WARN_NON_LITERAL_NULL_CONVERSION = YES;
				CLANG_WARN_OBJC_IMPLICIT_RETAIN_SELF = YES;
				CLANG_WARN_OBJC_LITERAL_CONVERSION = YES;
				CLANG_WARN_OBJC_ROOT_CLASS = YES_ERROR;
				CLANG_WARN_QUOTED_INCLUDE_IN_FRAMEWORK_HEADER = YES;
				CLANG_WARN_RANGE_LOOP_ANALYSIS = YES;
				CLANG_WARN_STRICT_PROTOTYPES = YES;
				CLANG_WARN_SUSPICIOUS_MOVE = YES;
				CLANG_WARN_UNGUARDED_AVAILABILITY = YES_AGGRESSIVE;
				CLANG_WARN_UNREACHABLE_CODE = YES;
				CLANG_WARN__DUPLICATE_METHOD_MATCH = YES;
				COPY_PHASE_STRIP = NO;
				DEAD_CODE_STRIPPING = YES;
				DEBUG_INFORMATION_FORMAT = "dwarf-with-dsym";
				DEVELOPMENT_TEAM = KLQC884752;
				ENABLE_NS_ASSERTIONS = NO;
				ENABLE_STRICT_OBJC_MSGSEND = YES;
				ENABLE_USER_SCRIPT_SANDBOXING = YES;
				GCC_C_LANGUAGE_STANDARD = gnu11;
				GCC_NO_COMMON_BLOCKS = YES;
				GCC_WARN_64_TO_32_BIT_CONVERSION = YES;
				GCC_WARN_ABOUT_RETURN_TYPE = YES_ERROR;
				GCC_WARN_UNDECLARED_SELECTOR = YES;
				GCC_WARN_UNINITIALIZED_AUTOS = YES_AGGRESSIVE;
				GCC_WARN_UNUSED_FUNCTION = YES;
				GCC_WARN_UNUSED_VARIABLE = YES;
				IPHONEOS_DEPLOYMENT_TARGET = 17.0;
				MTL_ENABLE_DEBUG_INFO = NO;
				MTL_FAST_MATH = YES;
				STRING_CATALOG_GENERATE_SYMBOLS = YES;
				SWIFT_COMPILATION_MODE = wholemodule;
				SWIFT_OPTIMIZATION_LEVEL = "-O";
			};
			name = Release;
		};
		2F39B87927823CF700FE72C3 /* Debug */ = {
			isa = XCBuildConfiguration;
			buildSettings = {
				ASSETCATALOG_COMPILER_APPICON_NAME = AppIcon;
				ASSETCATALOG_COMPILER_GLOBAL_ACCENT_COLOR_NAME = AccentColor;
				CODE_SIGN_ENTITLEMENTS = "iOS/TimeDraw (iOS).entitlements";
				CODE_SIGN_STYLE = Automatic;
				CURRENT_PROJECT_VERSION = 1;
				ENABLE_PREVIEWS = YES;
				ENABLE_USER_SCRIPT_SANDBOXING = NO;
				GENERATE_INFOPLIST_FILE = YES;
				INFOPLIST_FILE = "iOS/TimeDraw--iOS--Info.plist";
				INFOPLIST_KEY_CFBundleDisplayName = "Time Draw";
				INFOPLIST_KEY_ITSAppUsesNonExemptEncryption = NO;
				INFOPLIST_KEY_LSApplicationCategoryType = "public.app-category.productivity";
				INFOPLIST_KEY_NSCalendarsUsageDescription = "Time Draw can create and display Calendar Events";
				INFOPLIST_KEY_NSRemindersUsageDescription = "Time Draw can create and display your Reminders";
				INFOPLIST_KEY_UIApplicationSupportsIndirectInputEvents = YES;
				INFOPLIST_KEY_UILaunchScreen_Generation = YES;
				INFOPLIST_KEY_UILaunchStoryboardName = LaunchScreen;
				INFOPLIST_KEY_UIMainStoryboardFile = LaunchScreen;
				INFOPLIST_KEY_UISupportedInterfaceOrientations = "UIInterfaceOrientationPortrait UIInterfaceOrientationPortraitUpsideDown";
				INFOPLIST_KEY_UISupportedInterfaceOrientations_iPad = "UIInterfaceOrientationLandscapeLeft UIInterfaceOrientationLandscapeRight UIInterfaceOrientationPortrait UIInterfaceOrientationPortraitUpsideDown";
				IPHONEOS_DEPLOYMENT_TARGET = 17.0;
				LD_RUNPATH_SEARCH_PATHS = (
					"$(inherited)",
					"@executable_path/Frameworks",
				);
				MARKETING_VERSION = 0.7.0;
				PRODUCT_BUNDLE_IDENTIFIER = com.michaelrobertellis.TimeDraw;
				PRODUCT_NAME = TimeDraw;
				SDKROOT = iphoneos;
				SUPPORTS_MACCATALYST = YES;
				SWIFT_EMIT_LOC_STRINGS = YES;
				SWIFT_VERSION = 5.0;
				TARGETED_DEVICE_FAMILY = "1,2,6";
			};
			name = Debug;
		};
		2F39B87A27823CF700FE72C3 /* Release */ = {
			isa = XCBuildConfiguration;
			buildSettings = {
				ASSETCATALOG_COMPILER_APPICON_NAME = AppIcon;
				ASSETCATALOG_COMPILER_GLOBAL_ACCENT_COLOR_NAME = AccentColor;
				CODE_SIGN_ENTITLEMENTS = "iOS/TimeDraw (iOS).entitlements";
				CODE_SIGN_STYLE = Automatic;
				CURRENT_PROJECT_VERSION = 1;
				ENABLE_PREVIEWS = YES;
				ENABLE_USER_SCRIPT_SANDBOXING = NO;
				GENERATE_INFOPLIST_FILE = YES;
				INFOPLIST_FILE = "iOS/TimeDraw--iOS--Info.plist";
				INFOPLIST_KEY_CFBundleDisplayName = "Time Draw";
				INFOPLIST_KEY_ITSAppUsesNonExemptEncryption = NO;
				INFOPLIST_KEY_LSApplicationCategoryType = "public.app-category.productivity";
				INFOPLIST_KEY_NSCalendarsUsageDescription = "Time Draw can create and display Calendar Events";
				INFOPLIST_KEY_NSRemindersUsageDescription = "Time Draw can create and display your Reminders";
				INFOPLIST_KEY_UIApplicationSupportsIndirectInputEvents = YES;
				INFOPLIST_KEY_UILaunchScreen_Generation = YES;
				INFOPLIST_KEY_UILaunchStoryboardName = LaunchScreen;
				INFOPLIST_KEY_UIMainStoryboardFile = LaunchScreen;
				INFOPLIST_KEY_UISupportedInterfaceOrientations = "UIInterfaceOrientationPortrait UIInterfaceOrientationPortraitUpsideDown";
				INFOPLIST_KEY_UISupportedInterfaceOrientations_iPad = "UIInterfaceOrientationLandscapeLeft UIInterfaceOrientationLandscapeRight UIInterfaceOrientationPortrait UIInterfaceOrientationPortraitUpsideDown";
				IPHONEOS_DEPLOYMENT_TARGET = 17.0;
				LD_RUNPATH_SEARCH_PATHS = (
					"$(inherited)",
					"@executable_path/Frameworks",
				);
				MARKETING_VERSION = 0.7.0;
				PRODUCT_BUNDLE_IDENTIFIER = com.michaelrobertellis.TimeDraw;
				PRODUCT_NAME = TimeDraw;
				SDKROOT = iphoneos;
				SUPPORTS_MACCATALYST = YES;
				SWIFT_EMIT_LOC_STRINGS = YES;
				SWIFT_VERSION = 5.0;
				TARGETED_DEVICE_FAMILY = "1,2,6";
				VALIDATE_PRODUCT = YES;
			};
			name = Release;
		};
		2F39B87F27823CF700FE72C3 /* Debug */ = {
			isa = XCBuildConfiguration;
			buildSettings = {
				CODE_SIGN_STYLE = Automatic;
				CURRENT_PROJECT_VERSION = 13;
				GENERATE_INFOPLIST_FILE = YES;
				IPHONEOS_DEPLOYMENT_TARGET = 17.0;
				MARKETING_VERSION = 1.0;
				PRODUCT_BUNDLE_IDENTIFIER = "com.michaelrobertellis.Tests-iOS";
				PRODUCT_NAME = "$(TARGET_NAME)";
				SDKROOT = iphoneos;
				SWIFT_EMIT_LOC_STRINGS = NO;
				SWIFT_VERSION = 5.0;
				TARGETED_DEVICE_FAMILY = "1,2";
				TEST_TARGET_NAME = "TimeDraw (iOS)";
			};
			name = Debug;
		};
		2F39B88027823CF700FE72C3 /* Release */ = {
			isa = XCBuildConfiguration;
			buildSettings = {
				CODE_SIGN_STYLE = Automatic;
				CURRENT_PROJECT_VERSION = 13;
				GENERATE_INFOPLIST_FILE = YES;
				IPHONEOS_DEPLOYMENT_TARGET = 17.0;
				MARKETING_VERSION = 1.0;
				PRODUCT_BUNDLE_IDENTIFIER = "com.michaelrobertellis.Tests-iOS";
				PRODUCT_NAME = "$(TARGET_NAME)";
				SDKROOT = iphoneos;
				SWIFT_EMIT_LOC_STRINGS = NO;
				SWIFT_VERSION = 5.0;
				TARGETED_DEVICE_FAMILY = "1,2";
				TEST_TARGET_NAME = "TimeDraw (iOS)";
				VALIDATE_PRODUCT = YES;
			};
			name = Release;
		};
		2F7A0BE02E35C5F200B69C71 /* Debug */ = {
			isa = XCBuildConfiguration;
			buildSettings = {
				ASSETCATALOG_COMPILER_GLOBAL_ACCENT_COLOR_NAME = AccentColor;
				ASSETCATALOG_COMPILER_WIDGET_BACKGROUND_COLOR_NAME = WidgetBackground;
				CLANG_CXX_LANGUAGE_STANDARD = "gnu++20";
				CODE_SIGN_STYLE = Automatic;
				CURRENT_PROJECT_VERSION = 1;
				GCC_C_LANGUAGE_STANDARD = gnu17;
				GENERATE_INFOPLIST_FILE = YES;
				INFOPLIST_FILE = TimeDrawWidget/Info.plist;
				INFOPLIST_KEY_CFBundleDisplayName = TimeDrawWidget;
				INFOPLIST_KEY_NSHumanReadableCopyright = "";
				IPHONEOS_DEPLOYMENT_TARGET = 17.0;
				LD_RUNPATH_SEARCH_PATHS = (
					"$(inherited)",
					"@executable_path/Frameworks",
					"@executable_path/../../Frameworks",
				);
				LOCALIZATION_PREFERS_STRING_CATALOGS = YES;
				MARKETING_VERSION = 0.7.0;
				PRODUCT_BUNDLE_IDENTIFIER = com.michaelrobertellis.TimeDraw.TimeDrawWidget;
				PRODUCT_NAME = "$(TARGET_NAME)";
				SDKROOT = iphoneos;
				SKIP_INSTALL = YES;
				SWIFT_ACTIVE_COMPILATION_CONDITIONS = "DEBUG $(inherited)";
				SWIFT_EMIT_LOC_STRINGS = YES;
				SWIFT_VERSION = 5.0;
				TARGETED_DEVICE_FAMILY = "1,2";
			};
			name = Debug;
		};
		2F7A0BE12E35C5F200B69C71 /* Release */ = {
			isa = XCBuildConfiguration;
			buildSettings = {
				ASSETCATALOG_COMPILER_GLOBAL_ACCENT_COLOR_NAME = AccentColor;
				ASSETCATALOG_COMPILER_WIDGET_BACKGROUND_COLOR_NAME = WidgetBackground;
				CLANG_CXX_LANGUAGE_STANDARD = "gnu++20";
				CODE_SIGN_STYLE = Automatic;
				CURRENT_PROJECT_VERSION = 1;
				GCC_C_LANGUAGE_STANDARD = gnu17;
				GENERATE_INFOPLIST_FILE = YES;
				INFOPLIST_FILE = TimeDrawWidget/Info.plist;
				INFOPLIST_KEY_CFBundleDisplayName = TimeDrawWidget;
				INFOPLIST_KEY_NSHumanReadableCopyright = "";
				IPHONEOS_DEPLOYMENT_TARGET = 17.0;
				LD_RUNPATH_SEARCH_PATHS = (
					"$(inherited)",
					"@executable_path/Frameworks",
					"@executable_path/../../Frameworks",
				);
				LOCALIZATION_PREFERS_STRING_CATALOGS = YES;
				MARKETING_VERSION = 0.7.0;
				PRODUCT_BUNDLE_IDENTIFIER = com.michaelrobertellis.TimeDraw.TimeDrawWidget;
				PRODUCT_NAME = "$(TARGET_NAME)";
				SDKROOT = iphoneos;
				SKIP_INSTALL = YES;
				SWIFT_EMIT_LOC_STRINGS = YES;
				SWIFT_VERSION = 5.0;
				TARGETED_DEVICE_FAMILY = "1,2";
				VALIDATE_PRODUCT = YES;
			};
			name = Release;
		};
		2FD407B3284FBB700022FC49 /* Debug */ = {
			isa = XCBuildConfiguration;
			buildSettings = {
				ASSETCATALOG_COMPILER_APPICON_NAME = AppIcon;
				ASSETCATALOG_COMPILER_COMPLICATION_NAME = Complication;
				ASSETCATALOG_COMPILER_GLOBAL_ACCENT_COLOR_NAME = AccentColor;
				CODE_SIGN_IDENTITY = "Apple Development";
				CODE_SIGN_STYLE = Automatic;
				CURRENT_PROJECT_VERSION = 1;
				ENABLE_USER_SCRIPT_SANDBOXING = YES;
				GENERATE_INFOPLIST_FILE = YES;
				INFOPLIST_FILE = "WatchFace-App-Info.plist";
				INFOPLIST_KEY_CFBundleDisplayName = WatchFace;
				INFOPLIST_KEY_CLKComplicationPrincipalClass = WatchFace_WatchKit_Extension.ComplicationController;
				INFOPLIST_KEY_NSCalendarsUsageDescription = "Time Draw can create and display Calendar Events";
				INFOPLIST_KEY_NSHumanReadableCopyright = "";
				INFOPLIST_KEY_NSRemindersUsageDescription = "Time Draw can create and display your Reminders";
				INFOPLIST_KEY_UISupportedInterfaceOrientations = "UIInterfaceOrientationPortrait UIInterfaceOrientationPortraitUpsideDown";
				INFOPLIST_KEY_WKCompanionAppBundleIdentifier = com.michaelrobertellis.TimeDraw;
				LD_RUNPATH_SEARCH_PATHS = (
					"@executable_path/Frameworks",
					"@executable_path/../../Frameworks",
				);
				MARKETING_VERSION = 0.7.0;
				PRODUCT_BUNDLE_IDENTIFIER = com.michaelrobertellis.TimeDraw.watchkitapp;
				PRODUCT_NAME = "$(TARGET_NAME)";
				PROVISIONING_PROFILE_SPECIFIER = "";
				SDKROOT = watchos;
				SKIP_INSTALL = YES;
				SWIFT_EMIT_LOC_STRINGS = YES;
				SWIFT_VERSION = 5.0;
				TARGETED_DEVICE_FAMILY = 4;
				WATCHOS_DEPLOYMENT_TARGET = 11.0;
			};
			name = Debug;
		};
		2FD407B4284FBB700022FC49 /* Release */ = {
			isa = XCBuildConfiguration;
			buildSettings = {
				ASSETCATALOG_COMPILER_APPICON_NAME = AppIcon;
				ASSETCATALOG_COMPILER_COMPLICATION_NAME = Complication;
				ASSETCATALOG_COMPILER_GLOBAL_ACCENT_COLOR_NAME = AccentColor;
				CODE_SIGN_IDENTITY = "Apple Development";
				CODE_SIGN_STYLE = Automatic;
				CURRENT_PROJECT_VERSION = 1;
				ENABLE_USER_SCRIPT_SANDBOXING = YES;
				GENERATE_INFOPLIST_FILE = YES;
				INFOPLIST_FILE = "WatchFace-App-Info.plist";
				INFOPLIST_KEY_CFBundleDisplayName = WatchFace;
				INFOPLIST_KEY_CLKComplicationPrincipalClass = WatchFace_WatchKit_Extension.ComplicationController;
				INFOPLIST_KEY_NSCalendarsUsageDescription = "Time Draw can create and display Calendar Events";
				INFOPLIST_KEY_NSHumanReadableCopyright = "";
				INFOPLIST_KEY_NSRemindersUsageDescription = "Time Draw can create and display your Reminders";
				INFOPLIST_KEY_UISupportedInterfaceOrientations = "UIInterfaceOrientationPortrait UIInterfaceOrientationPortraitUpsideDown";
				INFOPLIST_KEY_WKCompanionAppBundleIdentifier = com.michaelrobertellis.TimeDraw;
				LD_RUNPATH_SEARCH_PATHS = (
					"@executable_path/Frameworks",
					"@executable_path/../../Frameworks",
				);
				MARKETING_VERSION = 0.7.0;
				PRODUCT_BUNDLE_IDENTIFIER = com.michaelrobertellis.TimeDraw.watchkitapp;
				PRODUCT_NAME = "$(TARGET_NAME)";
				PROVISIONING_PROFILE_SPECIFIER = "";
				SDKROOT = watchos;
				SKIP_INSTALL = YES;
				SWIFT_EMIT_LOC_STRINGS = YES;
				SWIFT_VERSION = 5.0;
				TARGETED_DEVICE_FAMILY = 4;
				VALIDATE_PRODUCT = YES;
				WATCHOS_DEPLOYMENT_TARGET = 11.0;
			};
			name = Release;
		};
		2FD407B8284FBB700022FC49 /* Debug */ = {
			isa = XCBuildConfiguration;
			buildSettings = {
				BUNDLE_LOADER = "$(TEST_HOST)";
				CODE_SIGN_STYLE = Automatic;
				CURRENT_PROJECT_VERSION = 13;
				GENERATE_INFOPLIST_FILE = YES;
				MARKETING_VERSION = 1.0;
				PRODUCT_BUNDLE_IDENTIFIER = com.michaelrobertellis.TimeDraw.WatchFaceTests;
				PRODUCT_NAME = "$(TARGET_NAME)";
				SDKROOT = watchos;
				SWIFT_EMIT_LOC_STRINGS = NO;
				SWIFT_VERSION = 5.0;
				TARGETED_DEVICE_FAMILY = 4;
				TEST_HOST = "$(BUILT_PRODUCTS_DIR)/WatchFace WatchKit Extension.appex/WatchFace WatchKit Extension";
				WATCHOS_DEPLOYMENT_TARGET = 11.0;
			};
			name = Debug;
		};
		2FD407B9284FBB700022FC49 /* Release */ = {
			isa = XCBuildConfiguration;
			buildSettings = {
				BUNDLE_LOADER = "$(TEST_HOST)";
				CODE_SIGN_STYLE = Automatic;
				CURRENT_PROJECT_VERSION = 13;
				GENERATE_INFOPLIST_FILE = YES;
				MARKETING_VERSION = 1.0;
				PRODUCT_BUNDLE_IDENTIFIER = com.michaelrobertellis.TimeDraw.WatchFaceTests;
				PRODUCT_NAME = "$(TARGET_NAME)";
				SDKROOT = watchos;
				SWIFT_EMIT_LOC_STRINGS = NO;
				SWIFT_VERSION = 5.0;
				TARGETED_DEVICE_FAMILY = 4;
				TEST_HOST = "$(BUILT_PRODUCTS_DIR)/WatchFace WatchKit Extension.appex/WatchFace WatchKit Extension";
				VALIDATE_PRODUCT = YES;
				WATCHOS_DEPLOYMENT_TARGET = 11.0;
			};
			name = Release;
		};
/* End XCBuildConfiguration section */

/* Begin XCConfigurationList section */
		2F39B83F27823CF600FE72C3 /* Build configuration list for PBXProject "TimeDraw" */ = {
			isa = XCConfigurationList;
			buildConfigurations = (
				2F39B87627823CF700FE72C3 /* Debug */,
				2F39B87727823CF700FE72C3 /* Release */,
			);
			defaultConfigurationIsVisible = 0;
			defaultConfigurationName = Release;
		};
		2F39B87827823CF700FE72C3 /* Build configuration list for PBXNativeTarget "TimeDraw (iOS)" */ = {
			isa = XCConfigurationList;
			buildConfigurations = (
				2F39B87927823CF700FE72C3 /* Debug */,
				2F39B87A27823CF700FE72C3 /* Release */,
			);
			defaultConfigurationIsVisible = 0;
			defaultConfigurationName = Release;
		};
		2F39B87E27823CF700FE72C3 /* Build configuration list for PBXNativeTarget "Tests iOS" */ = {
			isa = XCConfigurationList;
			buildConfigurations = (
				2F39B87F27823CF700FE72C3 /* Debug */,
				2F39B88027823CF700FE72C3 /* Release */,
			);
			defaultConfigurationIsVisible = 0;
			defaultConfigurationName = Release;
		};
		2F7A0BDF2E35C5F200B69C71 /* Build configuration list for PBXNativeTarget "TimeDrawWidgetExtension" */ = {
			isa = XCConfigurationList;
			buildConfigurations = (
				2F7A0BE02E35C5F200B69C71 /* Debug */,
				2F7A0BE12E35C5F200B69C71 /* Release */,
			);
			defaultConfigurationIsVisible = 0;
			defaultConfigurationName = Release;
		};
		2FD407BD284FBB700022FC49 /* Build configuration list for PBXNativeTarget "WatchFace App" */ = {
			isa = XCConfigurationList;
			buildConfigurations = (
				2FD407B3284FBB700022FC49 /* Debug */,
				2FD407B4284FBB700022FC49 /* Release */,
			);
			defaultConfigurationIsVisible = 0;
			defaultConfigurationName = Release;
		};
		2FD407BE284FBB700022FC49 /* Build configuration list for PBXNativeTarget "WatchFaceTests" */ = {
			isa = XCConfigurationList;
			buildConfigurations = (
				2FD407B8284FBB700022FC49 /* Debug */,
				2FD407B9284FBB700022FC49 /* Release */,
			);
			defaultConfigurationIsVisible = 0;
			defaultConfigurationName = Release;
		};
/* End XCConfigurationList section */

/* Begin XCRemoteSwiftPackageReference section */
		2F471C3F2E27403D00D37709 /* XCRemoteSwiftPackageReference "swift-dependencies" */ = {
			isa = XCRemoteSwiftPackageReference;
			repositoryURL = "https://github.com/pointfreeco/swift-dependencies";
			requirement = {
				kind = upToNextMajorVersion;
				minimumVersion = 1.9.2;
			};
		};
		2FDFFFCC2E2298F800B9D266 /* XCRemoteSwiftPackageReference "ToastWindow" */ = {
			isa = XCRemoteSwiftPackageReference;
			repositoryURL = "https://github.com/michael94ellis/ToastWindow";
			requirement = {
				kind = upToNextMajorVersion;
				minimumVersion = 1.0.1;
			};
		};
/* End XCRemoteSwiftPackageReference section */

/* Begin XCSwiftPackageProductDependency section */
		17626B7C1B102599B6459DB6 /* EventInput */ = {
			isa = XCSwiftPackageProductDependency;
			productName = EventInput;
		};
		2F471C402E27403D00D37709 /* Dependencies */ = {
			isa = XCSwiftPackageProductDependency;
			package = 2F471C3F2E27403D00D37709 /* XCRemoteSwiftPackageReference "swift-dependencies" */;
			productName = Dependencies;
		};
		2F471C422E27420D00D37709 /* Dependencies */ = {
			isa = XCSwiftPackageProductDependency;
			package = 2F471C3F2E27403D00D37709 /* XCRemoteSwiftPackageReference "swift-dependencies" */;
			productName = Dependencies;
		};
		2F7A0BC62E35C2EA00B69C71 /* ToastWindow */ = {
			isa = XCSwiftPackageProductDependency;
			package = 2FDFFFCC2E2298F800B9D266 /* XCRemoteSwiftPackageReference "ToastWindow" */;
			productName = ToastWindow;
		};
		2F7A0BFD2E35C8EF00B69C71 /* Dependencies */ = {
			isa = XCSwiftPackageProductDependency;
			package = 2F471C3F2E27403D00D37709 /* XCRemoteSwiftPackageReference "swift-dependencies" */;
			productName = Dependencies;
		};
		2F7A0BFF2E35C90600B69C71 /* ToastWindow */ = {
			isa = XCSwiftPackageProductDependency;
			package = 2FDFFFCC2E2298F800B9D266 /* XCRemoteSwiftPackageReference "ToastWindow" */;
			productName = ToastWindow;
		};
		4DFD33F2E118DA0E62D253F4 /* EventInput */ = {
			isa = XCSwiftPackageProductDependency;
			productName = EventInput;
		};
		54DF95CDE3E5BD80D129BDFB /* AppCore */ = {
			isa = XCSwiftPackageProductDependency;
			productName = AppCore;
		};
		5DB0786970D0B4E66CEF1B73 /* AppCore */ = {
			isa = XCSwiftPackageProductDependency;
			productName = AppCore;
		};
		8193FC99300ED8AE0002D9C6 /* EventUIComponents */ = {
			isa = XCSwiftPackageProductDependency;
			productName = EventUIComponents;
		};
		8193FC9D300EDB590002D9C6 /* DesignToken */ = {
			isa = XCSwiftPackageProductDependency;
			productName = DesignToken;
		};
		8193FCA1300F00010002D9C6 /* DesignToken */ = {
			isa = XCSwiftPackageProductDependency;
			productName = DesignToken;
		};
		8193FCBB300EE1570002D9C6 /* DesignToken */ = {
			isa = XCSwiftPackageProductDependency;
			productName = DesignToken;
		};
		8193FCBD300EE1570002D9C6 /* EventUIComponents */ = {
			isa = XCSwiftPackageProductDependency;
			productName = EventUIComponents;
		};
		8193FCBF300EE1C60002D9C6 /* EventUIComponents */ = {
			isa = XCSwiftPackageProductDependency;
			productName = EventUIComponents;
		};
		8193FCC3300EE5030002D9C6 /* DesignToken */ = {
			isa = XCSwiftPackageProductDependency;
			productName = DesignToken;
		};
		8193FCC5300EE5030002D9C6 /* EventUIComponents */ = {
			isa = XCSwiftPackageProductDependency;
			productName = EventUIComponents;
		};
		8193FCC9300EE7450002D9C6 /* ClockFace */ = {
			isa = XCSwiftPackageProductDependency;
			productName = ClockFace;
		};
		8193FCCB300EE74B0002D9C6 /* ClockFace */ = {
			isa = XCSwiftPackageProductDependency;
			productName = ClockFace;
		};
		8193FCCD300EE7500002D9C6 /* ClockFace */ = {
			isa = XCSwiftPackageProductDependency;
			productName = ClockFace;
		};
		8193FD37300F7C770002D9C6 /* UIComponents */ = {
			isa = XCSwiftPackageProductDependency;
			productName = UIComponents;
		};
		8193FD39300F7C850002D9C6 /* UIComponents */ = {
			isa = XCSwiftPackageProductDependency;
			productName = UIComponents;
		};
		8193FD3B300F7C8B0002D9C6 /* UIComponents */ = {
			isa = XCSwiftPackageProductDependency;
			productName = UIComponents;
		};
		81BF7D2B30104FF5004B06F8 /* DailyGoalTextfield */ = {
			isa = XCSwiftPackageProductDependency;
			productName = DailyGoalTextfield;
		};
		83680245A18B6280D811789F /* AppCore */ = {
			isa = XCSwiftPackageProductDependency;
			productName = AppCore;
		};
		EB7CDC1388C141FC7D11ABC9 /* AppCore */ = {
			isa = XCSwiftPackageProductDependency;
			productName = AppCore;
		};
/* End XCSwiftPackageProductDependency section */
	};
	rootObject = 2F39B83C27823CF600FE72C3 /* Project object */;
}
