// !$*UTF8*$!
{
	archiveVersion = 1;
	classes = {
	};
	objectVersion = 70;
	objects = {

/* Begin PBXBuildFile section */
		2F1F8FA427D3AAEF00648234 /* CalendarItemListViewModel.swift in Sources */ = {isa = PBXBuildFile; fileRef = 2F1F8FA327D3AAEF00648234 /* CalendarItemListViewModel.swift */; };
		2F2111302799B62D0041EE85 /* MainScrollableContent.swift in Sources */ = {isa = PBXBuildFile; fileRef = 2F21112F2799B62D0041EE85 /* MainScrollableContent.swift */; };
		2F211134279A4F4E0041EE85 /* AddRecurrenceRule.swift in Sources */ = {isa = PBXBuildFile; fileRef = 2F211133279A4F4E0041EE85 /* AddRecurrenceRule.swift */; };
		2F2343FC27D454BC0064B635 /* CalendarView.swift in Sources */ = {isa = PBXBuildFile; fileRef = 2F2343FB27D454BC0064B635 /* CalendarView.swift */; };
		2F24457F27D797C9005BF37D /* EventKit-Extension.swift in Sources */ = {isa = PBXBuildFile; fileRef = 2F24457E27D797C9005BF37D /* EventKit-Extension.swift */; };
		2F24458227D7F0EB005BF37D /* MultiDateSelectCalendar.swift in Sources */ = {isa = PBXBuildFile; fileRef = 2F24458127D7F0EB005BF37D /* MultiDateSelectCalendar.swift */; };
		2F24458527D824DF005BF37D /* MultiPicker.swift in Sources */ = {isa = PBXBuildFile; fileRef = 2F24458427D824DF005BF37D /* MultiPicker.swift */; };
		2F24458827D8BDD0005BF37D /* SwipeGesture.swift in Sources */ = {isa = PBXBuildFile; fileRef = 2F24458727D8BDD0005BF37D /* SwipeGesture.swift */; };
		2F24458B27D8BE37005BF37D /* Calendar-Extension.swift in Sources */ = {isa = PBXBuildFile; fileRef = 2F24458A27D8BE37005BF37D /* Calendar-Extension.swift */; };
		2F26FE5E28CE56E900A9A0AE /* OnboardingExperience.swift in Sources */ = {isa = PBXBuildFile; fileRef = 2F26FE5D28CE56E900A9A0AE /* OnboardingExperience.swift */; };
		2F26FE6128CE7F4C00A9A0AE /* Assets.xcassets in Resources */ = {isa = PBXBuildFile; fileRef = 2F39B84627823CF600FE72C3 /* Assets.xcassets */; };
		2F26FE6328CE7F4F00A9A0AE /* Assets.xcassets in Resources */ = {isa = PBXBuildFile; fileRef = 2F39B84627823CF600FE72C3 /* Assets.xcassets */; };
		2F39B85D27823CF600FE72C3 /* Tests_iOS.swift in Sources */ = {isa = PBXBuildFile; fileRef = 2F39B85C27823CF600FE72C3 /* Tests_iOS.swift */; };
		2F39B85F27823CF700FE72C3 /* Tests_iOSLaunchTests.swift in Sources */ = {isa = PBXBuildFile; fileRef = 2F39B85E27823CF700FE72C3 /* Tests_iOSLaunchTests.swift */; };
		2F39B86E27823CF700FE72C3 /* TimeDrawApp.swift in Sources */ = {isa = PBXBuildFile; fileRef = 2F39B84327823CF600FE72C3 /* TimeDrawApp.swift */; };
		2F39B87027823CF700FE72C3 /* MainViewContainer.swift in Sources */ = {isa = PBXBuildFile; fileRef = 2F39B84427823CF600FE72C3 /* MainViewContainer.swift */; };
		2F39B87427823CF700FE72C3 /* Assets.xcassets in Resources */ = {isa = PBXBuildFile; fileRef = 2F39B84627823CF600FE72C3 /* Assets.xcassets */; };
		2F39B88627823E1400FE72C3 /* LaunchScreen.storyboard in Resources */ = {isa = PBXBuildFile; fileRef = 2F39B88527823E1400FE72C3 /* LaunchScreen.storyboard */; };
		2F39B889278241B500FE72C3 /* Colors.swift in Sources */ = {isa = PBXBuildFile; fileRef = 2F39B888278241B500FE72C3 /* Colors.swift */; };
		2F42C59427848DF700F0BEB2 /* Date-Extension.swift in Sources */ = {isa = PBXBuildFile; fileRef = 2F42C59327848DF700F0BEB2 /* Date-Extension.swift */; };
		2F42C59D2784E3DE00F0BEB2 /* EventKitManager.swift in Sources */ = {isa = PBXBuildFile; fileRef = 2F42C59C2784E3DE00F0BEB2 /* EventKitManager.swift */; };
		2F42C5A32784E6E000F0BEB2 /* EKEventStore-Extension.swift in Sources */ = {isa = PBXBuildFile; fileRef = 2F42C5A22784E6E000F0BEB2 /* EKEventStore-Extension.swift */; };
		2F42C5A62784E6FC00F0BEB2 /* EventError.swift in Sources */ = {isa = PBXBuildFile; fileRef = 2F42C5A52784E6FC00F0BEB2 /* EventError.swift */; };
		2F471C3A2E24950800D37709 /* DateComponents-Extension.swift in Resources */ = {isa = PBXBuildFile; fileRef = 2F471C392E24950800D37709 /* DateComponents-Extension.swift */; };
		2F471C3B2E24950800D37709 /* DateComponents-Extension.swift in Resources */ = {isa = PBXBuildFile; fileRef = 2F471C392E24950800D37709 /* DateComponents-Extension.swift */; };
		2F471C412E27403D00D37709 /* Dependencies in Frameworks */ = {isa = PBXBuildFile; productRef = 2F471C402E27403D00D37709 /* Dependencies */; };
		2F471C432E27420D00D37709 /* Dependencies in Frameworks */ = {isa = PBXBuildFile; productRef = 2F471C422E27420D00D37709 /* Dependencies */; };
		2F471C452E35B95C00D37709 /* ReviewRequestManager.swift in Sources */ = {isa = PBXBuildFile; fileRef = 2F471C442E35B95C00D37709 /* ReviewRequestManager.swift */; };
		2F471C462E35B95C00D37709 /* ReviewRequestManager.swift in Sources */ = {isa = PBXBuildFile; fileRef = 2F471C442E35B95C00D37709 /* ReviewRequestManager.swift */; };
		2F542010279B4AE90046696B /* ModifyCalendarItemViewModel.swift in Sources */ = {isa = PBXBuildFile; fileRef = 2F54200F279B4AE90046696B /* ModifyCalendarItemViewModel.swift */; };
		2F5427EC28D753D700F08952 /* IntroView.swift in Sources */ = {isa = PBXBuildFile; fileRef = 2F5427EB28D753D600F08952 /* IntroView.swift */; };
		2F5427EF28D7787300F08952 /* DemoScreen.swift in Sources */ = {isa = PBXBuildFile; fileRef = 2F5427EE28D7787300F08952 /* DemoScreen.swift */; };
		2F646BA72850283D00D7445D /* Inter-Black.ttf in Resources */ = {isa = PBXBuildFile; fileRef = 2F6505122791370D00AF90F7 /* Inter-Black.ttf */; };
		2F646BA82850283D00D7445D /* Inter-Bold.ttf in Resources */ = {isa = PBXBuildFile; fileRef = 2F6505132791370D00AF90F7 /* Inter-Bold.ttf */; };
		2F646BA92850283D00D7445D /* Inter-ExtraBold.ttf in Resources */ = {isa = PBXBuildFile; fileRef = 2F6505112791370C00AF90F7 /* Inter-ExtraBold.ttf */; };
		2F646BAA2850283D00D7445D /* Inter-Regular.ttf in Resources */ = {isa = PBXBuildFile; fileRef = 2F65050F2791370C00AF90F7 /* Inter-Regular.ttf */; };
		2F646BAB2850283D00D7445D /* Inter-SemiBold.ttf in Resources */ = {isa = PBXBuildFile; fileRef = 2F65050B2791370C00AF90F7 /* Inter-SemiBold.ttf */; };
		2F646BAC2850283D00D7445D /* Inter-Thin.ttf in Resources */ = {isa = PBXBuildFile; fileRef = 2F65050C2791370C00AF90F7 /* Inter-Thin.ttf */; };
		2F646BAD2850283D00D7445D /* Inter-ExtraLight.ttf in Resources */ = {isa = PBXBuildFile; fileRef = 2F65050E2791370C00AF90F7 /* Inter-ExtraLight.ttf */; };
		2F646BAE2850283D00D7445D /* Inter-Light.ttf in Resources */ = {isa = PBXBuildFile; fileRef = 2F6505102791370C00AF90F7 /* Inter-Light.ttf */; };
		2F646BAF2850283D00D7445D /* Inter-Medium.ttf in Resources */ = {isa = PBXBuildFile; fileRef = 2F65050D2791370C00AF90F7 /* Inter-Medium.ttf */; };
		2F646BB1285038CF00D7445D /* README.md in Resources */ = {isa = PBXBuildFile; fileRef = 2F646BB0285038CF00D7445D /* README.md */; };
		2F65050027879FED00AF90F7 /* SwiftBarButtonItem.swift in Sources */ = {isa = PBXBuildFile; fileRef = 2F6504FF27879FED00AF90F7 /* SwiftBarButtonItem.swift */; };
		2F6505032787A09900AF90F7 /* MainHeader.swift in Sources */ = {isa = PBXBuildFile; fileRef = 2F6505022787A09900AF90F7 /* MainHeader.swift */; };
		2F6505062787DA3C00AF90F7 /* EventInput.swift in Sources */ = {isa = PBXBuildFile; fileRef = 2F6505052787DA3C00AF90F7 /* EventInput.swift */; };
		2F6505092787F87A00AF90F7 /* SettingsView.swift in Sources */ = {isa = PBXBuildFile; fileRef = 2F6505082787F87A00AF90F7 /* SettingsView.swift */; };
		2F6505142791370D00AF90F7 /* Inter-SemiBold.ttf in Resources */ = {isa = PBXBuildFile; fileRef = 2F65050B2791370C00AF90F7 /* Inter-SemiBold.ttf */; };
		2F6505162791370D00AF90F7 /* Inter-Thin.ttf in Resources */ = {isa = PBXBuildFile; fileRef = 2F65050C2791370C00AF90F7 /* Inter-Thin.ttf */; };
		2F6505182791370D00AF90F7 /* Inter-Medium.ttf in Resources */ = {isa = PBXBuildFile; fileRef = 2F65050D2791370C00AF90F7 /* Inter-Medium.ttf */; };
		2F65051A2791370D00AF90F7 /* Inter-ExtraLight.ttf in Resources */ = {isa = PBXBuildFile; fileRef = 2F65050E2791370C00AF90F7 /* Inter-ExtraLight.ttf */; };
		2F65051C2791370D00AF90F7 /* Inter-Regular.ttf in Resources */ = {isa = PBXBuildFile; fileRef = 2F65050F2791370C00AF90F7 /* Inter-Regular.ttf */; };
		2F65051E2791370D00AF90F7 /* Inter-Light.ttf in Resources */ = {isa = PBXBuildFile; fileRef = 2F6505102791370C00AF90F7 /* Inter-Light.ttf */; };
		2F6505202791370D00AF90F7 /* Inter-ExtraBold.ttf in Resources */ = {isa = PBXBuildFile; fileRef = 2F6505112791370C00AF90F7 /* Inter-ExtraBold.ttf */; };
		2F6505222791370D00AF90F7 /* Inter-Black.ttf in Resources */ = {isa = PBXBuildFile; fileRef = 2F6505122791370D00AF90F7 /* Inter-Black.ttf */; };
		2F6505242791370D00AF90F7 /* Inter-Bold.ttf in Resources */ = {isa = PBXBuildFile; fileRef = 2F6505132791370D00AF90F7 /* Inter-Bold.ttf */; };
		2F6505292791384500AF90F7 /* Inter-Font.swift in Sources */ = {isa = PBXBuildFile; fileRef = 2F6505282791384500AF90F7 /* Inter-Font.swift */; };
		2F7A0BC52E35C25300B69C71 /* MyToastView.swift in Sources */ = {isa = PBXBuildFile; fileRef = 2F7A0BC32E35C25300B69C71 /* MyToastView.swift */; };
		2F7A0BC72E35C2EA00B69C71 /* ToastWindow in Frameworks */ = {isa = PBXBuildFile; productRef = 2F7A0BC62E35C2EA00B69C71 /* ToastWindow */; };
		2F7A0BD02E35C5F100B69C71 /* WidgetKit.framework in Frameworks */ = {isa = PBXBuildFile; fileRef = 2F7A0BCF2E35C5F100B69C71 /* WidgetKit.framework */; };
		2F7A0BD22E35C5F100B69C71 /* SwiftUI.framework in Frameworks */ = {isa = PBXBuildFile; fileRef = 2F7A0BD12E35C5F100B69C71 /* SwiftUI.framework */; };
		2F7A0BDD2E35C5F200B69C71 /* TimeDrawWidgetExtension.appex in Embed Foundation Extensions */ = {isa = PBXBuildFile; fileRef = 2F7A0BCE2E35C5F100B69C71 /* TimeDrawWidgetExtension.appex */; settings = {ATTRIBUTES = (RemoveHeadersOnCopy, ); }; };
		2F7A0BE32E35C74C00B69C71 /* TimeDrawClock.swift in Sources */ = {isa = PBXBuildFile; fileRef = 2FB41CAD27D97D710067F250 /* TimeDrawClock.swift */; };
		2F7A0BE42E35C75400B69C71 /* ClockEventLine.swift in Sources */ = {isa = PBXBuildFile; fileRef = 2FB60E4827E21571004DA305 /* ClockEventLine.swift */; };
		2F7A0BE62E35C75400B69C71 /* ClockHands.swift in Sources */ = {isa = PBXBuildFile; fileRef = 2FB41CCF27DE4A9D0067F250 /* ClockHands.swift */; };
		2F7A0BE72E35C76F00B69C71 /* Time.swift in Sources */ = {isa = PBXBuildFile; fileRef = 2FD6BE422E2177C900AA7C5A /* Time.swift */; };
		2F7A0BE82E35C77B00B69C71 /* CalendarItemListViewModel.swift in Sources */ = {isa = PBXBuildFile; fileRef = 2F1F8FA327D3AAEF00648234 /* CalendarItemListViewModel.swift */; };
		2F7A0BEA2E35C80600B69C71 /* AppSettings.swift in Sources */ = {isa = PBXBuildFile; fileRef = 2FB41CD327DEDB3E0067F250 /* AppSettings.swift */; };
		2F7A0BEB2E35C81300B69C71 /* ItemRecurrenceType.swift in Sources */ = {isa = PBXBuildFile; fileRef = 2FDFFFD12E22C77B00B9D266 /* ItemRecurrenceType.swift */; };
		2F7A0BEC2E35C81C00B69C71 /* CalendarItemType.swift in Sources */ = {isa = PBXBuildFile; fileRef = 2FDFFFCD2E22C77200B9D266 /* CalendarItemType.swift */; };
		2F7A0BED2E35C82B00B69C71 /* ModifyCalendarItemViewModel.swift in Sources */ = {isa = PBXBuildFile; fileRef = 2F54200F279B4AE90046696B /* ModifyCalendarItemViewModel.swift */; };
		2F7A0BEF2E35C83C00B69C71 /* Calendar-Extension.swift in Sources */ = {isa = PBXBuildFile; fileRef = 2F24458A27D8BE37005BF37D /* Calendar-Extension.swift */; };
		2F7A0BF02E35C83C00B69C71 /* EKEventStore-Extension.swift in Sources */ = {isa = PBXBuildFile; fileRef = 2F42C5A22784E6E000F0BEB2 /* EKEventStore-Extension.swift */; };
		2F7A0BF12E35C83C00B69C71 /* EventKit-Extension.swift in Sources */ = {isa = PBXBuildFile; fileRef = 2F24457E27D797C9005BF37D /* EventKit-Extension.swift */; };
		2F7A0BF22E35C83C00B69C71 /* EventError.swift in Sources */ = {isa = PBXBuildFile; fileRef = 2F42C5A52784E6FC00F0BEB2 /* EventError.swift */; };
		2F7A0BF32E35C83C00B69C71 /* EventKitManager.swift in Sources */ = {isa = PBXBuildFile; fileRef = 2F42C59C2784E3DE00F0BEB2 /* EventKitManager.swift */; };
		2F7A0BF42E35C83C00B69C71 /* DateComponents-Extension.swift in Sources */ = {isa = PBXBuildFile; fileRef = 2F471C392E24950800D37709 /* DateComponents-Extension.swift */; };
		2F7A0BF52E35C83C00B69C71 /* Date-Extension.swift in Sources */ = {isa = PBXBuildFile; fileRef = 2F42C59327848DF700F0BEB2 /* Date-Extension.swift */; };
		2F7A0BF62E35C84200B69C71 /* Colors.swift in Sources */ = {isa = PBXBuildFile; fileRef = 2F39B888278241B500FE72C3 /* Colors.swift */; };
		2F7A0BF72E35C84200B69C71 /* Double-Extension.swift in Sources */ = {isa = PBXBuildFile; fileRef = 2FD6BE472E2177ED00AA7C5A /* Double-Extension.swift */; };
		2F7A0BF82E35C84200B69C71 /* Utils.swift in Sources */ = {isa = PBXBuildFile; fileRef = 2F8AB30F27A229DA00654FEF /* Utils.swift */; };
		2F7A0BF92E35C84200B69C71 /* SwipeGesture.swift in Sources */ = {isa = PBXBuildFile; fileRef = 2F24458727D8BDD0005BF37D /* SwipeGesture.swift */; };
		2F7A0BFA2E35C84200B69C71 /* SwiftBarButtonItem.swift in Sources */ = {isa = PBXBuildFile; fileRef = 2F6504FF27879FED00AF90F7 /* SwiftBarButtonItem.swift */; };
		2F7A0BFB2E35C85800B69C71 /* MyToastView.swift in Sources */ = {isa = PBXBuildFile; fileRef = 2F7A0BC32E35C25300B69C71 /* MyToastView.swift */; };
		2F7A0BFC2E35C8D200B69C71 /* ClockFace.swift in Sources */ = {isa = PBXBuildFile; fileRef = 2FB60E4B27E21690004DA305 /* ClockFace.swift */; };
		2F7A0BFE2E35C8EF00B69C71 /* Dependencies in Frameworks */ = {isa = PBXBuildFile; productRef = 2F7A0BFD2E35C8EF00B69C71 /* Dependencies */; };
		2F7A0C002E35C90600B69C71 /* ToastWindow in Frameworks */ = {isa = PBXBuildFile; productRef = 2F7A0BFF2E35C90600B69C71 /* ToastWindow */; };
		2F81230C2797B59500458B1A /* AddEventDateTimePicker.swift in Sources */ = {isa = PBXBuildFile; fileRef = 2F81230B2797B59500458B1A /* AddEventDateTimePicker.swift */; };
		2F81230F2798957C00458B1A /* DateTimePickerInputView.swift in Sources */ = {isa = PBXBuildFile; fileRef = 2F81230E2798957C00458B1A /* DateTimePickerInputView.swift */; };
		2F8AB2FD279BB4F000654FEF /* DateTimePickerTextField.swift in Sources */ = {isa = PBXBuildFile; fileRef = 2F8AB2FC279BB4F000654FEF /* DateTimePickerTextField.swift */; };
		2F8AB303279D140E00654FEF /* PopoverButton.swift in Sources */ = {isa = PBXBuildFile; fileRef = 2F8AB302279D140E00654FEF /* PopoverButton.swift */; };
		2F8AB30727A1025100654FEF /* UIPickerTextField.swift in Sources */ = {isa = PBXBuildFile; fileRef = 2F8AB30627A1025100654FEF /* UIPickerTextField.swift */; };
		2F8AB30A27A1026500654FEF /* PickerField.swift in Sources */ = {isa = PBXBuildFile; fileRef = 2F8AB30927A1026500654FEF /* PickerField.swift */; };
		2F8AB30D27A220E400654FEF /* DateAndTimePickers.swift in Sources */ = {isa = PBXBuildFile; fileRef = 2F8AB30C27A220E400654FEF /* DateAndTimePickers.swift */; };
		2F8AB31027A229DA00654FEF /* Utils.swift in Sources */ = {isa = PBXBuildFile; fileRef = 2F8AB30F27A229DA00654FEF /* Utils.swift */; };
		2FB41CAE27D97D710067F250 /* TimeDrawClock.swift in Sources */ = {isa = PBXBuildFile; fileRef = 2FB41CAD27D97D710067F250 /* TimeDrawClock.swift */; };
		2FB41CB127DA5DBE0067F250 /* ReminderListCell.swift in Sources */ = {isa = PBXBuildFile; fileRef = 2FB41CB027DA5DBE0067F250 /* ReminderListCell.swift */; };
		2FB41CB427DA5E220067F250 /* EventListCell.swift in Sources */ = {isa = PBXBuildFile; fileRef = 2FB41CB327DA5E220067F250 /* EventListCell.swift */; };
		2FB41CB727DACB8E0067F250 /* AddNotesInput.swift in Sources */ = {isa = PBXBuildFile; fileRef = 2FB41CB627DACB8E0067F250 /* AddNotesInput.swift */; };
		2FB41CD027DE4A9D0067F250 /* ClockHands.swift in Sources */ = {isa = PBXBuildFile; fileRef = 2FB41CCF27DE4A9D0067F250 /* ClockHands.swift */; };
		2FB41CD427DEDB3F0067F250 /* AppSettings.swift in Sources */ = {isa = PBXBuildFile; fileRef = 2FB41CD327DEDB3E0067F250 /* AppSettings.swift */; };
		2FB41CD727DEDBB70067F250 /* SettingsControls.swift in Sources */ = {isa = PBXBuildFile; fileRef = 2FB41CD627DEDBB70067F250 /* SettingsControls.swift */; };
		2FB41CDD27DEE4DE0067F250 /* SegmentedPicker.swift in Sources */ = {isa = PBXBuildFile; fileRef = 2FB41CDC27DEE4DE0067F250 /* SegmentedPicker.swift */; };
		2FB60E4927E21571004DA305 /* ClockEventLine.swift in Sources */ = {isa = PBXBuildFile; fileRef = 2FB60E4827E21571004DA305 /* ClockEventLine.swift */; };
		2FB60E4C27E21690004DA305 /* ClockFace.swift in Sources */ = {isa = PBXBuildFile; fileRef = 2FB60E4B27E21690004DA305 /* ClockFace.swift */; };
		2FB60E5527E48DFE004DA305 /* CalendarSelection.swift in Sources */ = {isa = PBXBuildFile; fileRef = 2FB60E5427E48DFE004DA305 /* CalendarSelection.swift */; };
		2FC6C7B52786434600D75568 /* MultiLineTextField.swift in Sources */ = {isa = PBXBuildFile; fileRef = 2FC6C7B42786434600D75568 /* MultiLineTextField.swift */; };
		2FC6C7B82786A26900D75568 /* DailyGoalTextField.swift in Sources */ = {isa = PBXBuildFile; fileRef = 2FC6C7B72786A26900D75568 /* DailyGoalTextField.swift */; };
		2FD40789284FBB700022FC49 /* TimeDrawWatchApp.swift in Sources */ = {isa = PBXBuildFile; fileRef = 2FD40788284FBB700022FC49 /* TimeDrawWatchApp.swift */; };
		2FD4078D284FBB700022FC49 /* NotificationController.swift in Sources */ = {isa = PBXBuildFile; fileRef = 2FD4078C284FBB700022FC49 /* NotificationController.swift */; };
		2FD4078F284FBB700022FC49 /* NotificationView.swift in Sources */ = {isa = PBXBuildFile; fileRef = 2FD4078E284FBB700022FC49 /* NotificationView.swift */; };
		2FD40791284FBB700022FC49 /* ComplicationController.swift in Sources */ = {isa = PBXBuildFile; fileRef = 2FD40790284FBB700022FC49 /* ComplicationController.swift */; };
		2FD40793284FBB700022FC49 /* Assets.xcassets in Resources */ = {isa = PBXBuildFile; fileRef = 2FD40792284FBB700022FC49 /* Assets.xcassets */; };
		2FD40796284FBB700022FC49 /* Preview Assets.xcassets in Resources */ = {isa = PBXBuildFile; fileRef = 2FD40795284FBB700022FC49 /* Preview Assets.xcassets */; };
		2FD407A2284FBB700022FC49 /* WatchFaceTests.swift in Sources */ = {isa = PBXBuildFile; fileRef = 2FD407A1284FBB700022FC49 /* WatchFaceTests.swift */; };
		2FD407B1284FBB700022FC49 /* WatchFace App.app in Embed Watch Content */ = {isa = PBXBuildFile; fileRef = 2FD4077B284FBB6F0022FC49 /* WatchFace App.app */; settings = {ATTRIBUTES = (RemoveHeadersOnCopy, ); }; };
		2FD407C0284FBC050022FC49 /* ClockEventLine.swift in Sources */ = {isa = PBXBuildFile; fileRef = 2FB60E4827E21571004DA305 /* ClockEventLine.swift */; };
		2FD407C1284FBC050022FC49 /* TimeDrawClock.swift in Sources */ = {isa = PBXBuildFile; fileRef = 2FB41CAD27D97D710067F250 /* TimeDrawClock.swift */; };
		2FD407C2284FBC050022FC49 /* ClockFace.swift in Sources */ = {isa = PBXBuildFile; fileRef = 2FB60E4B27E21690004DA305 /* ClockFace.swift */; };
		2FD407C3284FBC050022FC49 /* ClockHands.swift in Sources */ = {isa = PBXBuildFile; fileRef = 2FB41CCF27DE4A9D0067F250 /* ClockHands.swift */; };
		2FD407C4284FBC260022FC49 /* Inter-Font.swift in Sources */ = {isa = PBXBuildFile; fileRef = 2F6505282791384500AF90F7 /* Inter-Font.swift */; };
		2FD407C5284FBC600022FC49 /* Colors.swift in Sources */ = {isa = PBXBuildFile; fileRef = 2F39B888278241B500FE72C3 /* Colors.swift */; };
		2FD407C6284FBC6C0022FC49 /* SwipeGesture.swift in Sources */ = {isa = PBXBuildFile; fileRef = 2F24458727D8BDD0005BF37D /* SwipeGesture.swift */; };
		2FD407C7284FBC760022FC49 /* Utils.swift in Sources */ = {isa = PBXBuildFile; fileRef = 2F8AB30F27A229DA00654FEF /* Utils.swift */; };
		2FD407C9284FBC7A0022FC49 /* Date-Extension.swift in Sources */ = {isa = PBXBuildFile; fileRef = 2F42C59327848DF700F0BEB2 /* Date-Extension.swift */; };
		2FD407CA284FBC7A0022FC49 /* EventKit-Extension.swift in Sources */ = {isa = PBXBuildFile; fileRef = 2F24457E27D797C9005BF37D /* EventKit-Extension.swift */; };
		2FD407CF284FBC860022FC49 /* Calendar-Extension.swift in Sources */ = {isa = PBXBuildFile; fileRef = 2F24458A27D8BE37005BF37D /* Calendar-Extension.swift */; };
		2FD407D1284FBC860022FC49 /* EventError.swift in Sources */ = {isa = PBXBuildFile; fileRef = 2F42C5A52784E6FC00F0BEB2 /* EventError.swift */; };
		2FD407D4284FBCF70022FC49 /* AppSettings.swift in Sources */ = {isa = PBXBuildFile; fileRef = 2FB41CD327DEDB3E0067F250 /* AppSettings.swift */; };
		2FD407D6284FBD670022FC49 /* EKEventStore-Extension.swift in Sources */ = {isa = PBXBuildFile; fileRef = 2F42C5A22784E6E000F0BEB2 /* EKEventStore-Extension.swift */; };
		2FD407D7284FBDD70022FC49 /* CalendarItemListViewModel.swift in Sources */ = {isa = PBXBuildFile; fileRef = 2F1F8FA327D3AAEF00648234 /* CalendarItemListViewModel.swift */; };
		2FD407D8284FBDFB0022FC49 /* EventKitManager.swift in Sources */ = {isa = PBXBuildFile; fileRef = 2F42C59C2784E3DE00F0BEB2 /* EventKitManager.swift */; };
		2FD6BE432E2177C900AA7C5A /* Time.swift in Sources */ = {isa = PBXBuildFile; fileRef = 2FD6BE422E2177C900AA7C5A /* Time.swift */; };
		2FD6BE452E2177C900AA7C5A /* Time.swift in Sources */ = {isa = PBXBuildFile; fileRef = 2FD6BE422E2177C900AA7C5A /* Time.swift */; };
		2FD6BE482E2177ED00AA7C5A /* Double-Extension.swift in Sources */ = {isa = PBXBuildFile; fileRef = 2FD6BE472E2177ED00AA7C5A /* Double-Extension.swift */; };
		2FD6BE492E2177ED00AA7C5A /* Double-Extension.swift in Sources */ = {isa = PBXBuildFile; fileRef = 2FD6BE472E2177ED00AA7C5A /* Double-Extension.swift */; };
		2FDFFFCE2E22C77200B9D266 /* CalendarItemType.swift in Sources */ = {isa = PBXBuildFile; fileRef = 2FDFFFCD2E22C77200B9D266 /* CalendarItemType.swift */; };
		2FDFFFCF2E22C77200B9D266 /* CalendarItemType.swift in Sources */ = {isa = PBXBuildFile; fileRef = 2FDFFFCD2E22C77200B9D266 /* CalendarItemType.swift */; };
		2FDFFFD22E22C77B00B9D266 /* ItemRecurrenceType.swift in Sources */ = {isa = PBXBuildFile; fileRef = 2FDFFFD12E22C77B00B9D266 /* ItemRecurrenceType.swift */; };
		2FDFFFD32E22C77B00B9D266 /* ItemRecurrenceType.swift in Sources */ = {isa = PBXBuildFile; fileRef = 2FDFFFD12E22C77B00B9D266 /* ItemRecurrenceType.swift */; };
		2FDFFFD42E22C77B00B9D266 /* ItemRecurrenceType.swift in Sources */ = {isa = PBXBuildFile; fileRef = 2FDFFFD12E22C77B00B9D266 /* ItemRecurrenceType.swift */; };
		2FDFFFD62E22C82A00B9D266 /* PopoverWrapper.swift in Sources */ = {isa = PBXBuildFile; fileRef = 2FDFFFD52E22C82A00B9D266 /* PopoverWrapper.swift */; };
		2FDFFFD82E22C83F00B9D266 /* UIPopoverWrapperViewController.swift in Sources */ = {isa = PBXBuildFile; fileRef = 2FDFFFD72E22C83F00B9D266 /* UIPopoverWrapperViewController.swift */; };
/* End PBXBuildFile section */

/* Begin PBXContainerItemProxy section */
		2F39B85927823CF600FE72C3 /* PBXContainerItemProxy */ = {
			isa = PBXContainerItemProxy;
			containerPortal = 2F39B83C27823CF600FE72C3 /* Project object */;
			proxyType = 1;
			remoteGlobalIDString = 2F39B84A27823CF600FE72C3;
			remoteInfo = "TimeDraw (iOS)";
		};
		2F7A0BDB2E35C5F200B69C71 /* PBXContainerItemProxy */ = {
			isa = PBXContainerItemProxy;
			containerPortal = 2F39B83C27823CF600FE72C3 /* Project object */;
			proxyType = 1;
			remoteGlobalIDString = 2F7A0BCD2E35C5F100B69C71;
			remoteInfo = TimeDrawWidgetExtension;
		};
		2FD407AF284FBB700022FC49 /* PBXContainerItemProxy */ = {
			isa = PBXContainerItemProxy;
			containerPortal = 2F39B83C27823CF600FE72C3 /* Project object */;
			proxyType = 1;
			remoteGlobalIDString = 2FD4077A284FBB6F0022FC49;
			remoteInfo = WatchFace;
		};
/* End PBXContainerItemProxy section */

/* Begin PBXCopyFilesBuildPhase section */
		2F7A0BE22E35C5F200B69C71 /* Embed Foundation Extensions */ = {
			isa = PBXCopyFilesBuildPhase;
			buildActionMask = 2147483647;
			dstPath = "";
			dstSubfolderSpec = 13;
			files = (
				2F7A0BDD2E35C5F200B69C71 /* TimeDrawWidgetExtension.appex in Embed Foundation Extensions */,
			);
			name = "Embed Foundation Extensions";
			runOnlyForDeploymentPostprocessing = 0;
		};
		2FD407B2284FBB700022FC49 /* Embed Watch Content */ = {
			isa = PBXCopyFilesBuildPhase;
			buildActionMask = 2147483647;
			dstPath = "$(CONTENTS_FOLDER_PATH)/Watch";
			dstSubfolderSpec = 16;
			files = (
				2FD407B1284FBB700022FC49 /* WatchFace App.app in Embed Watch Content */,
			);
			name = "Embed Watch Content";
			runOnlyForDeploymentPostprocessing = 0;
		};
/* End PBXCopyFilesBuildPhase section */

/* Begin PBXFileReference section */
		2F1F8FA327D3AAEF00648234 /* CalendarItemListViewModel.swift */ = {isa = PBXFileReference; lastKnownFileType = sourcecode.swift; path = CalendarItemListViewModel.swift; sourceTree = "<group>"; };
		2F21112F2799B62D0041EE85 /* MainScrollableContent.swift */ = {isa = PBXFileReference; lastKnownFileType = sourcecode.swift; path = MainScrollableContent.swift; sourceTree = "<group>"; };
		2F211133279A4F4E0041EE85 /* AddRecurrenceRule.swift */ = {isa = PBXFileReference; lastKnownFileType = sourcecode.swift; path = AddRecurrenceRule.swift; sourceTree = "<group>"; };
		2F2343FB27D454BC0064B635 /* CalendarView.swift */ = {isa = PBXFileReference; lastKnownFileType = sourcecode.swift; path = CalendarView.swift; sourceTree = "<group>"; };
		2F24457E27D797C9005BF37D /* EventKit-Extension.swift */ = {isa = PBXFileReference; lastKnownFileType = sourcecode.swift; path = "EventKit-Extension.swift"; sourceTree = "<group>"; };
		2F24458127D7F0EB005BF37D /* MultiDateSelectCalendar.swift */ = {isa = PBXFileReference; lastKnownFileType = sourcecode.swift; path = MultiDateSelectCalendar.swift; sourceTree = "<group>"; };
		2F24458427D824DF005BF37D /* MultiPicker.swift */ = {isa = PBXFileReference; lastKnownFileType = sourcecode.swift; path = MultiPicker.swift; sourceTree = "<group>"; };
		2F24458727D8BDD0005BF37D /* SwipeGesture.swift */ = {isa = PBXFileReference; lastKnownFileType = sourcecode.swift; path = SwipeGesture.swift; sourceTree = "<group>"; };
		2F24458A27D8BE37005BF37D /* Calendar-Extension.swift */ = {isa = PBXFileReference; fileEncoding = 4; lastKnownFileType = sourcecode.swift; path = "Calendar-Extension.swift"; sourceTree = "<group>"; };
		2F26FE5D28CE56E900A9A0AE /* OnboardingExperience.swift */ = {isa = PBXFileReference; fileEncoding = 4; lastKnownFileType = sourcecode.swift; path = OnboardingExperience.swift; sourceTree = "<group>"; };
		2F39B84327823CF600FE72C3 /* TimeDrawApp.swift */ = {isa = PBXFileReference; lastKnownFileType = sourcecode.swift; path = TimeDrawApp.swift; sourceTree = "<group>"; };
		2F39B84427823CF600FE72C3 /* MainViewContainer.swift */ = {isa = PBXFileReference; lastKnownFileType = sourcecode.swift; path = MainViewContainer.swift; sourceTree = "<group>"; };
		2F39B84627823CF600FE72C3 /* Assets.xcassets */ = {isa = PBXFileReference; lastKnownFileType = folder.assetcatalog; path = Assets.xcassets; sourceTree = "<group>"; };
		2F39B84B27823CF600FE72C3 /* TimeDraw.app */ = {isa = PBXFileReference; explicitFileType = wrapper.application; includeInIndex = 0; path = TimeDraw.app; sourceTree = BUILT_PRODUCTS_DIR; };
		2F39B85827823CF600FE72C3 /* Tests iOS.xctest */ = {isa = PBXFileReference; explicitFileType = wrapper.cfbundle; includeInIndex = 0; path = "Tests iOS.xctest"; sourceTree = BUILT_PRODUCTS_DIR; };
		2F39B85C27823CF600FE72C3 /* Tests_iOS.swift */ = {isa = PBXFileReference; lastKnownFileType = sourcecode.swift; path = Tests_iOS.swift; sourceTree = "<group>"; };
		2F39B85E27823CF700FE72C3 /* Tests_iOSLaunchTests.swift */ = {isa = PBXFileReference; lastKnownFileType = sourcecode.swift; path = Tests_iOSLaunchTests.swift; sourceTree = "<group>"; };
		2F39B88427823DEC00FE72C3 /* TimeDraw (iOS).entitlements */ = {isa = PBXFileReference; lastKnownFileType = text.plist.entitlements; path = "TimeDraw (iOS).entitlements"; sourceTree = "<group>"; };
		2F39B88527823E1400FE72C3 /* LaunchScreen.storyboard */ = {isa = PBXFileReference; lastKnownFileType = file.storyboard; path = LaunchScreen.storyboard; sourceTree = "<group>"; };
		2F39B888278241B500FE72C3 /* Colors.swift */ = {isa = PBXFileReference; lastKnownFileType = sourcecode.swift; path = Colors.swift; sourceTree = "<group>"; };
		2F42C59327848DF700F0BEB2 /* Date-Extension.swift */ = {isa = PBXFileReference; lastKnownFileType = sourcecode.swift; path = "Date-Extension.swift"; sourceTree = "<group>"; };
		2F42C59C2784E3DE00F0BEB2 /* EventKitManager.swift */ = {isa = PBXFileReference; lastKnownFileType = sourcecode.swift; path = EventKitManager.swift; sourceTree = "<group>"; };
		2F42C5A22784E6E000F0BEB2 /* EKEventStore-Extension.swift */ = {isa = PBXFileReference; lastKnownFileType = sourcecode.swift; path = "EKEventStore-Extension.swift"; sourceTree = "<group>"; };
		2F42C5A52784E6FC00F0BEB2 /* EventError.swift */ = {isa = PBXFileReference; lastKnownFileType = sourcecode.swift; path = EventError.swift; sourceTree = "<group>"; };
		2F471C392E24950800D37709 /* DateComponents-Extension.swift */ = {isa = PBXFileReference; lastKnownFileType = sourcecode.swift; path = "DateComponents-Extension.swift"; sourceTree = "<group>"; };
		2F471C442E35B95C00D37709 /* ReviewRequestManager.swift */ = {isa = PBXFileReference; lastKnownFileType = sourcecode.swift; path = ReviewRequestManager.swift; sourceTree = "<group>"; };
		2F52377829F99E5200BAD1EC /* WatchFace-App-Info.plist */ = {isa = PBXFileReference; lastKnownFileType = text.plist; path = "WatchFace-App-Info.plist"; sourceTree = SOURCE_ROOT; };
		2F54200F279B4AE90046696B /* ModifyCalendarItemViewModel.swift */ = {isa = PBXFileReference; lastKnownFileType = sourcecode.swift; path = ModifyCalendarItemViewModel.swift; sourceTree = "<group>"; };
		2F5427EB28D753D600F08952 /* IntroView.swift */ = {isa = PBXFileReference; lastKnownFileType = sourcecode.swift; path = IntroView.swift; sourceTree = "<group>"; };
		2F5427EE28D7787300F08952 /* DemoScreen.swift */ = {isa = PBXFileReference; lastKnownFileType = sourcecode.swift; path = DemoScreen.swift; sourceTree = "<group>"; };
		2F646BB0285038CF00D7445D /* README.md */ = {isa = PBXFileReference; fileEncoding = 4; lastKnownFileType = net.daringfireball.markdown; path = README.md; sourceTree = "<group>"; };
		2F6504FF27879FED00AF90F7 /* SwiftBarButtonItem.swift */ = {isa = PBXFileReference; lastKnownFileType = sourcecode.swift; path = SwiftBarButtonItem.swift; sourceTree = "<group>"; };
		2F6505022787A09900AF90F7 /* MainHeader.swift */ = {isa = PBXFileReference; lastKnownFileType = sourcecode.swift; path = MainHeader.swift; sourceTree = "<group>"; };
		2F6505052787DA3C00AF90F7 /* EventInput.swift */ = {isa = PBXFileReference; lastKnownFileType = sourcecode.swift; path = EventInput.swift; sourceTree = "<group>"; };
		2F6505082787F87A00AF90F7 /* SettingsView.swift */ = {isa = PBXFileReference; lastKnownFileType = sourcecode.swift; path = SettingsView.swift; sourceTree = "<group>"; };
		2F65050B2791370C00AF90F7 /* Inter-SemiBold.ttf */ = {isa = PBXFileReference; lastKnownFileType = file; path = "Inter-SemiBold.ttf"; sourceTree = "<group>"; };
		2F65050C2791370C00AF90F7 /* Inter-Thin.ttf */ = {isa = PBXFileReference; lastKnownFileType = file; path = "Inter-Thin.ttf"; sourceTree = "<group>"; };
		2F65050D2791370C00AF90F7 /* Inter-Medium.ttf */ = {isa = PBXFileReference; lastKnownFileType = file; path = "Inter-Medium.ttf"; sourceTree = "<group>"; };
		2F65050E2791370C00AF90F7 /* Inter-ExtraLight.ttf */ = {isa = PBXFileReference; lastKnownFileType = file; path = "Inter-ExtraLight.ttf"; sourceTree = "<group>"; };
		2F65050F2791370C00AF90F7 /* Inter-Regular.ttf */ = {isa = PBXFileReference; lastKnownFileType = file; path = "Inter-Regular.ttf"; sourceTree = "<group>"; };
		2F6505102791370C00AF90F7 /* Inter-Light.ttf */ = {isa = PBXFileReference; lastKnownFileType = file; path = "Inter-Light.ttf"; sourceTree = "<group>"; };
		2F6505112791370C00AF90F7 /* Inter-ExtraBold.ttf */ = {isa = PBXFileReference; lastKnownFileType = file; path = "Inter-ExtraBold.ttf"; sourceTree = "<group>"; };
		2F6505122791370D00AF90F7 /* Inter-Black.ttf */ = {isa = PBXFileReference; lastKnownFileType = file; path = "Inter-Black.ttf"; sourceTree = "<group>"; };
		2F6505132791370D00AF90F7 /* Inter-Bold.ttf */ = {isa = PBXFileReference; lastKnownFileType = file; path = "Inter-Bold.ttf"; sourceTree = "<group>"; };
		2F6505272791373800AF90F7 /* TimeDraw--iOS--Info.plist */ = {isa = PBXFileReference; lastKnownFileType = text.plist.xml; path = "TimeDraw--iOS--Info.plist"; sourceTree = "<group>"; };
		2F6505282791384500AF90F7 /* Inter-Font.swift */ = {isa = PBXFileReference; lastKnownFileType = sourcecode.swift; path = "Inter-Font.swift"; sourceTree = "<group>"; };
		2F7A0BC32E35C25300B69C71 /* MyToastView.swift */ = {isa = PBXFileReference; lastKnownFileType = sourcecode.swift; path = MyToastView.swift; sourceTree = "<group>"; };
		2F7A0BCE2E35C5F100B69C71 /* TimeDrawWidgetExtension.appex */ = {isa = PBXFileReference; explicitFileType = "wrapper.app-extension"; includeInIndex = 0; path = TimeDrawWidgetExtension.appex; sourceTree = BUILT_PRODUCTS_DIR; };
		2F7A0BCF2E35C5F100B69C71 /* WidgetKit.framework */ = {isa = PBXFileReference; lastKnownFileType = wrapper.framework; name = WidgetKit.framework; path = System/Library/Frameworks/WidgetKit.framework; sourceTree = SDKROOT; };
		2F7A0BD12E35C5F100B69C71 /* SwiftUI.framework */ = {isa = PBXFileReference; lastKnownFileType = wrapper.framework; name = SwiftUI.framework; path = System/Library/Frameworks/SwiftUI.framework; sourceTree = SDKROOT; };
		2F81230B2797B59500458B1A /* AddEventDateTimePicker.swift */ = {isa = PBXFileReference; lastKnownFileType = sourcecode.swift; path = AddEventDateTimePicker.swift; sourceTree = "<group>"; };
		2F81230E2798957C00458B1A /* DateTimePickerInputView.swift */ = {isa = PBXFileReference; lastKnownFileType = sourcecode.swift; path = DateTimePickerInputView.swift; sourceTree = "<group>"; };
		2F8AB2FC279BB4F000654FEF /* DateTimePickerTextField.swift */ = {isa = PBXFileReference; lastKnownFileType = sourcecode.swift; path = DateTimePickerTextField.swift; sourceTree = "<group>"; };
		2F8AB302279D140E00654FEF /* PopoverButton.swift */ = {isa = PBXFileReference; lastKnownFileType = sourcecode.swift; path = PopoverButton.swift; sourceTree = "<group>"; };
		2F8AB30627A1025100654FEF /* UIPickerTextField.swift */ = {isa = PBXFileReference; lastKnownFileType = sourcecode.swift; path = UIPickerTextField.swift; sourceTree = "<group>"; };
		2F8AB30927A1026500654FEF /* PickerField.swift */ = {isa = PBXFileReference; lastKnownFileType = sourcecode.swift; path = PickerField.swift; sourceTree = "<group>"; };
		2F8AB30C27A220E400654FEF /* DateAndTimePickers.swift */ = {isa = PBXFileReference; lastKnownFileType = sourcecode.swift; path = DateAndTimePickers.swift; sourceTree = "<group>"; };
		2F8AB30F27A229DA00654FEF /* Utils.swift */ = {isa = PBXFileReference; lastKnownFileType = sourcecode.swift; path = Utils.swift; sourceTree = "<group>"; };
		2FB41CAD27D97D710067F250 /* TimeDrawClock.swift */ = {isa = PBXFileReference; lastKnownFileType = sourcecode.swift; path = TimeDrawClock.swift; sourceTree = "<group>"; };
		2FB41CB027DA5DBE0067F250 /* ReminderListCell.swift */ = {isa = PBXFileReference; lastKnownFileType = sourcecode.swift; path = ReminderListCell.swift; sourceTree = "<group>"; };
		2FB41CB327DA5E220067F250 /* EventListCell.swift */ = {isa = PBXFileReference; lastKnownFileType = sourcecode.swift; path = EventListCell.swift; sourceTree = "<group>"; };
		2FB41CB627DACB8E0067F250 /* AddNotesInput.swift */ = {isa = PBXFileReference; lastKnownFileType = sourcecode.swift; path = AddNotesInput.swift; sourceTree = "<group>"; };
		2FB41CCF27DE4A9D0067F250 /* ClockHands.swift */ = {isa = PBXFileReference; lastKnownFileType = sourcecode.swift; path = ClockHands.swift; sourceTree = "<group>"; };
		2FB41CD327DEDB3E0067F250 /* AppSettings.swift */ = {isa = PBXFileReference; lastKnownFileType = sourcecode.swift; path = AppSettings.swift; sourceTree = "<group>"; };
		2FB41CD627DEDBB70067F250 /* SettingsControls.swift */ = {isa = PBXFileReference; lastKnownFileType = sourcecode.swift; path = SettingsControls.swift; sourceTree = "<group>"; };
		2FB41CDC27DEE4DE0067F250 /* SegmentedPicker.swift */ = {isa = PBXFileReference; lastKnownFileType = sourcecode.swift; path = SegmentedPicker.swift; sourceTree = "<group>"; };
		2FB60E4827E21571004DA305 /* ClockEventLine.swift */ = {isa = PBXFileReference; lastKnownFileType = sourcecode.swift; path = ClockEventLine.swift; sourceTree = "<group>"; };
		2FB60E4B27E21690004DA305 /* ClockFace.swift */ = {isa = PBXFileReference; lastKnownFileType = sourcecode.swift; path = ClockFace.swift; sourceTree = "<group>"; };
		2FB60E5427E48DFE004DA305 /* CalendarSelection.swift */ = {isa = PBXFileReference; fileEncoding = 4; lastKnownFileType = sourcecode.swift; path = CalendarSelection.swift; sourceTree = "<group>"; };
		2FC6C7B42786434600D75568 /* MultiLineTextField.swift */ = {isa = PBXFileReference; lastKnownFileType = sourcecode.swift; path = MultiLineTextField.swift; sourceTree = "<group>"; };
		2FC6C7B72786A26900D75568 /* DailyGoalTextField.swift */ = {isa = PBXFileReference; lastKnownFileType = sourcecode.swift; path = DailyGoalTextField.swift; sourceTree = "<group>"; };
		2FD4077B284FBB6F0022FC49 /* WatchFace App.app */ = {isa = PBXFileReference; explicitFileType = wrapper.application; includeInIndex = 0; path = "WatchFace App.app"; sourceTree = BUILT_PRODUCTS_DIR; };
		2FD40788284FBB700022FC49 /* TimeDrawWatchApp.swift */ = {isa = PBXFileReference; lastKnownFileType = sourcecode.swift; path = TimeDrawWatchApp.swift; sourceTree = "<group>"; };
		2FD4078C284FBB700022FC49 /* NotificationController.swift */ = {isa = PBXFileReference; lastKnownFileType = sourcecode.swift; path = NotificationController.swift; sourceTree = "<group>"; };
		2FD4078E284FBB700022FC49 /* NotificationView.swift */ = {isa = PBXFileReference; lastKnownFileType = sourcecode.swift; path = NotificationView.swift; sourceTree = "<group>"; };
		2FD40790284FBB700022FC49 /* ComplicationController.swift */ = {isa = PBXFileReference; lastKnownFileType = sourcecode.swift; path = ComplicationController.swift; sourceTree = "<group>"; };
		2FD40792284FBB700022FC49 /* Assets.xcassets */ = {isa = PBXFileReference; lastKnownFileType = folder.assetcatalog; path = Assets.xcassets; sourceTree = "<group>"; };
		2FD40795284FBB700022FC49 /* Preview Assets.xcassets */ = {isa = PBXFileReference; lastKnownFileType = folder.assetcatalog; path = "Preview Assets.xcassets"; sourceTree = "<group>"; };
		2FD40797284FBB700022FC49 /* Info.plist */ = {isa = PBXFileReference; lastKnownFileType = text.plist.xml; path = Info.plist; sourceTree = "<group>"; };
		2FD40798284FBB700022FC49 /* PushNotificationPayload.apns */ = {isa = PBXFileReference; lastKnownFileType = text; path = PushNotificationPayload.apns; sourceTree = "<group>"; };
		2FD4079D284FBB700022FC49 /* WatchFaceTests.xctest */ = {isa = PBXFileReference; explicitFileType = wrapper.cfbundle; includeInIndex = 0; path = WatchFaceTests.xctest; sourceTree = BUILT_PRODUCTS_DIR; };
		2FD407A1284FBB700022FC49 /* WatchFaceTests.swift */ = {isa = PBXFileReference; lastKnownFileType = sourcecode.swift; path = WatchFaceTests.swift; sourceTree = "<group>"; };
		2FD6BE422E2177C900AA7C5A /* Time.swift */ = {isa = PBXFileReference; lastKnownFileType = sourcecode.swift; path = Time.swift; sourceTree = "<group>"; };
		2FD6BE472E2177ED00AA7C5A /* Double-Extension.swift */ = {isa = PBXFileReference; lastKnownFileType = sourcecode.swift; path = "Double-Extension.swift"; sourceTree = "<group>"; };
		2FDFFFCD2E22C77200B9D266 /* CalendarItemType.swift */ = {isa = PBXFileReference; lastKnownFileType = sourcecode.swift; path = CalendarItemType.swift; sourceTree = "<group>"; };
		2FDFFFD12E22C77B00B9D266 /* ItemRecurrenceType.swift */ = {isa = PBXFileReference; lastKnownFileType = sourcecode.swift; path = ItemRecurrenceType.swift; sourceTree = "<group>"; };
		2FDFFFD52E22C82A00B9D266 /* PopoverWrapper.swift */ = {isa = PBXFileReference; lastKnownFileType = sourcecode.swift; path = PopoverWrapper.swift; sourceTree = "<group>"; };
		2FDFFFD72E22C83F00B9D266 /* UIPopoverWrapperViewController.swift */ = {isa = PBXFileReference; lastKnownFileType = sourcecode.swift; path = UIPopoverWrapperViewController.swift; sourceTree = "<group>"; };
/* End PBXFileReference section */

/* Begin PBXFileSystemSynchronizedBuildFileExceptionSet section */
		2F7A0BDE2E35C5F200B69C71 /* PBXFileSystemSynchronizedBuildFileExceptionSet */ = {
			isa = PBXFileSystemSynchronizedBuildFileExceptionSet;
			membershipExceptions = (
				Info.plist,
			);
			target = 2F7A0BCD2E35C5F100B69C71 /* TimeDrawWidgetExtension */;
		};
/* End PBXFileSystemSynchronizedBuildFileExceptionSet section */

/* Begin PBXFileSystemSynchronizedRootGroup section */
		2F7A0BD32E35C5F100B69C71 /* TimeDrawWidget */ = {isa = PBXFileSystemSynchronizedRootGroup; exceptions = (2F7A0BDE2E35C5F200B69C71 /* PBXFileSystemSynchronizedBuildFileExceptionSet */, ); explicitFileTypes = {}; explicitFolders = (); path = TimeDrawWidget; sourceTree = "<group>"; };
/* End PBXFileSystemSynchronizedRootGroup section */

/* Begin PBXFrameworksBuildPhase section */
		2F39B84827823CF600FE72C3 /* Frameworks */ = {
			isa = PBXFrameworksBuildPhase;
			buildActionMask = 2147483647;
			files = (
				2F7A0BC72E35C2EA00B69C71 /* ToastWindow in Frameworks */,
				2F471C412E27403D00D37709 /* Dependencies in Frameworks */,
			);
			runOnlyForDeploymentPostprocessing = 0;
		};
		2F39B85527823CF600FE72C3 /* Frameworks */ = {
			isa = PBXFrameworksBuildPhase;
			buildActionMask = 2147483647;
			files = (
			);
			runOnlyForDeploymentPostprocessing = 0;
		};
		2F7A0BCB2E35C5F100B69C71 /* Frameworks */ = {
			isa = PBXFrameworksBuildPhase;
			buildActionMask = 2147483647;
			files = (
				2F7A0BFE2E35C8EF00B69C71 /* Dependencies in Frameworks */,
				2F7A0BD22E35C5F100B69C71 /* SwiftUI.framework in Frameworks */,
				2F7A0C002E35C90600B69C71 /* ToastWindow in Frameworks */,
				2F7A0BD02E35C5F100B69C71 /* WidgetKit.framework in Frameworks */,
			);
			runOnlyForDeploymentPostprocessing = 0;
		};
		2FD40780284FBB700022FC49 /* Frameworks */ = {
			isa = PBXFrameworksBuildPhase;
			buildActionMask = 2147483647;
			files = (
				2F471C432E27420D00D37709 /* Dependencies in Frameworks */,
			);
			runOnlyForDeploymentPostprocessing = 0;
		};
		2FD4079A284FBB700022FC49 /* Frameworks */ = {
			isa = PBXFrameworksBuildPhase;
			buildActionMask = 2147483647;
			files = (
			);
			runOnlyForDeploymentPostprocessing = 0;
		};
/* End PBXFrameworksBuildPhase section */

/* Begin PBXGroup section */
		2F2111322799EE370041EE85 /* View Models */ = {
			isa = PBXGroup;
			children = (
				2F1F8FA327D3AAEF00648234 /* CalendarItemListViewModel.swift */,
				2F54200F279B4AE90046696B /* ModifyCalendarItemViewModel.swift */,
				2F471C442E35B95C00D37709 /* ReviewRequestManager.swift */,
			);
			path = "View Models";
			sourceTree = "<group>";
		};
		2F26FE6028CE56F500A9A0AE /* Onboarding */ = {
			isa = PBXGroup;
			children = (
				2F26FE5D28CE56E900A9A0AE /* OnboardingExperience.swift */,
				2F5427EE28D7787300F08952 /* DemoScreen.swift */,
				2F5427EB28D753D600F08952 /* IntroView.swift */,
			);
			path = Onboarding;
			sourceTree = "<group>";
		};
		2F39B83B27823CF600FE72C3 = {
			isa = PBXGroup;
			children = (
				2F646BB0285038CF00D7445D /* README.md */,
				2F39B88527823E1400FE72C3 /* LaunchScreen.storyboard */,
				2F39B84027823CF600FE72C3 /* Shared */,
				5F654E2C27D3722F00D6F53C /* iOS */,
				2F39B85B27823CF600FE72C3 /* Tests iOS */,
				2F5427DA28CF825C00F08952 /* WatchFace App */,
				2FD40787284FBB700022FC49 /* WatchFace Watch Extension */,
				2FD407A0284FBB700022FC49 /* WatchFaceTests */,
				2F7A0BD32E35C5F100B69C71 /* TimeDrawWidget */,
				2F39B84C27823CF600FE72C3 /* Products */,
				2FD407D9284FC1C50022FC49 /* Frameworks */,
			);
			sourceTree = "<group>";
		};
		2F39B84027823CF600FE72C3 /* Shared */ = {
			isa = PBXGroup;
			children = (
				2FB41CD327DEDB3E0067F250 /* AppSettings.swift */,
				2FD6BE462E2177CC00AA7C5A /* Models */,
				2FB41CD227DE890E0067F250 /* Views */,
				2F2111322799EE370041EE85 /* View Models */,
				2F42C5A82784E70C00F0BEB2 /* EventKit */,
				2F42C5A92784E71500F0BEB2 /* Utils */,
				2F39B84627823CF600FE72C3 /* Assets.xcassets */,
				2F6505262791371400AF90F7 /* Fonts */,
			);
			path = Shared;
			sourceTree = "<group>";
		};
		2F39B84C27823CF600FE72C3 /* Products */ = {
			isa = PBXGroup;
			children = (
				2F39B84B27823CF600FE72C3 /* TimeDraw.app */,
				2F39B85827823CF600FE72C3 /* Tests iOS.xctest */,
				2FD4077B284FBB6F0022FC49 /* WatchFace App.app */,
				2FD4079D284FBB700022FC49 /* WatchFaceTests.xctest */,
				2F7A0BCE2E35C5F100B69C71 /* TimeDrawWidgetExtension.appex */,
			);
			name = Products;
			sourceTree = "<group>";
		};
		2F39B85B27823CF600FE72C3 /* Tests iOS */ = {
			isa = PBXGroup;
			children = (
				2F39B85C27823CF600FE72C3 /* Tests_iOS.swift */,
				2F39B85E27823CF700FE72C3 /* Tests_iOSLaunchTests.swift */,
			);
			path = "Tests iOS";
			sourceTree = "<group>";
		};
		2F42C5A82784E70C00F0BEB2 /* EventKit */ = {
			isa = PBXGroup;
			children = (
				2F42C59C2784E3DE00F0BEB2 /* EventKitManager.swift */,
				2F42C5A52784E6FC00F0BEB2 /* EventError.swift */,
				2F24458A27D8BE37005BF37D /* Calendar-Extension.swift */,
				2F24457E27D797C9005BF37D /* EventKit-Extension.swift */,
				2F42C59327848DF700F0BEB2 /* Date-Extension.swift */,
				2F471C392E24950800D37709 /* DateComponents-Extension.swift */,
				2F42C5A22784E6E000F0BEB2 /* EKEventStore-Extension.swift */,
			);
			path = EventKit;
			sourceTree = "<group>";
		};
		2F42C5A92784E71500F0BEB2 /* Utils */ = {
			isa = PBXGroup;
			children = (
				2F24458727D8BDD0005BF37D /* SwipeGesture.swift */,
				2F39B888278241B500FE72C3 /* Colors.swift */,
				2F6504FF27879FED00AF90F7 /* SwiftBarButtonItem.swift */,
				2FD6BE472E2177ED00AA7C5A /* Double-Extension.swift */,
				2F8AB30F27A229DA00654FEF /* Utils.swift */,
			);
			path = Utils;
			sourceTree = "<group>";
		};
		2F5427DA28CF825C00F08952 /* WatchFace App */ = {
			isa = PBXGroup;
			children = (
				2F52377829F99E5200BAD1EC /* WatchFace-App-Info.plist */,
			);
			path = "WatchFace App";
			sourceTree = SOURCE_ROOT;
		};
		2F646BB3285178A900D7445D /* EventInput */ = {
			isa = PBXGroup;
			children = (
				2F6505052787DA3C00AF90F7 /* EventInput.swift */,
				2F81230B2797B59500458B1A /* AddEventDateTimePicker.swift */,
				2FB41CB627DACB8E0067F250 /* AddNotesInput.swift */,
				2F211133279A4F4E0041EE85 /* AddRecurrenceRule.swift */,
				2FB41CDC27DEE4DE0067F250 /* SegmentedPicker.swift */,
				2F24458427D824DF005BF37D /* MultiPicker.swift */,
				2F24458127D7F0EB005BF37D /* MultiDateSelectCalendar.swift */,
				2F8AB30C27A220E400654FEF /* DateAndTimePickers.swift */,
				2F81230E2798957C00458B1A /* DateTimePickerInputView.swift */,
				2F8AB2FC279BB4F000654FEF /* DateTimePickerTextField.swift */,
				2F8AB30927A1026500654FEF /* PickerField.swift */,
				2F8AB30627A1025100654FEF /* UIPickerTextField.swift */,
			);
			path = EventInput;
			sourceTree = "<group>";
		};
		2F6504FE27879B8900AF90F7 /* DailyGoal */ = {
			isa = PBXGroup;
			children = (
				2FC6C7B42786434600D75568 /* MultiLineTextField.swift */,
				2FC6C7B72786A26900D75568 /* DailyGoalTextField.swift */,
			);
			path = DailyGoal;
			sourceTree = "<group>";
		};
		2F6505262791371400AF90F7 /* Fonts */ = {
			isa = PBXGroup;
			children = (
				2F6505282791384500AF90F7 /* Inter-Font.swift */,
				2F6505122791370D00AF90F7 /* Inter-Black.ttf */,
				2F6505132791370D00AF90F7 /* Inter-Bold.ttf */,
				2F6505112791370C00AF90F7 /* Inter-ExtraBold.ttf */,
				2F65050F2791370C00AF90F7 /* Inter-Regular.ttf */,
				2F65050B2791370C00AF90F7 /* Inter-SemiBold.ttf */,
				2F65050C2791370C00AF90F7 /* Inter-Thin.ttf */,
				2F65050E2791370C00AF90F7 /* Inter-ExtraLight.ttf */,
				2F6505102791370C00AF90F7 /* Inter-Light.ttf */,
				2F65050D2791370C00AF90F7 /* Inter-Medium.ttf */,
			);
			path = Fonts;
			sourceTree = "<group>";
		};
		2F8AB305279EDFD600654FEF /* EventAndRemindersViews */ = {
			isa = PBXGroup;
			children = (
				2FB41CB327DA5E220067F250 /* EventListCell.swift */,
				2FB41CB027DA5DBE0067F250 /* ReminderListCell.swift */,
			);
			path = EventAndRemindersViews;
			sourceTree = "<group>";
		};
		2F8AB31227A25D9F00654FEF /* Settings Menus */ = {
			isa = PBXGroup;
			children = (
				2FDFFFD92E22C84400B9D266 /* Popover */,
				2F6505082787F87A00AF90F7 /* SettingsView.swift */,
				2FB41CD627DEDBB70067F250 /* SettingsControls.swift */,
				2FB60E5427E48DFE004DA305 /* CalendarSelection.swift */,
			);
			path = "Settings Menus";
			sourceTree = "<group>";
		};
		2FB41CD227DE890E0067F250 /* Views */ = {
			isa = PBXGroup;
			children = (
				2FB41CAD27D97D710067F250 /* TimeDrawClock.swift */,
				2FB60E4B27E21690004DA305 /* ClockFace.swift */,
				2FB60E4827E21571004DA305 /* ClockEventLine.swift */,
				2F7A0BC32E35C25300B69C71 /* MyToastView.swift */,
				2FB41CCF27DE4A9D0067F250 /* ClockHands.swift */,
			);
			path = Views;
			sourceTree = "<group>";
		};
		2FD40787284FBB700022FC49 /* WatchFace Watch Extension */ = {
			isa = PBXGroup;
			children = (
				2FD40788284FBB700022FC49 /* TimeDrawWatchApp.swift */,
				2FD4078C284FBB700022FC49 /* NotificationController.swift */,
				2FD4078E284FBB700022FC49 /* NotificationView.swift */,
				2FD40790284FBB700022FC49 /* ComplicationController.swift */,
				2FD40792284FBB700022FC49 /* Assets.xcassets */,
				2FD40797284FBB700022FC49 /* Info.plist */,
				2FD40798284FBB700022FC49 /* PushNotificationPayload.apns */,
				2FD40794284FBB700022FC49 /* Preview Content */,
			);
			path = "WatchFace Watch Extension";
			sourceTree = "<group>";
		};
		2FD40794284FBB700022FC49 /* Preview Content */ = {
			isa = PBXGroup;
			children = (
				2FD40795284FBB700022FC49 /* Preview Assets.xcassets */,
			);
			path = "Preview Content";
			sourceTree = "<group>";
		};
		2FD407A0284FBB700022FC49 /* WatchFaceTests */ = {
			isa = PBXGroup;
			children = (
				2FD407A1284FBB700022FC49 /* WatchFaceTests.swift */,
			);
			path = WatchFaceTests;
			sourceTree = "<group>";
		};
		2FD407D9284FC1C50022FC49 /* Frameworks */ = {
			isa = PBXGroup;
			children = (
				2F7A0BCF2E35C5F100B69C71 /* WidgetKit.framework */,
				2F7A0BD12E35C5F100B69C71 /* SwiftUI.framework */,
			);
			name = Frameworks;
			sourceTree = "<group>";
		};
		2FD6BE462E2177CC00AA7C5A /* Models */ = {
			isa = PBXGroup;
			children = (
				2FD6BE422E2177C900AA7C5A /* Time.swift */,
				2FDFFFCD2E22C77200B9D266 /* CalendarItemType.swift */,
				2FDFFFD12E22C77B00B9D266 /* ItemRecurrenceType.swift */,
			);
			path = Models;
			sourceTree = "<group>";
		};
		2FDFFFD92E22C84400B9D266 /* Popover */ = {
			isa = PBXGroup;
			children = (
				2F8AB302279D140E00654FEF /* PopoverButton.swift */,
				2FDFFFD72E22C83F00B9D266 /* UIPopoverWrapperViewController.swift */,
				2FDFFFD52E22C82A00B9D266 /* PopoverWrapper.swift */,
			);
			path = Popover;
			sourceTree = "<group>";
		};
		5F654E2C27D3722F00D6F53C /* iOS */ = {
			isa = PBXGroup;
			children = (
				2F6505272791373800AF90F7 /* TimeDraw--iOS--Info.plist */,
				2F39B88427823DEC00FE72C3 /* TimeDraw (iOS).entitlements */,
				2F39B84327823CF600FE72C3 /* TimeDrawApp.swift */,
				2F39B84427823CF600FE72C3 /* MainViewContainer.swift */,
				2F6505022787A09900AF90F7 /* MainHeader.swift */,
				2F21112F2799B62D0041EE85 /* MainScrollableContent.swift */,
				2F26FE6028CE56F500A9A0AE /* Onboarding */,
				2F2343FB27D454BC0064B635 /* CalendarView.swift */,
				2F8AB305279EDFD600654FEF /* EventAndRemindersViews */,
				2F646BB3285178A900D7445D /* EventInput */,
				2F8AB31227A25D9F00654FEF /* Settings Menus */,
				2F6504FE27879B8900AF90F7 /* DailyGoal */,
			);
			path = iOS;
			sourceTree = "<group>";
		};
/* End PBXGroup section */

/* Begin PBXNativeTarget section */
		2F39B84A27823CF600FE72C3 /* TimeDraw (iOS) */ = {
			isa = PBXNativeTarget;
			buildConfigurationList = 2F39B87827823CF700FE72C3 /* Build configuration list for PBXNativeTarget "TimeDraw (iOS)" */;
			buildPhases = (
				2F39B84727823CF600FE72C3 /* Sources */,
				2F39B84827823CF600FE72C3 /* Frameworks */,
				2F39B84927823CF600FE72C3 /* Resources */,
				2FD407B2284FBB700022FC49 /* Embed Watch Content */,
				2F7A0BE22E35C5F200B69C71 /* Embed Foundation Extensions */,
			);
			buildRules = (
			);
			dependencies = (
				2FD407B0284FBB700022FC49 /* PBXTargetDependency */,
				2F7A0BDC2E35C5F200B69C71 /* PBXTargetDependency */,
			);
			name = "TimeDraw (iOS)";
			packageProductDependencies = (
				2F471C402E27403D00D37709 /* Dependencies */,
				2F7A0BC62E35C2EA00B69C71 /* ToastWindow */,
			);
			productName = "TimeDraw (iOS)";
			productReference = 2F39B84B27823CF600FE72C3 /* TimeDraw.app */;
			productType = "com.apple.product-type.application";
		};
		2F39B85727823CF600FE72C3 /* Tests iOS */ = {
			isa = PBXNativeTarget;
			buildConfigurationList = 2F39B87E27823CF700FE72C3 /* Build configuration list for PBXNativeTarget "Tests iOS" */;
			buildPhases = (
				2F39B85427823CF600FE72C3 /* Sources */,
				2F39B85527823CF600FE72C3 /* Frameworks */,
				2F39B85627823CF600FE72C3 /* Resources */,
			);
			buildRules = (
			);
			dependencies = (
				2F39B85A27823CF600FE72C3 /* PBXTargetDependency */,
			);
			name = "Tests iOS";
			productName = "Tests iOS";
			productReference = 2F39B85827823CF600FE72C3 /* Tests iOS.xctest */;
			productType = "com.apple.product-type.bundle.ui-testing";
		};
		2F7A0BCD2E35C5F100B69C71 /* TimeDrawWidgetExtension */ = {
			isa = PBXNativeTarget;
			buildConfigurationList = 2F7A0BDF2E35C5F200B69C71 /* Build configuration list for PBXNativeTarget "TimeDrawWidgetExtension" */;
			buildPhases = (
				2F7A0BCA2E35C5F100B69C71 /* Sources */,
				2F7A0BCB2E35C5F100B69C71 /* Frameworks */,
				2F7A0BCC2E35C5F100B69C71 /* Resources */,
			);
			buildRules = (
			);
			dependencies = (
			);
			fileSystemSynchronizedGroups = (
				2F7A0BD32E35C5F100B69C71 /* TimeDrawWidget */,
			);
			name = TimeDrawWidgetExtension;
			packageProductDependencies = (
				2F7A0BFD2E35C8EF00B69C71 /* Dependencies */,
				2F7A0BFF2E35C90600B69C71 /* ToastWindow */,
			);
			productName = TimeDrawWidgetExtension;
			productReference = 2F7A0BCE2E35C5F100B69C71 /* TimeDrawWidgetExtension.appex */;
			productType = "com.apple.product-type.app-extension";
		};
		2FD4077A284FBB6F0022FC49 /* WatchFace App */ = {
			isa = PBXNativeTarget;
			buildConfigurationList = 2FD407BD284FBB700022FC49 /* Build configuration list for PBXNativeTarget "WatchFace App" */;
			buildPhases = (
				2FD40779284FBB6F0022FC49 /* Resources */,
				2FD4077F284FBB700022FC49 /* Sources */,
				2FD40780284FBB700022FC49 /* Frameworks */,
			);
			buildRules = (
			);
			dependencies = (
			);
			name = "WatchFace App";
			productName = WatchFace;
			productReference = 2FD4077B284FBB6F0022FC49 /* WatchFace App.app */;
			productType = "com.apple.product-type.application";
		};
		2FD4079C284FBB700022FC49 /* WatchFaceTests */ = {
			isa = PBXNativeTarget;
			buildConfigurationList = 2FD407BE284FBB700022FC49 /* Build configuration list for PBXNativeTarget "WatchFaceTests" */;
			buildPhases = (
				2FD40799284FBB700022FC49 /* Sources */,
				2FD4079A284FBB700022FC49 /* Frameworks */,
				2FD4079B284FBB700022FC49 /* Resources */,
			);
			buildRules = (
			);
			dependencies = (
			);
			name = WatchFaceTests;
			productName = WatchFaceTests;
			productReference = 2FD4079D284FBB700022FC49 /* WatchFaceTests.xctest */;
			productType = "com.apple.product-type.bundle.unit-test";
		};
/* End PBXNativeTarget section */

/* Begin PBXProject section */
		2F39B83C27823CF600FE72C3 /* Project object */ = {
			isa = PBXProject;
			attributes = {
				BuildIndependentTargetsInParallel = 1;
				LastSwiftUpdateCheck = 1640;
				LastUpgradeCheck = 1640;
				TargetAttributes = {
					2F39B84A27823CF600FE72C3 = {
						CreatedOnToolsVersion = 13.2;
					};
					2F39B85727823CF600FE72C3 = {
						CreatedOnToolsVersion = 13.2;
						TestTargetID = 2F39B84A27823CF600FE72C3;
					};
					2F7A0BCD2E35C5F100B69C71 = {
						CreatedOnToolsVersion = 16.4;
					};
					2FD4077A284FBB6F0022FC49 = {
						CreatedOnToolsVersion = 13.2;
					};
					2FD4079C284FBB700022FC49 = {
						CreatedOnToolsVersion = 13.2;
						TestTargetID = 2FD40782284FBB700022FC49;
					};
				};
			};
			buildConfigurationList = 2F39B83F27823CF600FE72C3 /* Build configuration list for PBXProject "TimeDraw" */;
			compatibilityVersion = "Xcode 13.0";
			developmentRegion = en;
			hasScannedForEncodings = 0;
			knownRegions = (
				en,
				Base,
			);
			mainGroup = 2F39B83B27823CF600FE72C3;
			packageReferences = (
				2FDFFFCC2E2298F800B9D266 /* XCRemoteSwiftPackageReference "ToastWindow" */,
				2F471C3F2E27403D00D37709 /* XCRemoteSwiftPackageReference "swift-dependencies" */,
			);
			productRefGroup = 2F39B84C27823CF600FE72C3 /* Products */;
			projectDirPath = "";
			projectRoot = "";
			targets = (
				2F39B84A27823CF600FE72C3 /* TimeDraw (iOS) */,
				2F39B85727823CF600FE72C3 /* Tests iOS */,
				2FD4077A284FBB6F0022FC49 /* WatchFace App */,
				2FD4079C284FBB700022FC49 /* WatchFaceTests */,
				2F7A0BCD2E35C5F100B69C71 /* TimeDrawWidgetExtension */,
			);
		};
/* End PBXProject section */

/* Begin PBXResourcesBuildPhase section */
		2F39B84927823CF600FE72C3 /* Resources */ = {
			isa = PBXResourcesBuildPhase;
			buildActionMask = 2147483647;
			files = (
				2F6505162791370D00AF90F7 /* Inter-Thin.ttf in Resources */,
				2F471C3B2E24950800D37709 /* DateComponents-Extension.swift in Resources */,
				2F65051A2791370D00AF90F7 /* Inter-ExtraLight.ttf in Resources */,
				2F6505242791370D00AF90F7 /* Inter-Bold.ttf in Resources */,
				2F646BB1285038CF00D7445D /* README.md in Resources */,
				2F6505202791370D00AF90F7 /* Inter-ExtraBold.ttf in Resources */,
				2F65051E2791370D00AF90F7 /* Inter-Light.ttf in Resources */,
				2F6505142791370D00AF90F7 /* Inter-SemiBold.ttf in Resources */,
				2F39B87427823CF700FE72C3 /* Assets.xcassets in Resources */,
				2F6505182791370D00AF90F7 /* Inter-Medium.ttf in Resources */,
				2F6505222791370D00AF90F7 /* Inter-Black.ttf in Resources */,
				2F39B88627823E1400FE72C3 /* LaunchScreen.storyboard in Resources */,
				2F65051C2791370D00AF90F7 /* Inter-Regular.ttf in Resources */,
			);
			runOnlyForDeploymentPostprocessing = 0;
		};
		2F39B85627823CF600FE72C3 /* Resources */ = {
			isa = PBXResourcesBuildPhase;
			buildActionMask = 2147483647;
			files = (
			);
			runOnlyForDeploymentPostprocessing = 0;
		};
		2F7A0BCC2E35C5F100B69C71 /* Resources */ = {
			isa = PBXResourcesBuildPhase;
			buildActionMask = 2147483647;
			files = (
			);
			runOnlyForDeploymentPostprocessing = 0;
		};
		2FD40779284FBB6F0022FC49 /* Resources */ = {
			isa = PBXResourcesBuildPhase;
			buildActionMask = 2147483647;
			files = (
				2F646BAE2850283D00D7445D /* Inter-Light.ttf in Resources */,
				2F471C3A2E24950800D37709 /* DateComponents-Extension.swift in Resources */,
				2F646BA92850283D00D7445D /* Inter-ExtraBold.ttf in Resources */,
				2F26FE6128CE7F4C00A9A0AE /* Assets.xcassets in Resources */,
				2F646BA72850283D00D7445D /* Inter-Black.ttf in Resources */,
				2FD40793284FBB700022FC49 /* Assets.xcassets in Resources */,
				2FD40796284FBB700022FC49 /* Preview Assets.xcassets in Resources */,
				2F646BA82850283D00D7445D /* Inter-Bold.ttf in Resources */,
				2F646BAC2850283D00D7445D /* Inter-Thin.ttf in Resources */,
				2F646BAA2850283D00D7445D /* Inter-Regular.ttf in Resources */,
				2F646BAD2850283D00D7445D /* Inter-ExtraLight.ttf in Resources */,
				2F646BAF2850283D00D7445D /* Inter-Medium.ttf in Resources */,
				2F646BAB2850283D00D7445D /* Inter-SemiBold.ttf in Resources */,
			);
			runOnlyForDeploymentPostprocessing = 0;
		};
		2FD4079B284FBB700022FC49 /* Resources */ = {
			isa = PBXResourcesBuildPhase;
			buildActionMask = 2147483647;
			files = (
				2F26FE6328CE7F4F00A9A0AE /* Assets.xcassets in Resources */,
			);
			runOnlyForDeploymentPostprocessing = 0;
		};
/* End PBXResourcesBuildPhase section */

/* Begin PBXSourcesBuildPhase section */
		2F39B84727823CF600FE72C3 /* Sources */ = {
			isa = PBXSourcesBuildPhase;
			buildActionMask = 2147483647;
			files = (
				2FB41CB727DACB8E0067F250 /* AddNotesInput.swift in Sources */,
				2F8AB30D27A220E400654FEF /* DateAndTimePickers.swift in Sources */,
				2F81230C2797B59500458B1A /* AddEventDateTimePicker.swift in Sources */,
				2FB60E4C27E21690004DA305 /* ClockFace.swift in Sources */,
				2F39B86E27823CF700FE72C3 /* TimeDrawApp.swift in Sources */,
				2FC6C7B52786434600D75568 /* MultiLineTextField.swift in Sources */,
				2FDFFFD42E22C77B00B9D266 /* ItemRecurrenceType.swift in Sources */,
				2FDFFFD62E22C82A00B9D266 /* PopoverWrapper.swift in Sources */,
				2F542010279B4AE90046696B /* ModifyCalendarItemViewModel.swift in Sources */,
				2FC6C7B82786A26900D75568 /* DailyGoalTextField.swift in Sources */,
				2F8AB303279D140E00654FEF /* PopoverButton.swift in Sources */,
				2F8AB30A27A1026500654FEF /* PickerField.swift in Sources */,
				2F24458227D7F0EB005BF37D /* MultiDateSelectCalendar.swift in Sources */,
				2F8AB2FD279BB4F000654FEF /* DateTimePickerTextField.swift in Sources */,
				2F39B889278241B500FE72C3 /* Colors.swift in Sources */,
				2FDFFFD82E22C83F00B9D266 /* UIPopoverWrapperViewController.swift in Sources */,
				2F8AB30727A1025100654FEF /* UIPickerTextField.swift in Sources */,
				2F6505292791384500AF90F7 /* Inter-Font.swift in Sources */,
				2F5427EF28D7787300F08952 /* DemoScreen.swift in Sources */,
				2FB41CAE27D97D710067F250 /* TimeDrawClock.swift in Sources */,
				2F471C462E35B95C00D37709 /* ReviewRequestManager.swift in Sources */,
				2F5427EC28D753D700F08952 /* IntroView.swift in Sources */,
				2F6505092787F87A00AF90F7 /* SettingsView.swift in Sources */,
				2FB41CD427DEDB3F0067F250 /* AppSettings.swift in Sources */,
				2F24458827D8BDD0005BF37D /* SwipeGesture.swift in Sources */,
				2F2111302799B62D0041EE85 /* MainScrollableContent.swift in Sources */,
				2FB60E4927E21571004DA305 /* ClockEventLine.swift in Sources */,
				2F6505062787DA3C00AF90F7 /* EventInput.swift in Sources */,
				2F42C59D2784E3DE00F0BEB2 /* EventKitManager.swift in Sources */,
				2F2343FC27D454BC0064B635 /* CalendarView.swift in Sources */,
				2F211134279A4F4E0041EE85 /* AddRecurrenceRule.swift in Sources */,
				2F42C5A32784E6E000F0BEB2 /* EKEventStore-Extension.swift in Sources */,
				2FB41CB427DA5E220067F250 /* EventListCell.swift in Sources */,
				2FD6BE452E2177C900AA7C5A /* Time.swift in Sources */,
				2F8AB31027A229DA00654FEF /* Utils.swift in Sources */,
				2F26FE5E28CE56E900A9A0AE /* OnboardingExperience.swift in Sources */,
				2FB60E5527E48DFE004DA305 /* CalendarSelection.swift in Sources */,
				2F65050027879FED00AF90F7 /* SwiftBarButtonItem.swift in Sources */,
				2F81230F2798957C00458B1A /* DateTimePickerInputView.swift in Sources */,
				2FB41CD027DE4A9D0067F250 /* ClockHands.swift in Sources */,
				2F7A0BC52E35C25300B69C71 /* MyToastView.swift in Sources */,
				2F42C5A62784E6FC00F0BEB2 /* EventError.swift in Sources */,
				2FB41CB127DA5DBE0067F250 /* ReminderListCell.swift in Sources */,
				2FB41CDD27DEE4DE0067F250 /* SegmentedPicker.swift in Sources */,
				2F39B87027823CF700FE72C3 /* MainViewContainer.swift in Sources */,
				2F24457F27D797C9005BF37D /* EventKit-Extension.swift in Sources */,
				2F24458B27D8BE37005BF37D /* Calendar-Extension.swift in Sources */,
				2F6505032787A09900AF90F7 /* MainHeader.swift in Sources */,
				2FB41CD727DEDBB70067F250 /* SettingsControls.swift in Sources */,
				2F1F8FA427D3AAEF00648234 /* CalendarItemListViewModel.swift in Sources */,
				2FD6BE482E2177ED00AA7C5A /* Double-Extension.swift in Sources */,
				2F24458527D824DF005BF37D /* MultiPicker.swift in Sources */,
				2F42C59427848DF700F0BEB2 /* Date-Extension.swift in Sources */,
				2FDFFFCF2E22C77200B9D266 /* CalendarItemType.swift in Sources */,
			);
			runOnlyForDeploymentPostprocessing = 0;
		};
		2F39B85427823CF600FE72C3 /* Sources */ = {
			isa = PBXSourcesBuildPhase;
			buildActionMask = 2147483647;
			files = (
				2F39B85F27823CF700FE72C3 /* Tests_iOSLaunchTests.swift in Sources */,
				2F39B85D27823CF600FE72C3 /* Tests_iOS.swift in Sources */,
			);
			runOnlyForDeploymentPostprocessing = 0;
		};
		2F7A0BCA2E35C5F100B69C71 /* Sources */ = {
			isa = PBXSourcesBuildPhase;
			buildActionMask = 2147483647;
			files = (
				2F7A0BEF2E35C83C00B69C71 /* Calendar-Extension.swift in Sources */,
				2F7A0BF02E35C83C00B69C71 /* EKEventStore-Extension.swift in Sources */,
				2F7A0BF12E35C83C00B69C71 /* EventKit-Extension.swift in Sources */,
				2F7A0BF22E35C83C00B69C71 /* EventError.swift in Sources */,
				2F7A0BF32E35C83C00B69C71 /* EventKitManager.swift in Sources */,
				2F7A0BF42E35C83C00B69C71 /* DateComponents-Extension.swift in Sources */,
				2F7A0BF52E35C83C00B69C71 /* Date-Extension.swift in Sources */,
				2F7A0BFC2E35C8D200B69C71 /* ClockFace.swift in Sources */,
				2F7A0BE32E35C74C00B69C71 /* TimeDrawClock.swift in Sources */,
				2F7A0BE72E35C76F00B69C71 /* Time.swift in Sources */,
				2F7A0BF62E35C84200B69C71 /* Colors.swift in Sources */,
				2F7A0BF72E35C84200B69C71 /* Double-Extension.swift in Sources */,
				2F7A0BF82E35C84200B69C71 /* Utils.swift in Sources */,
				2F7A0BF92E35C84200B69C71 /* SwipeGesture.swift in Sources */,
				2F7A0BFA2E35C84200B69C71 /* SwiftBarButtonItem.swift in Sources */,
				2F7A0BE82E35C77B00B69C71 /* CalendarItemListViewModel.swift in Sources */,
				2F7A0BFB2E35C85800B69C71 /* MyToastView.swift in Sources */,
				2F7A0BEC2E35C81C00B69C71 /* CalendarItemType.swift in Sources */,
				2F7A0BEB2E35C81300B69C71 /* ItemRecurrenceType.swift in Sources */,
				2F7A0BEA2E35C80600B69C71 /* AppSettings.swift in Sources */,
				2F7A0BE42E35C75400B69C71 /* ClockEventLine.swift in Sources */,
				2F7A0BED2E35C82B00B69C71 /* ModifyCalendarItemViewModel.swift in Sources */,
				2F7A0BE62E35C75400B69C71 /* ClockHands.swift in Sources */,
			);
			runOnlyForDeploymentPostprocessing = 0;
		};
		2FD4077F284FBB700022FC49 /* Sources */ = {
			isa = PBXSourcesBuildPhase;
			buildActionMask = 2147483647;
			files = (
				2FDFFFCE2E22C77200B9D266 /* CalendarItemType.swift in Sources */,
				2FD407D4284FBCF70022FC49 /* AppSettings.swift in Sources */,
				2FD4078D284FBB700022FC49 /* NotificationController.swift in Sources */,
				2FD407C5284FBC600022FC49 /* Colors.swift in Sources */,
				2FD407C4284FBC260022FC49 /* Inter-Font.swift in Sources */,
				2FD407D6284FBD670022FC49 /* EKEventStore-Extension.swift in Sources */,
				2FD407C3284FBC050022FC49 /* ClockHands.swift in Sources */,
				2FD407D7284FBDD70022FC49 /* CalendarItemListViewModel.swift in Sources */,
				2FD407C6284FBC6C0022FC49 /* SwipeGesture.swift in Sources */,
				2FD407C7284FBC760022FC49 /* Utils.swift in Sources */,
				2FDFFFD22E22C77B00B9D266 /* ItemRecurrenceType.swift in Sources */,
				2FD407CA284FBC7A0022FC49 /* EventKit-Extension.swift in Sources */,
				2FD407CF284FBC860022FC49 /* Calendar-Extension.swift in Sources */,
				2F471C452E35B95C00D37709 /* ReviewRequestManager.swift in Sources */,
				2FD407C9284FBC7A0022FC49 /* Date-Extension.swift in Sources */,
				2FD407D8284FBDFB0022FC49 /* EventKitManager.swift in Sources */,
				2FD6BE492E2177ED00AA7C5A /* Double-Extension.swift in Sources */,
				2FD40791284FBB700022FC49 /* ComplicationController.swift in Sources */,
				2FD407C0284FBC050022FC49 /* ClockEventLine.swift in Sources */,
				2FD407D1284FBC860022FC49 /* EventError.swift in Sources */,
				2FD407C1284FBC050022FC49 /* TimeDrawClock.swift in Sources */,
				2FD407C2284FBC050022FC49 /* ClockFace.swift in Sources */,
				2FD40789284FBB700022FC49 /* TimeDrawWatchApp.swift in Sources */,
				2FD6BE432E2177C900AA7C5A /* Time.swift in Sources */,
				2FD4078F284FBB700022FC49 /* NotificationView.swift in Sources */,
			);
			runOnlyForDeploymentPostprocessing = 0;
		};
		2FD40799284FBB700022FC49 /* Sources */ = {
			isa = PBXSourcesBuildPhase;
			buildActionMask = 2147483647;
			files = (
				2FDFFFD32E22C77B00B9D266 /* ItemRecurrenceType.swift in Sources */,
				2FD407A2284FBB700022FC49 /* WatchFaceTests.swift in Sources */,
			);
			runOnlyForDeploymentPostprocessing = 0;
		};
/* End PBXSourcesBuildPhase section */

/* Begin PBXTargetDependency section */
		2F39B85A27823CF600FE72C3 /* PBXTargetDependency */ = {
			isa = PBXTargetDependency;
			target = 2F39B84A27823CF600FE72C3 /* TimeDraw (iOS) */;
			targetProxy = 2F39B85927823CF600FE72C3 /* PBXContainerItemProxy */;
		};
		2F7A0BDC2E35C5F200B69C71 /* PBXTargetDependency */ = {
			isa = PBXTargetDependency;
			target = 2F7A0BCD2E35C5F100B69C71 /* TimeDrawWidgetExtension */;
			targetProxy = 2F7A0BDB2E35C5F200B69C71 /* PBXContainerItemProxy */;
		};
		2FD407B0284FBB700022FC49 /* PBXTargetDependency */ = {
			isa = PBXTargetDependency;
			target = 2FD4077A284FBB6F0022FC49 /* WatchFace App */;
			targetProxy = 2FD407AF284FBB700022FC49 /* PBXContainerItemProxy */;
		};
/* End PBXTargetDependency section */

/* Begin XCBuildConfiguration section */
		2F39B87627823CF700FE72C3 /* Debug */ = {
			isa = XCBuildConfiguration;
			buildSettings = {
				ALWAYS_SEARCH_USER_PATHS = NO;
				ASSETCATALOG_COMPILER_GENERATE_SWIFT_ASSET_SYMBOL_EXTENSIONS = YES;
				CLANG_ANALYZER_NONNULL = YES;
				CLANG_ANALYZER_NUMBER_OBJECT_CONVERSION = YES_AGGRESSIVE;
				CLANG_CXX_LANGUAGE_STANDARD = "gnu++17";
				CLANG_CXX_LIBRARY = "libc++";
				CLANG_ENABLE_MODULES = YES;
				CLANG_ENABLE_OBJC_ARC = YES;
				CLANG_ENABLE_OBJC_WEAK = YES;
				CLANG_WARN_BLOCK_CAPTURE_AUTORELEASING = YES;
				CLANG_WARN_BOOL_CONVERSION = YES;
				CLANG_WARN_COMMA = YES;
				CLANG_WARN_CONSTANT_CONVERSION = YES;
				CLANG_WARN_DEPRECATED_OBJC_IMPLEMENTATIONS = YES;
				CLANG_WARN_DIRECT_OBJC_ISA_USAGE = YES_ERROR;
				CLANG_WARN_DOCUMENTATION_COMMENTS = YES;
				CLANG_WARN_EMPTY_BODY = YES;
				CLANG_WARN_ENUM_CONVERSION = YES;
				CLANG_WARN_INFINITE_RECURSION = YES;
				CLANG_WARN_INT_CONVERSION = YES;
				CLANG_WARN_NON_LITERAL_NULL_CONVERSION = YES;
				CLANG_WARN_OBJC_IMPLICIT_RETAIN_SELF = YES;
				CLANG_WARN_OBJC_LITERAL_CONVERSION = YES;
				CLANG_WARN_OBJC_ROOT_CLASS = YES_ERROR;
				CLANG_WARN_QUOTED_INCLUDE_IN_FRAMEWORK_HEADER = YES;
				CLANG_WARN_RANGE_LOOP_ANALYSIS = YES;
				CLANG_WARN_STRICT_PROTOTYPES = YES;
				CLANG_WARN_SUSPICIOUS_MOVE = YES;
				CLANG_WARN_UNGUARDED_AVAILABILITY = YES_AGGRESSIVE;
				CLANG_WARN_UNREACHABLE_CODE = YES;
				CLANG_WARN__DUPLICATE_METHOD_MATCH = YES;
				COPY_PHASE_STRIP = NO;
				DEAD_CODE_STRIPPING = YES;
				DEBUG_INFORMATION_FORMAT = dwarf;
				DEVELOPMENT_TEAM = KLQC884752;
				ENABLE_STRICT_OBJC_MSGSEND = YES;
				ENABLE_TESTABILITY = YES;
				ENABLE_USER_SCRIPT_SANDBOXING = YES;
				GCC_C_LANGUAGE_STANDARD = gnu11;
				GCC_DYNAMIC_NO_PIC = NO;
				GCC_NO_COMMON_BLOCKS = YES;
				GCC_OPTIMIZATION_LEVEL = 0;
				GCC_PREPROCESSOR_DEFINITIONS = (
					"DEBUG=1",
					"$(inherited)",
				);
				GCC_WARN_64_TO_32_BIT_CONVERSION = YES;
				GCC_WARN_ABOUT_RETURN_TYPE = YES_ERROR;
				GCC_WARN_UNDECLARED_SELECTOR = YES;
				GCC_WARN_UNINITIALIZED_AUTOS = YES_AGGRESSIVE;
				GCC_WARN_UNUSED_FUNCTION = YES;
				GCC_WARN_UNUSED_VARIABLE = YES;
				IPHONEOS_DEPLOYMENT_TARGET = 15.6;
				MTL_ENABLE_DEBUG_INFO = INCLUDE_SOURCE;
				MTL_FAST_MATH = YES;
				ONLY_ACTIVE_ARCH = YES;
				SWIFT_ACTIVE_COMPILATION_CONDITIONS = DEBUG;
				SWIFT_OPTIMIZATION_LEVEL = "-Onone";
			};
			name = Debug;
		};
		2F39B87727823CF700FE72C3 /* Release */ = {
			isa = XCBuildConfiguration;
			buildSettings = {
				ALWAYS_SEARCH_USER_PATHS = NO;
				ASSETCATALOG_COMPILER_GENERATE_SWIFT_ASSET_SYMBOL_EXTENSIONS = YES;
				CLANG_ANALYZER_NONNULL = YES;
				CLANG_ANALYZER_NUMBER_OBJECT_CONVERSION = YES_AGGRESSIVE;
				CLANG_CXX_LANGUAGE_STANDARD = "gnu++17";
				CLANG_CXX_LIBRARY = "libc++";
				CLANG_ENABLE_MODULES = YES;
				CLANG_ENABLE_OBJC_ARC = YES;
				CLANG_ENABLE_OBJC_WEAK = YES;
				CLANG_WARN_BLOCK_CAPTURE_AUTORELEASING = YES;
				CLANG_WARN_BOOL_CONVERSION = YES;
				CLANG_WARN_COMMA = YES;
				CLANG_WARN_CONSTANT_CONVERSION = YES;
				CLANG_WARN_DEPRECATED_OBJC_IMPLEMENTATIONS = YES;
				CLANG_WARN_DIRECT_OBJC_ISA_USAGE = YES_ERROR;
				CLANG_WARN_DOCUMENTATION_COMMENTS = YES;
				CLANG_WARN_EMPTY_BODY = YES;
				CLANG_WARN_ENUM_CONVERSION = YES;
				CLANG_WARN_INFINITE_RECURSION = YES;
				CLANG_WARN_INT_CONVERSION = YES;
				CLANG_WARN_NON_LITERAL_NULL_CONVERSION = YES;
				CLANG_WARN_OBJC_IMPLICIT_RETAIN_SELF = YES;
				CLANG_WARN_OBJC_LITERAL_CONVERSION = YES;
				CLANG_WARN_OBJC_ROOT_CLASS = YES_ERROR;
				CLANG_WARN_QUOTED_INCLUDE_IN_FRAMEWORK_HEADER = YES;
				CLANG_WARN_RANGE_LOOP_ANALYSIS = YES;
				CLANG_WARN_STRICT_PROTOTYPES = YES;
				CLANG_WARN_SUSPICIOUS_MOVE = YES;
				CLANG_WARN_UNGUARDED_AVAILABILITY = YES_AGGRESSIVE;
				CLANG_WARN_UNREACHABLE_CODE = YES;
				CLANG_WARN__DUPLICATE_METHOD_MATCH = YES;
				COPY_PHASE_STRIP = NO;
				DEAD_CODE_STRIPPING = YES;
				DEBUG_INFORMATION_FORMAT = "dwarf-with-dsym";
				DEVELOPMENT_TEAM = KLQC884752;
				ENABLE_NS_ASSERTIONS = NO;
				ENABLE_STRICT_OBJC_MSGSEND = YES;
				ENABLE_USER_SCRIPT_SANDBOXING = YES;
				GCC_C_LANGUAGE_STANDARD = gnu11;
				GCC_NO_COMMON_BLOCKS = YES;
				GCC_WARN_64_TO_32_BIT_CONVERSION = YES;
				GCC_WARN_ABOUT_RETURN_TYPE = YES_ERROR;
				GCC_WARN_UNDECLARED_SELECTOR = YES;
				GCC_WARN_UNINITIALIZED_AUTOS = YES_AGGRESSIVE;
				GCC_WARN_UNUSED_FUNCTION = YES;
				GCC_WARN_UNUSED_VARIABLE = YES;
				IPHONEOS_DEPLOYMENT_TARGET = 15.6;
				MTL_ENABLE_DEBUG_INFO = NO;
				MTL_FAST_MATH = YES;
				SWIFT_COMPILATION_MODE = wholemodule;
				SWIFT_OPTIMIZATION_LEVEL = "-O";
			};
			name = Release;
		};
		2F39B87927823CF700FE72C3 /* Debug */ = {
			isa = XCBuildConfiguration;
			buildSettings = {
				ASSETCATALOG_COMPILER_APPICON_NAME = AppIcon;
				ASSETCATALOG_COMPILER_GLOBAL_ACCENT_COLOR_NAME = AccentColor;
				CODE_SIGN_ENTITLEMENTS = "iOS/TimeDraw (iOS).entitlements";
				CODE_SIGN_STYLE = Automatic;
				CURRENT_PROJECT_VERSION = 21;
				ENABLE_PREVIEWS = YES;
				GENERATE_INFOPLIST_FILE = YES;
				INFOPLIST_FILE = "iOS/TimeDraw--iOS--Info.plist";
				INFOPLIST_KEY_CFBundleDisplayName = "Time Draw";
				INFOPLIST_KEY_ITSAppUsesNonExemptEncryption = NO;
				INFOPLIST_KEY_LSApplicationCategoryType = "public.app-category.productivity";
				INFOPLIST_KEY_NSCalendarsUsageDescription = "Time Draw can create and display Calendar Events";
				INFOPLIST_KEY_NSRemindersUsageDescription = "Time Draw can create and display your Reminders";
				INFOPLIST_KEY_UIApplicationSupportsIndirectInputEvents = YES;
				INFOPLIST_KEY_UILaunchScreen_Generation = YES;
				INFOPLIST_KEY_UILaunchStoryboardName = LaunchScreen;
				INFOPLIST_KEY_UIMainStoryboardFile = LaunchScreen;
				INFOPLIST_KEY_UISupportedInterfaceOrientations = "UIInterfaceOrientationPortrait UIInterfaceOrientationPortraitUpsideDown";
				INFOPLIST_KEY_UISupportedInterfaceOrientations_iPad = "UIInterfaceOrientationLandscapeLeft UIInterfaceOrientationLandscapeRight UIInterfaceOrientationPortrait UIInterfaceOrientationPortraitUpsideDown";
				IPHONEOS_DEPLOYMENT_TARGET = 16.6;
				LD_RUNPATH_SEARCH_PATHS = (
					"$(inherited)",
					"@executable_path/Frameworks",
				);
				MARKETING_VERSION = 0.6.2;
				PRODUCT_BUNDLE_IDENTIFIER = com.michaelrobertellis.TimeDraw;
				PRODUCT_NAME = TimeDraw;
				SDKROOT = iphoneos;
				SUPPORTS_MACCATALYST = YES;
				SWIFT_EMIT_LOC_STRINGS = YES;
				SWIFT_VERSION = 5.0;
				TARGETED_DEVICE_FAMILY = "1,2,6";
			};
			name = Debug;
		};
		2F39B87A27823CF700FE72C3 /* Release */ = {
			isa = XCBuildConfiguration;
			buildSettings = {
				ASSETCATALOG_COMPILER_APPICON_NAME = AppIcon;
				ASSETCATALOG_COMPILER_GLOBAL_ACCENT_COLOR_NAME = AccentColor;
				CODE_SIGN_ENTITLEMENTS = "iOS/TimeDraw (iOS).entitlements";
				CODE_SIGN_STYLE = Automatic;
				CURRENT_PROJECT_VERSION = 21;
				ENABLE_PREVIEWS = YES;
				GENERATE_INFOPLIST_FILE = YES;
				INFOPLIST_FILE = "iOS/TimeDraw--iOS--Info.plist";
				INFOPLIST_KEY_CFBundleDisplayName = "Time Draw";
				INFOPLIST_KEY_ITSAppUsesNonExemptEncryption = NO;
				INFOPLIST_KEY_LSApplicationCategoryType = "public.app-category.productivity";
				INFOPLIST_KEY_NSCalendarsUsageDescription = "Time Draw can create and display Calendar Events";
				INFOPLIST_KEY_NSRemindersUsageDescription = "Time Draw can create and display your Reminders";
				INFOPLIST_KEY_UIApplicationSupportsIndirectInputEvents = YES;
				INFOPLIST_KEY_UILaunchScreen_Generation = YES;
				INFOPLIST_KEY_UILaunchStoryboardName = LaunchScreen;
				INFOPLIST_KEY_UIMainStoryboardFile = LaunchScreen;
				INFOPLIST_KEY_UISupportedInterfaceOrientations = "UIInterfaceOrientationPortrait UIInterfaceOrientationPortraitUpsideDown";
				INFOPLIST_KEY_UISupportedInterfaceOrientations_iPad = "UIInterfaceOrientationLandscapeLeft UIInterfaceOrientationLandscapeRight UIInterfaceOrientationPortrait UIInterfaceOrientationPortraitUpsideDown";
				IPHONEOS_DEPLOYMENT_TARGET = 16.6;
				LD_RUNPATH_SEARCH_PATHS = (
					"$(inherited)",
					"@executable_path/Frameworks",
				);
				MARKETING_VERSION = 0.6.2;
				PRODUCT_BUNDLE_IDENTIFIER = com.michaelrobertellis.TimeDraw;
				PRODUCT_NAME = TimeDraw;
				SDKROOT = iphoneos;
				SUPPORTS_MACCATALYST = YES;
				SWIFT_EMIT_LOC_STRINGS = YES;
				SWIFT_VERSION = 5.0;
				TARGETED_DEVICE_FAMILY = "1,2,6";
				VALIDATE_PRODUCT = YES;
			};
			name = Release;
		};
		2F39B87F27823CF700FE72C3 /* Debug */ = {
			isa = XCBuildConfiguration;
			buildSettings = {
				CODE_SIGN_STYLE = Automatic;
				CURRENT_PROJECT_VERSION = 13;
				GENERATE_INFOPLIST_FILE = YES;
				IPHONEOS_DEPLOYMENT_TARGET = 15.2;
				MARKETING_VERSION = 1.0;
				PRODUCT_BUNDLE_IDENTIFIER = "com.michaelrobertellis.Tests-iOS";
				PRODUCT_NAME = "$(TARGET_NAME)";
				SDKROOT = iphoneos;
				SWIFT_EMIT_LOC_STRINGS = NO;
				SWIFT_VERSION = 5.0;
				TARGETED_DEVICE_FAMILY = "1,2";
				TEST_TARGET_NAME = "TimeDraw (iOS)";
			};
			name = Debug;
		};
		2F39B88027823CF700FE72C3 /* Release */ = {
			isa = XCBuildConfiguration;
			buildSettings = {
				CODE_SIGN_STYLE = Automatic;
				CURRENT_PROJECT_VERSION = 13;
				GENERATE_INFOPLIST_FILE = YES;
				IPHONEOS_DEPLOYMENT_TARGET = 15.2;
				MARKETING_VERSION = 1.0;
				PRODUCT_BUNDLE_IDENTIFIER = "com.michaelrobertellis.Tests-iOS";
				PRODUCT_NAME = "$(TARGET_NAME)";
				SDKROOT = iphoneos;
				SWIFT_EMIT_LOC_STRINGS = NO;
				SWIFT_VERSION = 5.0;
				TARGETED_DEVICE_FAMILY = "1,2";
				TEST_TARGET_NAME = "TimeDraw (iOS)";
				VALIDATE_PRODUCT = YES;
			};
			name = Release;
		};
		2F7A0BE02E35C5F200B69C71 /* Debug */ = {
			isa = XCBuildConfiguration;
			buildSettings = {
				ASSETCATALOG_COMPILER_GLOBAL_ACCENT_COLOR_NAME = AccentColor;
				ASSETCATALOG_COMPILER_WIDGET_BACKGROUND_COLOR_NAME = WidgetBackground;
				CLANG_CXX_LANGUAGE_STANDARD = "gnu++20";
				CODE_SIGN_STYLE = Automatic;
				CURRENT_PROJECT_VERSION = 1;
				GCC_C_LANGUAGE_STANDARD = gnu17;
				GENERATE_INFOPLIST_FILE = YES;
				INFOPLIST_FILE = TimeDrawWidget/Info.plist;
				INFOPLIST_KEY_CFBundleDisplayName = TimeDrawWidget;
				INFOPLIST_KEY_NSHumanReadableCopyright = "";
				IPHONEOS_DEPLOYMENT_TARGET = 18.5;
				LD_RUNPATH_SEARCH_PATHS = (
					"$(inherited)",
					"@executable_path/Frameworks",
					"@executable_path/../../Frameworks",
				);
				LOCALIZATION_PREFERS_STRING_CATALOGS = YES;
				MARKETING_VERSION = 1.0;
				PRODUCT_BUNDLE_IDENTIFIER = com.michaelrobertellis.TimeDraw.TimeDrawWidget;
				PRODUCT_NAME = "$(TARGET_NAME)";
				SDKROOT = iphoneos;
				SKIP_INSTALL = YES;
				SWIFT_ACTIVE_COMPILATION_CONDITIONS = "DEBUG $(inherited)";
				SWIFT_EMIT_LOC_STRINGS = YES;
				SWIFT_VERSION = 5.0;
				TARGETED_DEVICE_FAMILY = "1,2";
			};
			name = Debug;
		};
		2F7A0BE12E35C5F200B69C71 /* Release */ = {
			isa = XCBuildConfiguration;
			buildSettings = {
				ASSETCATALOG_COMPILER_GLOBAL_ACCENT_COLOR_NAME = AccentColor;
				ASSETCATALOG_COMPILER_WIDGET_BACKGROUND_COLOR_NAME = WidgetBackground;
				CLANG_CXX_LANGUAGE_STANDARD = "gnu++20";
				CODE_SIGN_STYLE = Automatic;
				CURRENT_PROJECT_VERSION = 1;
				GCC_C_LANGUAGE_STANDARD = gnu17;
				GENERATE_INFOPLIST_FILE = YES;
				INFOPLIST_FILE = TimeDrawWidget/Info.plist;
				INFOPLIST_KEY_CFBundleDisplayName = TimeDrawWidget;
				INFOPLIST_KEY_NSHumanReadableCopyright = "";
				IPHONEOS_DEPLOYMENT_TARGET = 18.5;
				LD_RUNPATH_SEARCH_PATHS = (
					"$(inherited)",
					"@executable_path/Frameworks",
					"@executable_path/../../Frameworks",
				);
				LOCALIZATION_PREFERS_STRING_CATALOGS = YES;
				MARKETING_VERSION = 1.0;
				PRODUCT_BUNDLE_IDENTIFIER = com.michaelrobertellis.TimeDraw.TimeDrawWidget;
				PRODUCT_NAME = "$(TARGET_NAME)";
				SDKROOT = iphoneos;
				SKIP_INSTALL = YES;
				SWIFT_EMIT_LOC_STRINGS = YES;
				SWIFT_VERSION = 5.0;
				TARGETED_DEVICE_FAMILY = "1,2";
				VALIDATE_PRODUCT = YES;
			};
			name = Release;
		};
		2FD407B3284FBB700022FC49 /* Debug */ = {
			isa = XCBuildConfiguration;
			buildSettings = {
				ASSETCATALOG_COMPILER_APPICON_NAME = AppIcon;
				ASSETCATALOG_COMPILER_COMPLICATION_NAME = Complication;
				ASSETCATALOG_COMPILER_GLOBAL_ACCENT_COLOR_NAME = AccentColor;
				CODE_SIGN_IDENTITY = "Apple Development";
				CODE_SIGN_STYLE = Automatic;
				CURRENT_PROJECT_VERSION = 20;
				GENERATE_INFOPLIST_FILE = YES;
				INFOPLIST_FILE = "WatchFace-App-Info.plist";
				INFOPLIST_KEY_CFBundleDisplayName = WatchFace;
				INFOPLIST_KEY_CLKComplicationPrincipalClass = WatchFace_WatchKit_Extension.ComplicationController;
				INFOPLIST_KEY_NSCalendarsUsageDescription = "Time Draw can create and display Calendar Events";
				INFOPLIST_KEY_NSHumanReadableCopyright = "";
				INFOPLIST_KEY_NSRemindersUsageDescription = "Time Draw can create and display your Reminders";
				INFOPLIST_KEY_UISupportedInterfaceOrientations = "UIInterfaceOrientationPortrait UIInterfaceOrientationPortraitUpsideDown";
				INFOPLIST_KEY_WKCompanionAppBundleIdentifier = com.michaelrobertellis.TimeDraw;
				LD_RUNPATH_SEARCH_PATHS = (
					"@executable_path/Frameworks",
					"@executable_path/../../Frameworks",
				);
				MARKETING_VERSION = 0.6.2;
				PRODUCT_BUNDLE_IDENTIFIER = com.michaelrobertellis.TimeDraw.watchkitapp;
				PRODUCT_NAME = "$(TARGET_NAME)";
				PROVISIONING_PROFILE_SPECIFIER = "";
				SDKROOT = watchos;
				SKIP_INSTALL = YES;
				SWIFT_EMIT_LOC_STRINGS = YES;
				SWIFT_VERSION = 5.0;
				TARGETED_DEVICE_FAMILY = 4;
				WATCHOS_DEPLOYMENT_TARGET = 10.6;
			};
			name = Debug;
		};
		2FD407B4284FBB700022FC49 /* Release */ = {
			isa = XCBuildConfiguration;
			buildSettings = {
				ASSETCATALOG_COMPILER_APPICON_NAME = AppIcon;
				ASSETCATALOG_COMPILER_COMPLICATION_NAME = Complication;
				ASSETCATALOG_COMPILER_GLOBAL_ACCENT_COLOR_NAME = AccentColor;
				CODE_SIGN_IDENTITY = "Apple Development";
				CODE_SIGN_STYLE = Automatic;
				CURRENT_PROJECT_VERSION = 20;
				GENERATE_INFOPLIST_FILE = YES;
				INFOPLIST_FILE = "WatchFace-App-Info.plist";
				INFOPLIST_KEY_CFBundleDisplayName = WatchFace;
				INFOPLIST_KEY_CLKComplicationPrincipalClass = WatchFace_WatchKit_Extension.ComplicationController;
				INFOPLIST_KEY_NSCalendarsUsageDescription = "Time Draw can create and display Calendar Events";
				INFOPLIST_KEY_NSHumanReadableCopyright = "";
				INFOPLIST_KEY_NSRemindersUsageDescription = "Time Draw can create and display your Reminders";
				INFOPLIST_KEY_UISupportedInterfaceOrientations = "UIInterfaceOrientationPortrait UIInterfaceOrientationPortraitUpsideDown";
				INFOPLIST_KEY_WKCompanionAppBundleIdentifier = com.michaelrobertellis.TimeDraw;
				LD_RUNPATH_SEARCH_PATHS = (
					"@executable_path/Frameworks",
					"@executable_path/../../Frameworks",
				);
				MARKETING_VERSION = 0.6.2;
				PRODUCT_BUNDLE_IDENTIFIER = com.michaelrobertellis.TimeDraw.watchkitapp;
				PRODUCT_NAME = "$(TARGET_NAME)";
				PROVISIONING_PROFILE_SPECIFIER = "";
				SDKROOT = watchos;
				SKIP_INSTALL = YES;
				SWIFT_EMIT_LOC_STRINGS = YES;
				SWIFT_VERSION = 5.0;
				TARGETED_DEVICE_FAMILY = 4;
				VALIDATE_PRODUCT = YES;
				WATCHOS_DEPLOYMENT_TARGET = 10.6;
			};
			name = Release;
		};
		2FD407B8284FBB700022FC49 /* Debug */ = {
			isa = XCBuildConfiguration;
			buildSettings = {
				BUNDLE_LOADER = "$(TEST_HOST)";
				CODE_SIGN_STYLE = Automatic;
				CURRENT_PROJECT_VERSION = 13;
				GENERATE_INFOPLIST_FILE = YES;
				MARKETING_VERSION = 1.0;
				PRODUCT_BUNDLE_IDENTIFIER = com.michaelrobertellis.TimeDraw.WatchFaceTests;
				PRODUCT_NAME = "$(TARGET_NAME)";
				SDKROOT = watchos;
				SWIFT_EMIT_LOC_STRINGS = NO;
				SWIFT_VERSION = 5.0;
				TARGETED_DEVICE_FAMILY = 4;
				TEST_HOST = "$(BUILT_PRODUCTS_DIR)/WatchFace WatchKit Extension.appex/WatchFace WatchKit Extension";
				WATCHOS_DEPLOYMENT_TARGET = 8.3;
			};
			name = Debug;
		};
		2FD407B9284FBB700022FC49 /* Release */ = {
			isa = XCBuildConfiguration;
			buildSettings = {
				BUNDLE_LOADER = "$(TEST_HOST)";
				CODE_SIGN_STYLE = Automatic;
				CURRENT_PROJECT_VERSION = 13;
				GENERATE_INFOPLIST_FILE = YES;
				MARKETING_VERSION = 1.0;
				PRODUCT_BUNDLE_IDENTIFIER = com.michaelrobertellis.TimeDraw.WatchFaceTests;
				PRODUCT_NAME = "$(TARGET_NAME)";
				SDKROOT = watchos;
				SWIFT_EMIT_LOC_STRINGS = NO;
				SWIFT_VERSION = 5.0;
				TARGETED_DEVICE_FAMILY = 4;
				TEST_HOST = "$(BUILT_PRODUCTS_DIR)/WatchFace WatchKit Extension.appex/WatchFace WatchKit Extension";
				VALIDATE_PRODUCT = YES;
				WATCHOS_DEPLOYMENT_TARGET = 8.3;
			};
			name = Release;
		};
/* End XCBuildConfiguration section */

/* Begin XCConfigurationList section */
		2F39B83F27823CF600FE72C3 /* Build configuration list for PBXProject "TimeDraw" */ = {
			isa = XCConfigurationList;
			buildConfigurations = (
				2F39B87627823CF700FE72C3 /* Debug */,
				2F39B87727823CF700FE72C3 /* Release */,
			);
			defaultConfigurationIsVisible = 0;
			defaultConfigurationName = Release;
		};
		2F39B87827823CF700FE72C3 /* Build configuration list for PBXNativeTarget "TimeDraw (iOS)" */ = {
			isa = XCConfigurationList;
			buildConfigurations = (
				2F39B87927823CF700FE72C3 /* Debug */,
				2F39B87A27823CF700FE72C3 /* Release */,
			);
			defaultConfigurationIsVisible = 0;
			defaultConfigurationName = Release;
		};
		2F39B87E27823CF700FE72C3 /* Build configuration list for PBXNativeTarget "Tests iOS" */ = {
			isa = XCConfigurationList;
			buildConfigurations = (
				2F39B87F27823CF700FE72C3 /* Debug */,
				2F39B88027823CF700FE72C3 /* Release */,
			);
			defaultConfigurationIsVisible = 0;
			defaultConfigurationName = Release;
		};
		2F7A0BDF2E35C5F200B69C71 /* Build configuration list for PBXNativeTarget "TimeDrawWidgetExtension" */ = {
			isa = XCConfigurationList;
			buildConfigurations = (
				2F7A0BE02E35C5F200B69C71 /* Debug */,
				2F7A0BE12E35C5F200B69C71 /* Release */,
			);
			defaultConfigurationIsVisible = 0;
			defaultConfigurationName = Release;
		};
		2FD407BD284FBB700022FC49 /* Build configuration list for PBXNativeTarget "WatchFace App" */ = {
			isa = XCConfigurationList;
			buildConfigurations = (
				2FD407B3284FBB700022FC49 /* Debug */,
				2FD407B4284FBB700022FC49 /* Release */,
			);
			defaultConfigurationIsVisible = 0;
			defaultConfigurationName = Release;
		};
		2FD407BE284FBB700022FC49 /* Build configuration list for PBXNativeTarget "WatchFaceTests" */ = {
			isa = XCConfigurationList;
			buildConfigurations = (
				2FD407B8284FBB700022FC49 /* Debug */,
				2FD407B9284FBB700022FC49 /* Release */,
			);
			defaultConfigurationIsVisible = 0;
			defaultConfigurationName = Release;
		};
/* End XCConfigurationList section */

/* Begin XCRemoteSwiftPackageReference section */
		2F471C3F2E27403D00D37709 /* XCRemoteSwiftPackageReference "swift-dependencies" */ = {
			isa = XCRemoteSwiftPackageReference;
			repositoryURL = "https://github.com/pointfreeco/swift-dependencies";
			requirement = {
				kind = upToNextMajorVersion;
				minimumVersion = 1.9.2;
			};
		};
		2FDFFFCC2E2298F800B9D266 /* XCRemoteSwiftPackageReference "ToastWindow" */ = {
			isa = XCRemoteSwiftPackageReference;
			repositoryURL = "https://github.com/michael94ellis/ToastWindow";
			requirement = {
				kind = upToNextMajorVersion;
				minimumVersion = 1.0.1;
			};
		};
/* End XCRemoteSwiftPackageReference section */

/* Begin XCSwiftPackageProductDependency section */
		2F471C402E27403D00D37709 /* Dependencies */ = {
			isa = XCSwiftPackageProductDependency;
			package = 2F471C3F2E27403D00D37709 /* XCRemoteSwiftPackageReference "swift-dependencies" */;
			productName = Dependencies;
		};
		2F471C422E27420D00D37709 /* Dependencies */ = {
			isa = XCSwiftPackageProductDependency;
			package = 2F471C3F2E27403D00D37709 /* XCRemoteSwiftPackageReference "swift-dependencies" */;
			productName = Dependencies;
		};
		2F7A0BC62E35C2EA00B69C71 /* ToastWindow */ = {
			isa = XCSwiftPackageProductDependency;
			package = 2FDFFFCC2E2298F800B9D266 /* XCRemoteSwiftPackageReference "ToastWindow" */;
			productName = ToastWindow;
		};
		2F7A0BFD2E35C8EF00B69C71 /* Dependencies */ = {
			isa = XCSwiftPackageProductDependency;
			package = 2F471C3F2E27403D00D37709 /* XCRemoteSwiftPackageReference "swift-dependencies" */;
			productName = Dependencies;
		};
		2F7A0BFF2E35C90600B69C71 /* ToastWindow */ = {
			isa = XCSwiftPackageProductDependency;
			package = 2FDFFFCC2E2298F800B9D266 /* XCRemoteSwiftPackageReference "ToastWindow" */;
			productName = ToastWindow;
		};
/* End XCSwiftPackageProductDependency section */
	};
	rootObject = 2F39B83C27823CF600FE72C3 /* Project object */;
}
